// !$*UTF8*$!
{
	archiveVersion = 1;
	classes = {
	};
	objectVersion = 55;
	objects = {

/* Begin PBXBuildFile section */
		BD38CAE828AB1C5D006CB0FB /* SeSACUIFramework.docc in Sources */ = {isa = PBXBuildFile; fileRef = BD38CAE728AB1C5D006CB0FB /* SeSACUIFramework.docc */; };
		BD38CAEE28AB1C5D006CB0FB /* SeSACUIFramework.framework in Frameworks */ = {isa = PBXBuildFile; fileRef = BD38CAE328AB1C5D006CB0FB /* SeSACUIFramework.framework */; };
		BD38CAF328AB1C5D006CB0FB /* SeSACUIFrameworkTests.swift in Sources */ = {isa = PBXBuildFile; fileRef = BD38CAF228AB1C5D006CB0FB /* SeSACUIFrameworkTests.swift */; };
		BD38CAF428AB1C5D006CB0FB /* SeSACUIFramework.h in Headers */ = {isa = PBXBuildFile; fileRef = BD38CAE628AB1C5D006CB0FB /* SeSACUIFramework.h */; settings = {ATTRIBUTES = (Public, ); }; };
		BD38CAFE28AB1C6A006CB0FB /* SeSACAlert.swift in Sources */ = {isa = PBXBuildFile; fileRef = BD38CAFD28AB1C6A006CB0FB /* SeSACAlert.swift */; };
		BD38CB4228AB2862006CB0FB /* SeSACReusableViewProtocol.swift in Sources */ = {isa = PBXBuildFile; fileRef = BD38CB4128AB2862006CB0FB /* SeSACReusableViewProtocol.swift */; };
		BD38CB4428AB2933006CB0FB /* SeSACActivityViewController.swift in Sources */ = {isa = PBXBuildFile; fileRef = BD38CB4328AB2933006CB0FB /* SeSACActivityViewController.swift */; };
		BD38CB4628AB2A25006CB0FB /* SeSACWebView.swift in Sources */ = {isa = PBXBuildFile; fileRef = BD38CB4528AB2A25006CB0FB /* SeSACWebView.swift */; };
/* End PBXBuildFile section */

/* Begin PBXContainerItemProxy section */
		BD38CAEF28AB1C5D006CB0FB /* PBXContainerItemProxy */ = {
			isa = PBXContainerItemProxy;
			containerPortal = BD38CADA28AB1C5D006CB0FB /* Project object */;
			proxyType = 1;
			remoteGlobalIDString = BD38CAE228AB1C5D006CB0FB;
			remoteInfo = SeSACUIFramework;
		};
/* End PBXContainerItemProxy section */

/* Begin PBXFileReference section */
		BD38CAE328AB1C5D006CB0FB /* SeSACUIFramework.framework */ = {isa = PBXFileReference; explicitFileType = wrapper.framework; includeInIndex = 0; path = SeSACUIFramework.framework; sourceTree = BUILT_PRODUCTS_DIR; };
		BD38CAE628AB1C5D006CB0FB /* SeSACUIFramework.h */ = {isa = PBXFileReference; lastKnownFileType = sourcecode.c.h; path = SeSACUIFramework.h; sourceTree = "<group>"; };
		BD38CAE728AB1C5D006CB0FB /* SeSACUIFramework.docc */ = {isa = PBXFileReference; lastKnownFileType = folder.documentationcatalog; path = SeSACUIFramework.docc; sourceTree = "<group>"; };
		BD38CAED28AB1C5D006CB0FB /* SeSACUIFrameworkTests.xctest */ = {isa = PBXFileReference; explicitFileType = wrapper.cfbundle; includeInIndex = 0; path = SeSACUIFrameworkTests.xctest; sourceTree = BUILT_PRODUCTS_DIR; };
		BD38CAF228AB1C5D006CB0FB /* SeSACUIFrameworkTests.swift */ = {isa = PBXFileReference; lastKnownFileType = sourcecode.swift; path = SeSACUIFrameworkTests.swift; sourceTree = "<group>"; };
		BD38CAFD28AB1C6A006CB0FB /* SeSACAlert.swift */ = {isa = PBXFileReference; lastKnownFileType = sourcecode.swift; path = SeSACAlert.swift; sourceTree = "<group>"; };
		BD38CB4128AB2862006CB0FB /* SeSACReusableViewProtocol.swift */ = {isa = PBXFileReference; lastKnownFileType = sourcecode.swift; path = SeSACReusableViewProtocol.swift; sourceTree = "<group>"; };
		BD38CB4328AB2933006CB0FB /* SeSACActivityViewController.swift */ = {isa = PBXFileReference; lastKnownFileType = sourcecode.swift; path = SeSACActivityViewController.swift; sourceTree = "<group>"; };
		BD38CB4528AB2A25006CB0FB /* SeSACWebView.swift */ = {isa = PBXFileReference; lastKnownFileType = sourcecode.swift; path = SeSACWebView.swift; sourceTree = "<group>"; };
/* End PBXFileReference section */

/* Begin PBXFrameworksBuildPhase section */
		BD38CAE028AB1C5D006CB0FB /* Frameworks */ = {
			isa = PBXFrameworksBuildPhase;
			buildActionMask = 2147483647;
			files = (
			);
			runOnlyForDeploymentPostprocessing = 0;
		};
		BD38CAEA28AB1C5D006CB0FB /* Frameworks */ = {
			isa = PBXFrameworksBuildPhase;
			buildActionMask = 2147483647;
			files = (
				BD38CAEE28AB1C5D006CB0FB /* SeSACUIFramework.framework in Frameworks */,
			);
			runOnlyForDeploymentPostprocessing = 0;
		};
/* End PBXFrameworksBuildPhase section */

/* Begin PBXGroup section */
		BD38CAD928AB1C5D006CB0FB = {
			isa = PBXGroup;
			children = (
				BD38CAE528AB1C5D006CB0FB /* SeSACUIFramework */,
				BD38CAF128AB1C5D006CB0FB /* SeSACUIFrameworkTests */,
				BD38CAE428AB1C5D006CB0FB /* Products */,
			);
			sourceTree = "<group>";
		};
		BD38CAE428AB1C5D006CB0FB /* Products */ = {
			isa = PBXGroup;
			children = (
				BD38CAE328AB1C5D006CB0FB /* SeSACUIFramework.framework */,
				BD38CAED28AB1C5D006CB0FB /* SeSACUIFrameworkTests.xctest */,
			);
			name = Products;
			sourceTree = "<group>";
		};
		BD38CAE528AB1C5D006CB0FB /* SeSACUIFramework */ = {
			isa = PBXGroup;
			children = (
				BD38CAE628AB1C5D006CB0FB /* SeSACUIFramework.h */,
				BD38CAE728AB1C5D006CB0FB /* SeSACUIFramework.docc */,
				BD38CAFD28AB1C6A006CB0FB /* SeSACAlert.swift */,
				BD38CB4128AB2862006CB0FB /* SeSACReusableViewProtocol.swift */,
				BD38CB4328AB2933006CB0FB /* SeSACActivityViewController.swift */,
				BD38CB4528AB2A25006CB0FB /* SeSACWebView.swift */,
			);
			path = SeSACUIFramework;
			sourceTree = "<group>";
		};
		BD38CAF128AB1C5D006CB0FB /* SeSACUIFrameworkTests */ = {
			isa = PBXGroup;
			children = (
				BD38CAF228AB1C5D006CB0FB /* SeSACUIFrameworkTests.swift */,
			);
			path = SeSACUIFrameworkTests;
			sourceTree = "<group>";
		};
/* End PBXGroup section */

/* Begin PBXHeadersBuildPhase section */
		BD38CADE28AB1C5D006CB0FB /* Headers */ = {
			isa = PBXHeadersBuildPhase;
			buildActionMask = 2147483647;
			files = (
				BD38CAF428AB1C5D006CB0FB /* SeSACUIFramework.h in Headers */,
			);
			runOnlyForDeploymentPostprocessing = 0;
		};
/* End PBXHeadersBuildPhase section */

/* Begin PBXNativeTarget section */
		BD38CAE228AB1C5D006CB0FB /* SeSACUIFramework */ = {
			isa = PBXNativeTarget;
			buildConfigurationList = BD38CAF728AB1C5D006CB0FB /* Build configuration list for PBXNativeTarget "SeSACUIFramework" */;
			buildPhases = (
				BD38CADE28AB1C5D006CB0FB /* Headers */,
				BD38CADF28AB1C5D006CB0FB /* Sources */,
				BD38CAE028AB1C5D006CB0FB /* Frameworks */,
				BD38CAE128AB1C5D006CB0FB /* Resources */,
			);
			buildRules = (
			);
			dependencies = (
			);
			name = SeSACUIFramework;
			productName = SeSACUIFramework;
			productReference = BD38CAE328AB1C5D006CB0FB /* SeSACUIFramework.framework */;
			productType = "com.apple.product-type.framework";
		};
		BD38CAEC28AB1C5D006CB0FB /* SeSACUIFrameworkTests */ = {
			isa = PBXNativeTarget;
			buildConfigurationList = BD38CAFA28AB1C5D006CB0FB /* Build configuration list for PBXNativeTarget "SeSACUIFrameworkTests" */;
			buildPhases = (
				BD38CAE928AB1C5D006CB0FB /* Sources */,
				BD38CAEA28AB1C5D006CB0FB /* Frameworks */,
				BD38CAEB28AB1C5D006CB0FB /* Resources */,
			);
			buildRules = (
			);
			dependencies = (
				BD38CAF028AB1C5D006CB0FB /* PBXTargetDependency */,
			);
			name = SeSACUIFrameworkTests;
			productName = SeSACUIFrameworkTests;
			productReference = BD38CAED28AB1C5D006CB0FB /* SeSACUIFrameworkTests.xctest */;
			productType = "com.apple.product-type.bundle.unit-test";
		};
/* End PBXNativeTarget section */

/* Begin PBXProject section */
		BD38CADA28AB1C5D006CB0FB /* Project object */ = {
			isa = PBXProject;
			attributes = {
				BuildIndependentTargetsInParallel = 1;
				LastSwiftUpdateCheck = 1340;
				LastUpgradeCheck = 1340;
				TargetAttributes = {
					BD38CAE228AB1C5D006CB0FB = {
						CreatedOnToolsVersion = 13.4.1;
					};
					BD38CAEC28AB1C5D006CB0FB = {
						CreatedOnToolsVersion = 13.4.1;
					};
				};
			};
			buildConfigurationList = BD38CADD28AB1C5D006CB0FB /* Build configuration list for PBXProject "SeSACUIFramework" */;
			compatibilityVersion = "Xcode 13.0";
			developmentRegion = en;
			hasScannedForEncodings = 0;
			knownRegions = (
				en,
				Base,
			);
			mainGroup = BD38CAD928AB1C5D006CB0FB;
			productRefGroup = BD38CAE428AB1C5D006CB0FB /* Products */;
			projectDirPath = "";
			projectRoot = "";
			targets = (
				BD38CAE228AB1C5D006CB0FB /* SeSACUIFramework */,
				BD38CAEC28AB1C5D006CB0FB /* SeSACUIFrameworkTests */,
			);
		};
/* End PBXProject section */

/* Begin PBXResourcesBuildPhase section */
		BD38CAE128AB1C5D006CB0FB /* Resources */ = {
			isa = PBXResourcesBuildPhase;
			buildActionMask = 2147483647;
			files = (
			);
			runOnlyForDeploymentPostprocessing = 0;
		};
		BD38CAEB28AB1C5D006CB0FB /* Resources */ = {
			isa = PBXResourcesBuildPhase;
			buildActionMask = 2147483647;
			files = (
			);
			runOnlyForDeploymentPostprocessing = 0;
		};
/* End PBXResourcesBuildPhase section */

/* Begin PBXSourcesBuildPhase section */
		BD38CADF28AB1C5D006CB0FB /* Sources */ = {
			isa = PBXSourcesBuildPhase;
			buildActionMask = 2147483647;
			files = (
				BD38CB4228AB2862006CB0FB /* SeSACReusableViewProtocol.swift in Sources */,
				BD38CB4428AB2933006CB0FB /* SeSACActivityViewController.swift in Sources */,
				BD38CAFE28AB1C6A006CB0FB /* SeSACAlert.swift in Sources */,
				BD38CB4628AB2A25006CB0FB /* SeSACWebView.swift in Sources */,
				BD38CAE828AB1C5D006CB0FB /* SeSACUIFramework.docc in Sources */,
			);
			runOnlyForDeploymentPostprocessing = 0;
		};
		BD38CAE928AB1C5D006CB0FB /* Sources */ = {
			isa = PBXSourcesBuildPhase;
			buildActionMask = 2147483647;
			files = (
				BD38CAF328AB1C5D006CB0FB /* SeSACUIFrameworkTests.swift in Sources */,
			);
			runOnlyForDeploymentPostprocessing = 0;
		};
/* End PBXSourcesBuildPhase section */

/* Begin PBXTargetDependency section */
		BD38CAF028AB1C5D006CB0FB /* PBXTargetDependency */ = {
			isa = PBXTargetDependency;
			target = BD38CAE228AB1C5D006CB0FB /* SeSACUIFramework */;
			targetProxy = BD38CAEF28AB1C5D006CB0FB /* PBXContainerItemProxy */;
		};
/* End PBXTargetDependency section */

/* Begin XCBuildConfiguration section */
		BD38CAF528AB1C5D006CB0FB /* Debug */ = {
			isa = XCBuildConfiguration;
			buildSettings = {
				ALWAYS_SEARCH_USER_PATHS = NO;
				CLANG_ANALYZER_NONNULL = YES;
				CLANG_ANALYZER_NUMBER_OBJECT_CONVERSION = YES_AGGRESSIVE;
				CLANG_CXX_LANGUAGE_STANDARD = "gnu++17";
				CLANG_ENABLE_MODULES = YES;
				CLANG_ENABLE_OBJC_ARC = YES;
				CLANG_ENABLE_OBJC_WEAK = YES;
				CLANG_WARN_BLOCK_CAPTURE_AUTORELEASING = YES;
				CLANG_WARN_BOOL_CONVERSION = YES;
				CLANG_WARN_COMMA = YES;
				CLANG_WARN_CONSTANT_CONVERSION = YES;
				CLANG_WARN_DEPRECATED_OBJC_IMPLEMENTATIONS = YES;
				CLANG_WARN_DIRECT_OBJC_ISA_USAGE = YES_ERROR;
				CLANG_WARN_DOCUMENTATION_COMMENTS = YES;
				CLANG_WARN_EMPTY_BODY = YES;
				CLANG_WARN_ENUM_CONVERSION = YES;
				CLANG_WARN_INFINITE_RECURSION = YES;
				CLANG_WARN_INT_CONVERSION = YES;
				CLANG_WARN_NON_LITERAL_NULL_CONVERSION = YES;
				CLANG_WARN_OBJC_IMPLICIT_RETAIN_SELF = YES;
				CLANG_WARN_OBJC_LITERAL_CONVERSION = YES;
				CLANG_WARN_OBJC_ROOT_CLASS = YES_ERROR;
				CLANG_WARN_QUOTED_INCLUDE_IN_FRAMEWORK_HEADER = YES;
				CLANG_WARN_RANGE_LOOP_ANALYSIS = YES;
				CLANG_WARN_STRICT_PROTOTYPES = YES;
				CLANG_WARN_SUSPICIOUS_MOVE = YES;
				CLANG_WARN_UNGUARDED_AVAILABILITY = YES_AGGRESSIVE;
				CLANG_WARN_UNREACHABLE_CODE = YES;
				CLANG_WARN__DUPLICATE_METHOD_MATCH = YES;
				COPY_PHASE_STRIP = NO;
				CURRENT_PROJECT_VERSION = 1;
				DEBUG_INFORMATION_FORMAT = dwarf;
				ENABLE_STRICT_OBJC_MSGSEND = YES;
				ENABLE_TESTABILITY = YES;
				GCC_C_LANGUAGE_STANDARD = gnu11;
				GCC_DYNAMIC_NO_PIC = NO;
				GCC_NO_COMMON_BLOCKS = YES;
				GCC_OPTIMIZATION_LEVEL = 0;
				GCC_PREPROCESSOR_DEFINITIONS = (
					"DEBUG=1",
					"$(inherited)",
				);
				GCC_WARN_64_TO_32_BIT_CONVERSION = YES;
				GCC_WARN_ABOUT_RETURN_TYPE = YES_ERROR;
				GCC_WARN_UNDECLARED_SELECTOR = YES;
				GCC_WARN_UNINITIALIZED_AUTOS = YES_AGGRESSIVE;
				GCC_WARN_UNUSED_FUNCTION = YES;
				GCC_WARN_UNUSED_VARIABLE = YES;
				IPHONEOS_DEPLOYMENT_TARGET = 15.5;
				MTL_ENABLE_DEBUG_INFO = INCLUDE_SOURCE;
				MTL_FAST_MATH = YES;
				ONLY_ACTIVE_ARCH = YES;
				SDKROOT = iphoneos;
				SWIFT_ACTIVE_COMPILATION_CONDITIONS = DEBUG;
				SWIFT_OPTIMIZATION_LEVEL = "-Onone";
				VERSIONING_SYSTEM = "apple-generic";
				VERSION_INFO_PREFIX = "";
			};
			name = Debug;
		};
		BD38CAF628AB1C5D006CB0FB /* Release */ = {
			isa = XCBuildConfiguration;
			buildSettings = {
				ALWAYS_SEARCH_USER_PATHS = NO;
				CLANG_ANALYZER_NONNULL = YES;
				CLANG_ANALYZER_NUMBER_OBJECT_CONVERSION = YES_AGGRESSIVE;
				CLANG_CXX_LANGUAGE_STANDARD = "gnu++17";
				CLANG_ENABLE_MODULES = YES;
				CLANG_ENABLE_OBJC_ARC = YES;
				CLANG_ENABLE_OBJC_WEAK = YES;
				CLANG_WARN_BLOCK_CAPTURE_AUTORELEASING = YES;
				CLANG_WARN_BOOL_CONVERSION = YES;
				CLANG_WARN_COMMA = YES;
				CLANG_WARN_CONSTANT_CONVERSION = YES;
				CLANG_WARN_DEPRECATED_OBJC_IMPLEMENTATIONS = YES;
				CLANG_WARN_DIRECT_OBJC_ISA_USAGE = YES_ERROR;
				CLANG_WARN_DOCUMENTATION_COMMENTS = YES;
				CLANG_WARN_EMPTY_BODY = YES;
				CLANG_WARN_ENUM_CONVERSION = YES;
				CLANG_WARN_INFINITE_RECURSION = YES;
				CLANG_WARN_INT_CONVERSION = YES;
				CLANG_WARN_NON_LITERAL_NULL_CONVERSION = YES;
				CLANG_WARN_OBJC_IMPLICIT_RETAIN_SELF = YES;
				CLANG_WARN_OBJC_LITERAL_CONVERSION = YES;
				CLANG_WARN_OBJC_ROOT_CLASS = YES_ERROR;
				CLANG_WARN_QUOTED_INCLUDE_IN_FRAMEWORK_HEADER = YES;
				CLANG_WARN_RANGE_LOOP_ANALYSIS = YES;
				CLANG_WARN_STRICT_PROTOTYPES = YES;
				CLANG_WARN_SUSPICIOUS_MOVE = YES;
				CLANG_WARN_UNGUARDED_AVAILABILITY = YES_AGGRESSIVE;
				CLANG_WARN_UNREACHABLE_CODE = YES;
				CLANG_WARN__DUPLICATE_METHOD_MATCH = YES;
				COPY_PHASE_STRIP = NO;
				CURRENT_PROJECT_VERSION = 1;
				DEBUG_INFORMATION_FORMAT = "dwarf-with-dsym";
				ENABLE_NS_ASSERTIONS = NO;
				ENABLE_STRICT_OBJC_MSGSEND = YES;
				GCC_C_LANGUAGE_STANDARD = gnu11;
				GCC_NO_COMMON_BLOCKS = YES;
				GCC_WARN_64_TO_32_BIT_CONVERSION = YES;
				GCC_WARN_ABOUT_RETURN_TYPE = YES_ERROR;
				GCC_WARN_UNDECLARED_SELECTOR = YES;
				GCC_WARN_UNINITIALIZED_AUTOS = YES_AGGRESSIVE;
				GCC_WARN_UNUSED_FUNCTION = YES;
				GCC_WARN_UNUSED_VARIABLE = YES;
				IPHONEOS_DEPLOYMENT_TARGET = 15.5;
				MTL_ENABLE_DEBUG_INFO = NO;
				MTL_FAST_MATH = YES;
				SDKROOT = iphoneos;
				SWIFT_COMPILATION_MODE = wholemodule;
				SWIFT_OPTIMIZATION_LEVEL = "-O";
				VALIDATE_PRODUCT = YES;
				VERSIONING_SYSTEM = "apple-generic";
				VERSION_INFO_PREFIX = "";
			};
			name = Release;
		};
		BD38CAF828AB1C5D006CB0FB /* Debug */ = {
			isa = XCBuildConfiguration;
			buildSettings = {
				CODE_SIGN_STYLE = Automatic;
				CURRENT_PROJECT_VERSION = 1;
				DEFINES_MODULE = YES;
				DEVELOPMENT_TEAM = W7P3R7ZL78;
				DYLIB_COMPATIBILITY_VERSION = 1;
				DYLIB_CURRENT_VERSION = 1;
				DYLIB_INSTALL_NAME_BASE = "@rpath";
				GENERATE_INFOPLIST_FILE = YES;
				INFOPLIST_KEY_NSHumanReadableCopyright = "";
				INSTALL_PATH = "$(LOCAL_LIBRARY_DIR)/Frameworks";
				LD_RUNPATH_SEARCH_PATHS = (
					"$(inherited)",
					"@executable_path/Frameworks",
					"@loader_path/Frameworks",
				);
				MARKETING_VERSION = 1.0;
				PRODUCT_BUNDLE_IDENTIFIER = com.taekki.SeSACUIFramework;
				PRODUCT_NAME = "$(TARGET_NAME:c99extidentifier)";
				SKIP_INSTALL = YES;
				SWIFT_EMIT_LOC_STRINGS = YES;
				SWIFT_VERSION = 5.0;
				TARGETED_DEVICE_FAMILY = "1,2";
			};
			name = Debug;
		};
		BD38CAF928AB1C5D006CB0FB /* Release */ = {
			isa = XCBuildConfiguration;
			buildSettings = {
				CODE_SIGN_STYLE = Automatic;
				CURRENT_PROJECT_VERSION = 1;
				DEFINES_MODULE = YES;
				DEVELOPMENT_TEAM = W7P3R7ZL78;
				DYLIB_COMPATIBILITY_VERSION = 1;
				DYLIB_CURRENT_VERSION = 1;
				DYLIB_INSTALL_NAME_BASE = "@rpath";
				GENERATE_INFOPLIST_FILE = YES;
				INFOPLIST_KEY_NSHumanReadableCopyright = "";
				INSTALL_PATH = "$(LOCAL_LIBRARY_DIR)/Frameworks";
				LD_RUNPATH_SEARCH_PATHS = (
					"$(inherited)",
					"@executable_path/Frameworks",
					"@loader_path/Frameworks",
				);
				MARKETING_VERSION = 1.0;
				PRODUCT_BUNDLE_IDENTIFIER = com.taekki.SeSACUIFramework;
				PRODUCT_NAME = "$(TARGET_NAME:c99extidentifier)";
				SKIP_INSTALL = YES;
				SWIFT_EMIT_LOC_STRINGS = YES;
				SWIFT_VERSION = 5.0;
				TARGETED_DEVICE_FAMILY = "1,2";
			};
			name = Release;
		};
		BD38CAFB28AB1C5D006CB0FB /* Debug */ = {
			isa = XCBuildConfiguration;
			buildSettings = {
				ALWAYS_EMBED_SWIFT_STANDARD_LIBRARIES = YES;
				CODE_SIGN_STYLE = Automatic;
				CURRENT_PROJECT_VERSION = 1;
				DEVELOPMENT_TEAM = W7P3R7ZL78;
				GENERATE_INFOPLIST_FILE = YES;
				MARKETING_VERSION = 1.0;
				PRODUCT_BUNDLE_IDENTIFIER = com.taekki.SeSACUIFrameworkTests;
				PRODUCT_NAME = "$(TARGET_NAME)";
				SWIFT_EMIT_LOC_STRINGS = NO;
				SWIFT_VERSION = 5.0;
				TARGETED_DEVICE_FAMILY = "1,2";
			};
			name = Debug;
		};
		BD38CAFC28AB1C5D006CB0FB /* Release */ = {
			isa = XCBuildConfiguration;
			buildSettings = {
				ALWAYS_EMBED_SWIFT_STANDARD_LIBRARIES = YES;
				CODE_SIGN_STYLE = Automatic;
				CURRENT_PROJECT_VERSION = 1;
				DEVELOPMENT_TEAM = W7P3R7ZL78;
				GENERATE_INFOPLIST_FILE = YES;
				MARKETING_VERSION = 1.0;
				PRODUCT_BUNDLE_IDENTIFIER = com.taekki.SeSACUIFrameworkTests;
				PRODUCT_NAME = "$(TARGET_NAME)";
				SWIFT_EMIT_LOC_STRINGS = NO;
				SWIFT_VERSION = 5.0;
				TARGETED_DEVICE_FAMILY = "1,2";
			};
			name = Release;
		};
/* End XCBuildConfiguration section */

/* Begin XCConfigurationList section */
		BD38CADD28AB1C5D006CB0FB /* Build configuration list for PBXProject "SeSACUIFramework" */ = {
			isa = XCConfigurationList;
			buildConfigurations = (
				BD38CAF528AB1C5D006CB0FB /* Debug */,
				BD38CAF628AB1C5D006CB0FB /* Release */,
			);
			defaultConfigurationIsVisible = 0;
			defaultConfigurationName = Release;
		};
		BD38CAF728AB1C5D006CB0FB /* Build configuration list for PBXNativeTarget "SeSACUIFramework" */ = {
			isa = XCConfigurationList;
			buildConfigurations = (
				BD38CAF828AB1C5D006CB0FB /* Debug */,
				BD38CAF928AB1C5D006CB0FB /* Release */,
			);
			defaultConfigurationIsVisible = 0;
			defaultConfigurationName = Release;
		};
		BD38CAFA28AB1C5D006CB0FB /* Build configuration list for PBXNativeTarget "SeSACUIFrameworkTests" */ = {
			isa = XCConfigurationList;
			buildConfigurations = (
				BD38CAFB28AB1C5D006CB0FB /* Debug */,
				BD38CAFC28AB1C5D006CB0FB /* Release */,
			);
			defaultConfigurationIsVisible = 0;
			defaultConfigurationName = Release;
		};
/* End XCConfigurationList section */
	};
	rootObject = BD38CADA28AB1C5D006CB0FB /* Project object */;
}
