// !$*UTF8*$!
{
	archiveVersion = 1;
	classes = {
	};
	objectVersion = 55;
	objects = {

/* Begin PBXBuildFile section */
		BD7D3A922877C64F00DEF52A /* AppDelegate.swift in Sources */ = {isa = PBXBuildFile; fileRef = BD7D3A912877C64F00DEF52A /* AppDelegate.swift */; };
		BD7D3A942877C64F00DEF52A /* SceneDelegate.swift in Sources */ = {isa = PBXBuildFile; fileRef = BD7D3A932877C64F00DEF52A /* SceneDelegate.swift */; };
		BD7D3A992877C64F00DEF52A /* Main.storyboard in Resources */ = {isa = PBXBuildFile; fileRef = BD7D3A972877C64F00DEF52A /* Main.storyboard */; };
		BD7D3A9B2877C65100DEF52A /* Assets.xcassets in Resources */ = {isa = PBXBuildFile; fileRef = BD7D3A9A2877C65100DEF52A /* Assets.xcassets */; };
		BD7D3A9E2877C65100DEF52A /* LaunchScreen.storyboard in Resources */ = {isa = PBXBuildFile; fileRef = BD7D3A9C2877C65100DEF52A /* LaunchScreen.storyboard */; };
		BD7D3AA72877C67500DEF52A /* AutoLayout.storyboard in Resources */ = {isa = PBXBuildFile; fileRef = BD7D3AA62877C67500DEF52A /* AutoLayout.storyboard */; };
/* End PBXBuildFile section */

/* Begin PBXFileReference section */
		BD71B35C287DCF770058E8C6 /* RawStrings.playground */ = {isa = PBXFileReference; lastKnownFileType = file.playground; path = RawStrings.playground; sourceTree = "<group>"; xcLanguageSpecificationIdentifier = xcode.lang.swift; };
		BD71B35D287E478D0058E8C6 /* Day8.playground */ = {isa = PBXFileReference; lastKnownFileType = file.playground; path = Day8.playground; sourceTree = "<group>"; xcLanguageSpecificationIdentifier = xcode.lang.swift; };
		BD71B35E287E67000058E8C6 /* Class+Struct.playground */ = {isa = PBXFileReference; lastKnownFileType = file.playground; path = "Class+Struct.playground"; sourceTree = "<group>"; xcLanguageSpecificationIdentifier = xcode.lang.swift; };
		BD7D3A8E2877C64F00DEF52A /* Lab.app */ = {isa = PBXFileReference; explicitFileType = wrapper.application; includeInIndex = 0; path = Lab.app; sourceTree = BUILT_PRODUCTS_DIR; };
		BD7D3A912877C64F00DEF52A /* AppDelegate.swift */ = {isa = PBXFileReference; lastKnownFileType = sourcecode.swift; path = AppDelegate.swift; sourceTree = "<group>"; };
		BD7D3A932877C64F00DEF52A /* SceneDelegate.swift */ = {isa = PBXFileReference; lastKnownFileType = sourcecode.swift; path = SceneDelegate.swift; sourceTree = "<group>"; };
		BD7D3A982877C64F00DEF52A /* Base */ = {isa = PBXFileReference; lastKnownFileType = file.storyboard; name = Base; path = Base.lproj/Main.storyboard; sourceTree = "<group>"; };
		BD7D3A9A2877C65100DEF52A /* Assets.xcassets */ = {isa = PBXFileReference; lastKnownFileType = folder.assetcatalog; path = Assets.xcassets; sourceTree = "<group>"; };
		BD7D3A9D2877C65100DEF52A /* Base */ = {isa = PBXFileReference; lastKnownFileType = file.storyboard; name = Base; path = Base.lproj/LaunchScreen.storyboard; sourceTree = "<group>"; };
		BD7D3A9F2877C65100DEF52A /* Info.plist */ = {isa = PBXFileReference; lastKnownFileType = text.plist.xml; path = Info.plist; sourceTree = "<group>"; };
		BD7D3AA62877C67500DEF52A /* AutoLayout.storyboard */ = {isa = PBXFileReference; lastKnownFileType = file.storyboard; path = AutoLayout.storyboard; sourceTree = "<group>"; };
		BD9B9351287EB31F00D6777D /* Formatted.playground */ = {isa = PBXFileReference; lastKnownFileType = file.playground; path = Formatted.playground; sourceTree = "<group>"; xcLanguageSpecificationIdentifier = xcode.lang.swift; };
		BD9B9352287F96D500D6777D /* Day9.playground */ = {isa = PBXFileReference; lastKnownFileType = file.playground; path = Day9.playground; sourceTree = "<group>"; xcLanguageSpecificationIdentifier = xcode.lang.swift; };
/* End PBXFileReference section */

/* Begin PBXFrameworksBuildPhase section */
		BD7D3A8B2877C64F00DEF52A /* Frameworks */ = {
			isa = PBXFrameworksBuildPhase;
			buildActionMask = 2147483647;
			files = (
			);
			runOnlyForDeploymentPostprocessing = 0;
		};
/* End PBXFrameworksBuildPhase section */

/* Begin PBXGroup section */
		BD71B35B287DCF5E0058E8C6 /* Playground */ = {
			isa = PBXGroup;
			children = (
				BD71B35C287DCF770058E8C6 /* RawStrings.playground */,
				BD71B35D287E478D0058E8C6 /* Day8.playground */,
				BD71B35E287E67000058E8C6 /* Class+Struct.playground */,
				BD9B9351287EB31F00D6777D /* Formatted.playground */,
				BD9B9352287F96D500D6777D /* Day9.playground */,
			);
			path = Playground;
			sourceTree = "<group>";
		};
		BD7D3A852877C64F00DEF52A = {
			isa = PBXGroup;
			children = (
				BD7D3A902877C64F00DEF52A /* Lab */,
				BD7D3A8F2877C64F00DEF52A /* Products */,
			);
			sourceTree = "<group>";
		};
		BD7D3A8F2877C64F00DEF52A /* Products */ = {
			isa = PBXGroup;
			children = (
				BD7D3A8E2877C64F00DEF52A /* Lab.app */,
			);
			name = Products;
			sourceTree = "<group>";
		};
		BD7D3A902877C64F00DEF52A /* Lab */ = {
			isa = PBXGroup;
			children = (
				BD71B35B287DCF5E0058E8C6 /* Playground */,
				BD7D3AAB2877C77500DEF52A /* Resources */,
				BD7D3AAA2877C75B00DEF52A /* Supporting Files */,
				BD7D3AA92877C74700DEF52A /* Storyboard */,
				BD7D3AA82877C6B500DEF52A /* Application */,
				BD7D3AAC2877C78F00DEF52A /* Labs */,
			);
			path = Lab;
			sourceTree = "<group>";
		};
		BD7D3AA52877C66900DEF52A /* AutoLayout */ = {
			isa = PBXGroup;
			children = (
				BD7D3AA62877C67500DEF52A /* AutoLayout.storyboard */,
			);
			path = AutoLayout;
			sourceTree = "<group>";
		};
		BD7D3AA82877C6B500DEF52A /* Application */ = {
			isa = PBXGroup;
			children = (
				BD7D3A912877C64F00DEF52A /* AppDelegate.swift */,
				BD7D3A932877C64F00DEF52A /* SceneDelegate.swift */,
			);
			path = Application;
			sourceTree = "<group>";
		};
		BD7D3AA92877C74700DEF52A /* Storyboard */ = {
			isa = PBXGroup;
			children = (
				BD7D3A972877C64F00DEF52A /* Main.storyboard */,
				BD7D3A9C2877C65100DEF52A /* LaunchScreen.storyboard */,
			);
			path = Storyboard;
			sourceTree = "<group>";
		};
		BD7D3AAA2877C75B00DEF52A /* Supporting Files */ = {
			isa = PBXGroup;
			children = (
				BD7D3A9F2877C65100DEF52A /* Info.plist */,
			);
			path = "Supporting Files";
			sourceTree = "<group>";
		};
		BD7D3AAB2877C77500DEF52A /* Resources */ = {
			isa = PBXGroup;
			children = (
				BD7D3A9A2877C65100DEF52A /* Assets.xcassets */,
			);
			path = Resources;
			sourceTree = "<group>";
		};
		BD7D3AAC2877C78F00DEF52A /* Labs */ = {
			isa = PBXGroup;
			children = (
				BD7D3AA52877C66900DEF52A /* AutoLayout */,
			);
			path = Labs;
			sourceTree = "<group>";
		};
/* End PBXGroup section */

/* Begin PBXNativeTarget section */
		BD7D3A8D2877C64F00DEF52A /* Lab */ = {
			isa = PBXNativeTarget;
			buildConfigurationList = BD7D3AA22877C65100DEF52A /* Build configuration list for PBXNativeTarget "Lab" */;
			buildPhases = (
				BD7D3A8A2877C64F00DEF52A /* Sources */,
				BD7D3A8B2877C64F00DEF52A /* Frameworks */,
				BD7D3A8C2877C64F00DEF52A /* Resources */,
			);
			buildRules = (
			);
			dependencies = (
			);
			name = Lab;
			productName = Lab;
			productReference = BD7D3A8E2877C64F00DEF52A /* Lab.app */;
			productType = "com.apple.product-type.application";
		};
/* End PBXNativeTarget section */

/* Begin PBXProject section */
		BD7D3A862877C64F00DEF52A /* Project object */ = {
			isa = PBXProject;
			attributes = {
				BuildIndependentTargetsInParallel = 1;
				LastSwiftUpdateCheck = 1340;
				LastUpgradeCheck = 1340;
				TargetAttributes = {
					BD7D3A8D2877C64F00DEF52A = {
						CreatedOnToolsVersion = 13.4.1;
					};
				};
			};
			buildConfigurationList = BD7D3A892877C64F00DEF52A /* Build configuration list for PBXProject "Lab" */;
			compatibilityVersion = "Xcode 13.0";
			developmentRegion = en;
			hasScannedForEncodings = 0;
			knownRegions = (
				en,
				Base,
			);
			mainGroup = BD7D3A852877C64F00DEF52A;
			productRefGroup = BD7D3A8F2877C64F00DEF52A /* Products */;
			projectDirPath = "";
			projectRoot = "";
			targets = (
				BD7D3A8D2877C64F00DEF52A /* Lab */,
			);
		};
/* End PBXProject section */

/* Begin PBXResourcesBuildPhase section */
		BD7D3A8C2877C64F00DEF52A /* Resources */ = {
			isa = PBXResourcesBuildPhase;
			buildActionMask = 2147483647;
			files = (
				BD7D3A9E2877C65100DEF52A /* LaunchScreen.storyboard in Resources */,
				BD7D3A9B2877C65100DEF52A /* Assets.xcassets in Resources */,
				BD7D3A992877C64F00DEF52A /* Main.storyboard in Resources */,
				BD7D3AA72877C67500DEF52A /* AutoLayout.storyboard in Resources */,
			);
			runOnlyForDeploymentPostprocessing = 0;
		};
/* End PBXResourcesBuildPhase section */

/* Begin PBXSourcesBuildPhase section */
		BD7D3A8A2877C64F00DEF52A /* Sources */ = {
			isa = PBXSourcesBuildPhase;
			buildActionMask = 2147483647;
			files = (
				BD7D3A922877C64F00DEF52A /* AppDelegate.swift in Sources */,
				BD7D3A942877C64F00DEF52A /* SceneDelegate.swift in Sources */,
			);
			runOnlyForDeploymentPostprocessing = 0;
		};
/* End PBXSourcesBuildPhase section */

/* Begin PBXVariantGroup section */
		BD7D3A972877C64F00DEF52A /* Main.storyboard */ = {
			isa = PBXVariantGroup;
			children = (
				BD7D3A982877C64F00DEF52A /* Base */,
			);
			name = Main.storyboard;
			sourceTree = "<group>";
		};
		BD7D3A9C2877C65100DEF52A /* LaunchScreen.storyboard */ = {
			isa = PBXVariantGroup;
			children = (
				BD7D3A9D2877C65100DEF52A /* Base */,
			);
			name = LaunchScreen.storyboard;
			sourceTree = "<group>";
		};
/* End PBXVariantGroup section */

/* Begin XCBuildConfiguration section */
		BD7D3AA02877C65100DEF52A /* Debug */ = {
			isa = XCBuildConfiguration;
			buildSettings = {
				ALWAYS_SEARCH_USER_PATHS = NO;
				CLANG_ANALYZER_NONNULL = YES;
				CLANG_ANALYZER_NUMBER_OBJECT_CONVERSION = YES_AGGRESSIVE;
				CLANG_CXX_LANGUAGE_STANDARD = "gnu++17";
				CLANG_ENABLE_MODULES = YES;
				CLANG_ENABLE_OBJC_ARC = YES;
				CLANG_ENABLE_OBJC_WEAK = YES;
				CLANG_WARN_BLOCK_CAPTURE_AUTORELEASING = YES;
				CLANG_WARN_BOOL_CONVERSION = YES;
				CLANG_WARN_COMMA = YES;
				CLANG_WARN_CONSTANT_CONVERSION = YES;
				CLANG_WARN_DEPRECATED_OBJC_IMPLEMENTATIONS = YES;
				CLANG_WARN_DIRECT_OBJC_ISA_USAGE = YES_ERROR;
				CLANG_WARN_DOCUMENTATION_COMMENTS = YES;
				CLANG_WARN_EMPTY_BODY = YES;
				CLANG_WARN_ENUM_CONVERSION = YES;
				CLANG_WARN_INFINITE_RECURSION = YES;
				CLANG_WARN_INT_CONVERSION = YES;
				CLANG_WARN_NON_LITERAL_NULL_CONVERSION = YES;
				CLANG_WARN_OBJC_IMPLICIT_RETAIN_SELF = YES;
				CLANG_WARN_OBJC_LITERAL_CONVERSION = YES;
				CLANG_WARN_OBJC_ROOT_CLASS = YES_ERROR;
				CLANG_WARN_QUOTED_INCLUDE_IN_FRAMEWORK_HEADER = YES;
				CLANG_WARN_RANGE_LOOP_ANALYSIS = YES;
				CLANG_WARN_STRICT_PROTOTYPES = YES;
				CLANG_WARN_SUSPICIOUS_MOVE = YES;
				CLANG_WARN_UNGUARDED_AVAILABILITY = YES_AGGRESSIVE;
				CLANG_WARN_UNREACHABLE_CODE = YES;
				CLANG_WARN__DUPLICATE_METHOD_MATCH = YES;
				COPY_PHASE_STRIP = NO;
				DEBUG_INFORMATION_FORMAT = dwarf;
				ENABLE_STRICT_OBJC_MSGSEND = YES;
				ENABLE_TESTABILITY = YES;
				GCC_C_LANGUAGE_STANDARD = gnu11;
				GCC_DYNAMIC_NO_PIC = NO;
				GCC_NO_COMMON_BLOCKS = YES;
				GCC_OPTIMIZATION_LEVEL = 0;
				GCC_PREPROCESSOR_DEFINITIONS = (
					"DEBUG=1",
					"$(inherited)",
				);
				GCC_WARN_64_TO_32_BIT_CONVERSION = YES;
				GCC_WARN_ABOUT_RETURN_TYPE = YES_ERROR;
				GCC_WARN_UNDECLARED_SELECTOR = YES;
				GCC_WARN_UNINITIALIZED_AUTOS = YES_AGGRESSIVE;
				GCC_WARN_UNUSED_FUNCTION = YES;
				GCC_WARN_UNUSED_VARIABLE = YES;
				IPHONEOS_DEPLOYMENT_TARGET = 14.0;
				MTL_ENABLE_DEBUG_INFO = INCLUDE_SOURCE;
				MTL_FAST_MATH = YES;
				ONLY_ACTIVE_ARCH = YES;
				SDKROOT = iphoneos;
				SWIFT_ACTIVE_COMPILATION_CONDITIONS = DEBUG;
				SWIFT_OPTIMIZATION_LEVEL = "-Onone";
			};
			name = Debug;
		};
		BD7D3AA12877C65100DEF52A /* Release */ = {
			isa = XCBuildConfiguration;
			buildSettings = {
				ALWAYS_SEARCH_USER_PATHS = NO;
				CLANG_ANALYZER_NONNULL = YES;
				CLANG_ANALYZER_NUMBER_OBJECT_CONVERSION = YES_AGGRESSIVE;
				CLANG_CXX_LANGUAGE_STANDARD = "gnu++17";
				CLANG_ENABLE_MODULES = YES;
				CLANG_ENABLE_OBJC_ARC = YES;
				CLANG_ENABLE_OBJC_WEAK = YES;
				CLANG_WARN_BLOCK_CAPTURE_AUTORELEASING = YES;
				CLANG_WARN_BOOL_CONVERSION = YES;
				CLANG_WARN_COMMA = YES;
				CLANG_WARN_CONSTANT_CONVERSION = YES;
				CLANG_WARN_DEPRECATED_OBJC_IMPLEMENTATIONS = YES;
				CLANG_WARN_DIRECT_OBJC_ISA_USAGE = YES_ERROR;
				CLANG_WARN_DOCUMENTATION_COMMENTS = YES;
				CLANG_WARN_EMPTY_BODY = YES;
				CLANG_WARN_ENUM_CONVERSION = YES;
				CLANG_WARN_INFINITE_RECURSION = YES;
				CLANG_WARN_INT_CONVERSION = YES;
				CLANG_WARN_NON_LITERAL_NULL_CONVERSION = YES;
				CLANG_WARN_OBJC_IMPLICIT_RETAIN_SELF = YES;
				CLANG_WARN_OBJC_LITERAL_CONVERSION = YES;
				CLANG_WARN_OBJC_ROOT_CLASS = YES_ERROR;
				CLANG_WARN_QUOTED_INCLUDE_IN_FRAMEWORK_HEADER = YES;
				CLANG_WARN_RANGE_LOOP_ANALYSIS = YES;
				CLANG_WARN_STRICT_PROTOTYPES = YES;
				CLANG_WARN_SUSPICIOUS_MOVE = YES;
				CLANG_WARN_UNGUARDED_AVAILABILITY = YES_AGGRESSIVE;
				CLANG_WARN_UNREACHABLE_CODE = YES;
				CLANG_WARN__DUPLICATE_METHOD_MATCH = YES;
				COPY_PHASE_STRIP = NO;
				DEBUG_INFORMATION_FORMAT = "dwarf-with-dsym";
				ENABLE_NS_ASSERTIONS = NO;
				ENABLE_STRICT_OBJC_MSGSEND = YES;
				GCC_C_LANGUAGE_STANDARD = gnu11;
				GCC_NO_COMMON_BLOCKS = YES;
				GCC_WARN_64_TO_32_BIT_CONVERSION = YES;
				GCC_WARN_ABOUT_RETURN_TYPE = YES_ERROR;
				GCC_WARN_UNDECLARED_SELECTOR = YES;
				GCC_WARN_UNINITIALIZED_AUTOS = YES_AGGRESSIVE;
				GCC_WARN_UNUSED_FUNCTION = YES;
				GCC_WARN_UNUSED_VARIABLE = YES;
				IPHONEOS_DEPLOYMENT_TARGET = 14.0;
				MTL_ENABLE_DEBUG_INFO = NO;
				MTL_FAST_MATH = YES;
				SDKROOT = iphoneos;
				SWIFT_COMPILATION_MODE = wholemodule;
				SWIFT_OPTIMIZATION_LEVEL = "-O";
				VALIDATE_PRODUCT = YES;
			};
			name = Release;
		};
		BD7D3AA32877C65100DEF52A /* Debug */ = {
			isa = XCBuildConfiguration;
			buildSettings = {
				ASSETCATALOG_COMPILER_APPICON_NAME = AppIcon;
				ASSETCATALOG_COMPILER_GLOBAL_ACCENT_COLOR_NAME = AccentColor;
				CODE_SIGN_STYLE = Automatic;
				CURRENT_PROJECT_VERSION = 1;
				DEVELOPMENT_TEAM = W7P3R7ZL78;
				GENERATE_INFOPLIST_FILE = YES;
				INFOPLIST_FILE = "Lab/Supporting Files/Info.plist";
				INFOPLIST_KEY_UIApplicationSupportsIndirectInputEvents = YES;
				INFOPLIST_KEY_UILaunchStoryboardName = LaunchScreen;
				INFOPLIST_KEY_UIMainStoryboardFile = Main;
				INFOPLIST_KEY_UISupportedInterfaceOrientations_iPad = "UIInterfaceOrientationPortrait UIInterfaceOrientationPortraitUpsideDown UIInterfaceOrientationLandscapeLeft UIInterfaceOrientationLandscapeRight";
				INFOPLIST_KEY_UISupportedInterfaceOrientations_iPhone = "UIInterfaceOrientationPortrait UIInterfaceOrientationLandscapeLeft UIInterfaceOrientationLandscapeRight";
				LD_RUNPATH_SEARCH_PATHS = (
					"$(inherited)",
					"@executable_path/Frameworks",
				);
				MARKETING_VERSION = 1.0;
				PRODUCT_BUNDLE_IDENTIFIER = com.taekki.Lab;
				PRODUCT_NAME = "$(TARGET_NAME)";
				SWIFT_EMIT_LOC_STRINGS = YES;
				SWIFT_VERSION = 5.0;
				TARGETED_DEVICE_FAMILY = 1;
			};
			name = Debug;
		};
		BD7D3AA42877C65100DEF52A /* Release */ = {
			isa = XCBuildConfiguration;
			buildSettings = {
				ASSETCATALOG_COMPILER_APPICON_NAME = AppIcon;
				ASSETCATALOG_COMPILER_GLOBAL_ACCENT_COLOR_NAME = AccentColor;
				CODE_SIGN_STYLE = Automatic;
				CURRENT_PROJECT_VERSION = 1;
				DEVELOPMENT_TEAM = W7P3R7ZL78;
				GENERATE_INFOPLIST_FILE = YES;
				INFOPLIST_FILE = "Lab/Supporting Files/Info.plist";
				INFOPLIST_KEY_UIApplicationSupportsIndirectInputEvents = YES;
				INFOPLIST_KEY_UILaunchStoryboardName = LaunchScreen;
				INFOPLIST_KEY_UIMainStoryboardFile = Main;
				INFOPLIST_KEY_UISupportedInterfaceOrientations_iPad = "UIInterfaceOrientationPortrait UIInterfaceOrientationPortraitUpsideDown UIInterfaceOrientationLandscapeLeft UIInterfaceOrientationLandscapeRight";
				INFOPLIST_KEY_UISupportedInterfaceOrientations_iPhone = "UIInterfaceOrientationPortrait UIInterfaceOrientationLandscapeLeft UIInterfaceOrientationLandscapeRight";
				LD_RUNPATH_SEARCH_PATHS = (
					"$(inherited)",
					"@executable_path/Frameworks",
				);
				MARKETING_VERSION = 1.0;
				PRODUCT_BUNDLE_IDENTIFIER = com.taekki.Lab;
				PRODUCT_NAME = "$(TARGET_NAME)";
				SWIFT_EMIT_LOC_STRINGS = YES;
				SWIFT_VERSION = 5.0;
				TARGETED_DEVICE_FAMILY = 1;
			};
			name = Release;
		};
/* End XCBuildConfiguration section */

/* Begin XCConfigurationList section */
		BD7D3A892877C64F00DEF52A /* Build configuration list for PBXProject "Lab" */ = {
			isa = XCConfigurationList;
			buildConfigurations = (
				BD7D3AA02877C65100DEF52A /* Debug */,
				BD7D3AA12877C65100DEF52A /* Release */,
			);
			defaultConfigurationIsVisible = 0;
			defaultConfigurationName = Release;
		};
		BD7D3AA22877C65100DEF52A /* Build configuration list for PBXNativeTarget "Lab" */ = {
			isa = XCConfigurationList;
			buildConfigurations = (
				BD7D3AA32877C65100DEF52A /* Debug */,
				BD7D3AA42877C65100DEF52A /* Release */,
			);
			defaultConfigurationIsVisible = 0;
			defaultConfigurationName = Release;
		};
/* End XCConfigurationList section */
	};
	rootObject = BD7D3A862877C64F00DEF52A /* Project object */;
}
