// !$*UTF8*$!
{
	archiveVersion = 1;
	classes = {
	};
	objectVersion = 55;
	objects = {

/* Begin PBXBuildFile section */
		BD4566EC2892239F009B4514 /* LottoViewController.swift in Sources */ = {isa = PBXBuildFile; fileRef = BD4566EB2892239F009B4514 /* LottoViewController.swift */; };
		BD4566EE28923052009B4514 /* TranslateViewController.swift in Sources */ = {isa = PBXBuildFile; fileRef = BD4566ED28923052009B4514 /* TranslateViewController.swift */; };
		BD4566F028923AAD009B4514 /* WebViewController.swift in Sources */ = {isa = PBXBuildFile; fileRef = BD4566EF28923AAD009B4514 /* WebViewController.swift */; };
		BD4566F228923DFA009B4514 /* Utils.swift in Sources */ = {isa = PBXBuildFile; fileRef = BD4566F128923DFA009B4514 /* Utils.swift */; };
		BD79150B2890DDA8000A12EE /* AppDelegate.swift in Sources */ = {isa = PBXBuildFile; fileRef = BD79150A2890DDA8000A12EE /* AppDelegate.swift */; };
		BD79150D2890DDA8000A12EE /* SceneDelegate.swift in Sources */ = {isa = PBXBuildFile; fileRef = BD79150C2890DDA8000A12EE /* SceneDelegate.swift */; };
		BD79150F2890DDA8000A12EE /* ViewController.swift in Sources */ = {isa = PBXBuildFile; fileRef = BD79150E2890DDA8000A12EE /* ViewController.swift */; };
		BD7915122890DDA8000A12EE /* Main.storyboard in Resources */ = {isa = PBXBuildFile; fileRef = BD7915102890DDA8000A12EE /* Main.storyboard */; };
		BD7915142890DDAA000A12EE /* Assets.xcassets in Resources */ = {isa = PBXBuildFile; fileRef = BD7915132890DDAA000A12EE /* Assets.xcassets */; };
		BD7915172890DDAA000A12EE /* LaunchScreen.storyboard in Resources */ = {isa = PBXBuildFile; fileRef = BD7915152890DDAA000A12EE /* LaunchScreen.storyboard */; };
		BD79151F2890E249000A12EE /* SearchViewController.swift in Sources */ = {isa = PBXBuildFile; fileRef = BD79151E2890E249000A12EE /* SearchViewController.swift */; };
		BD7915222890E4EB000A12EE /* ListTableViewCell.swift in Sources */ = {isa = PBXBuildFile; fileRef = BD7915202890E4EB000A12EE /* ListTableViewCell.swift */; };
		BD7915232890E4EB000A12EE /* ListTableViewCell.xib in Resources */ = {isa = PBXBuildFile; fileRef = BD7915212890E4EB000A12EE /* ListTableViewCell.xib */; };
		BD7E813B28935E1600E86383 /* LocationViewController.swift in Sources */ = {isa = PBXBuildFile; fileRef = BD7E813A28935E1600E86383 /* LocationViewController.swift */; };
		BD7E8140289384BE00E86383 /* LeferiBaseBold.otf in Resources */ = {isa = PBXBuildFile; fileRef = BD7E813D289384BE00E86383 /* LeferiBaseBold.otf */; };
		BD7E8141289384BE00E86383 /* LeferiBaseRegular.otf in Resources */ = {isa = PBXBuildFile; fileRef = BD7E813E289384BE00E86383 /* LeferiBaseRegular.otf */; };
		BD7E8142289384BE00E86383 /* LeferiPointBlack.otf in Resources */ = {isa = PBXBuildFile; fileRef = BD7E813F289384BE00E86383 /* LeferiPointBlack.otf */; };
		BD7E81462893888400E86383 /* Galmuri11.ttf in Resources */ = {isa = PBXBuildFile; fileRef = BD7E81432893888300E86383 /* Galmuri11.ttf */; };
		BD7E81472893888400E86383 /* Galmuri7.ttf in Resources */ = {isa = PBXBuildFile; fileRef = BD7E81442893888300E86383 /* Galmuri7.ttf */; };
		BD7E81482893888400E86383 /* Galmuri9.ttf in Resources */ = {isa = PBXBuildFile; fileRef = BD7E81452893888400E86383 /* Galmuri9.ttf */; };
		BD857383289752C0007F294F /* ReusableViewProtocol.swift in Sources */ = {isa = PBXBuildFile; fileRef = BD857382289752C0007F294F /* ReusableViewProtocol.swift */; };
		BD85738628975827007F294F /* Constant.swift in Sources */ = {isa = PBXBuildFile; fileRef = BD85738528975827007F294F /* Constant.swift */; };
		BD85738828975FA3007F294F /* UserDefaultsHelper.swift in Sources */ = {isa = PBXBuildFile; fileRef = BD85738728975FA3007F294F /* UserDefaultsHelper.swift */; };
		BD85738B28977CF5007F294F /* Alamofire in Frameworks */ = {isa = PBXBuildFile; productRef = BD85738A28977CF5007F294F /* Alamofire */; };
		BD85738E28977D22007F294F /* SwiftyJSON in Frameworks */ = {isa = PBXBuildFile; productRef = BD85738D28977D22007F294F /* SwiftyJSON */; };
		BDB0926328920CCB00B0A4E1 /* ViewPresentable.swift in Sources */ = {isa = PBXBuildFile; fileRef = BDB0926228920CCB00B0A4E1 /* ViewPresentable.swift */; };
/* End PBXBuildFile section */

/* Begin PBXFileReference section */
		BD4566EB2892239F009B4514 /* LottoViewController.swift */ = {isa = PBXFileReference; lastKnownFileType = sourcecode.swift; path = LottoViewController.swift; sourceTree = "<group>"; };
		BD4566ED28923052009B4514 /* TranslateViewController.swift */ = {isa = PBXFileReference; lastKnownFileType = sourcecode.swift; path = TranslateViewController.swift; sourceTree = "<group>"; };
		BD4566EF28923AAD009B4514 /* WebViewController.swift */ = {isa = PBXFileReference; lastKnownFileType = sourcecode.swift; path = WebViewController.swift; sourceTree = "<group>"; };
		BD4566F128923DFA009B4514 /* Utils.swift */ = {isa = PBXFileReference; lastKnownFileType = sourcecode.swift; path = Utils.swift; sourceTree = "<group>"; };
		BD7915072890DDA8000A12EE /* NetworkBasic.app */ = {isa = PBXFileReference; explicitFileType = wrapper.application; includeInIndex = 0; path = NetworkBasic.app; sourceTree = BUILT_PRODUCTS_DIR; };
		BD79150A2890DDA8000A12EE /* AppDelegate.swift */ = {isa = PBXFileReference; lastKnownFileType = sourcecode.swift; path = AppDelegate.swift; sourceTree = "<group>"; };
		BD79150C2890DDA8000A12EE /* SceneDelegate.swift */ = {isa = PBXFileReference; lastKnownFileType = sourcecode.swift; path = SceneDelegate.swift; sourceTree = "<group>"; };
		BD79150E2890DDA8000A12EE /* ViewController.swift */ = {isa = PBXFileReference; lastKnownFileType = sourcecode.swift; path = ViewController.swift; sourceTree = "<group>"; };
		BD7915112890DDA8000A12EE /* Base */ = {isa = PBXFileReference; lastKnownFileType = file.storyboard; name = Base; path = Base.lproj/Main.storyboard; sourceTree = "<group>"; };
		BD7915132890DDAA000A12EE /* Assets.xcassets */ = {isa = PBXFileReference; lastKnownFileType = folder.assetcatalog; path = Assets.xcassets; sourceTree = "<group>"; };
		BD7915162890DDAA000A12EE /* Base */ = {isa = PBXFileReference; lastKnownFileType = file.storyboard; name = Base; path = Base.lproj/LaunchScreen.storyboard; sourceTree = "<group>"; };
		BD7915182890DDAA000A12EE /* Info.plist */ = {isa = PBXFileReference; lastKnownFileType = text.plist.xml; path = Info.plist; sourceTree = "<group>"; };
		BD79151E2890E249000A12EE /* SearchViewController.swift */ = {isa = PBXFileReference; lastKnownFileType = sourcecode.swift; path = SearchViewController.swift; sourceTree = "<group>"; };
		BD7915202890E4EB000A12EE /* ListTableViewCell.swift */ = {isa = PBXFileReference; lastKnownFileType = sourcecode.swift; path = ListTableViewCell.swift; sourceTree = "<group>"; };
		BD7915212890E4EB000A12EE /* ListTableViewCell.xib */ = {isa = PBXFileReference; lastKnownFileType = file.xib; path = ListTableViewCell.xib; sourceTree = "<group>"; };
		BD7E813A28935E1600E86383 /* LocationViewController.swift */ = {isa = PBXFileReference; lastKnownFileType = sourcecode.swift; path = LocationViewController.swift; sourceTree = "<group>"; };
		BD7E813D289384BE00E86383 /* LeferiBaseBold.otf */ = {isa = PBXFileReference; lastKnownFileType = file; path = LeferiBaseBold.otf; sourceTree = "<group>"; };
		BD7E813E289384BE00E86383 /* LeferiBaseRegular.otf */ = {isa = PBXFileReference; lastKnownFileType = file; path = LeferiBaseRegular.otf; sourceTree = "<group>"; };
		BD7E813F289384BE00E86383 /* LeferiPointBlack.otf */ = {isa = PBXFileReference; lastKnownFileType = file; path = LeferiPointBlack.otf; sourceTree = "<group>"; };
		BD7E81432893888300E86383 /* Galmuri11.ttf */ = {isa = PBXFileReference; lastKnownFileType = file; path = Galmuri11.ttf; sourceTree = "<group>"; };
		BD7E81442893888300E86383 /* Galmuri7.ttf */ = {isa = PBXFileReference; lastKnownFileType = file; path = Galmuri7.ttf; sourceTree = "<group>"; };
		BD7E81452893888400E86383 /* Galmuri9.ttf */ = {isa = PBXFileReference; lastKnownFileType = file; path = Galmuri9.ttf; sourceTree = "<group>"; };
		BD857382289752C0007F294F /* ReusableViewProtocol.swift */ = {isa = PBXFileReference; lastKnownFileType = sourcecode.swift; path = ReusableViewProtocol.swift; sourceTree = "<group>"; };
		BD85738528975827007F294F /* Constant.swift */ = {isa = PBXFileReference; lastKnownFileType = sourcecode.swift; path = Constant.swift; sourceTree = "<group>"; };
		BD85738728975FA3007F294F /* UserDefaultsHelper.swift */ = {isa = PBXFileReference; lastKnownFileType = sourcecode.swift; path = UserDefaultsHelper.swift; sourceTree = "<group>"; };
		BDB0926228920CCB00B0A4E1 /* ViewPresentable.swift */ = {isa = PBXFileReference; lastKnownFileType = sourcecode.swift; path = ViewPresentable.swift; sourceTree = "<group>"; };
/* End PBXFileReference section */

/* Begin PBXFrameworksBuildPhase section */
		BD7915042890DDA8000A12EE /* Frameworks */ = {
			isa = PBXFrameworksBuildPhase;
			buildActionMask = 2147483647;
			files = (
				BD85738E28977D22007F294F /* SwiftyJSON in Frameworks */,
				BD85738B28977CF5007F294F /* Alamofire in Frameworks */,
			);
			runOnlyForDeploymentPostprocessing = 0;
		};
/* End PBXFrameworksBuildPhase section */

/* Begin PBXGroup section */
		BD7914FE2890DDA8000A12EE = {
			isa = PBXGroup;
			children = (
				BD7915092890DDA8000A12EE /* NetworkBasic */,
				BD7915082890DDA8000A12EE /* Products */,
			);
			sourceTree = "<group>";
		};
		BD7915082890DDA8000A12EE /* Products */ = {
			isa = PBXGroup;
			children = (
				BD7915072890DDA8000A12EE /* NetworkBasic.app */,
			);
			name = Products;
			sourceTree = "<group>";
		};
		BD7915092890DDA8000A12EE /* NetworkBasic */ = {
			isa = PBXGroup;
			children = (
				BD85738428975817007F294F /* Constant */,
				BD7E813C289384A700E86383 /* Resource */,
				BDB0926128920CAF00B0A4E1 /* SearchScene */,
				BDB0926028920CA200B0A4E1 /* Protocol */,
				BD79150A2890DDA8000A12EE /* AppDelegate.swift */,
				BD79150C2890DDA8000A12EE /* SceneDelegate.swift */,
				BD79150E2890DDA8000A12EE /* ViewController.swift */,
				BD4566EB2892239F009B4514 /* LottoViewController.swift */,
				BD7E813A28935E1600E86383 /* LocationViewController.swift */,
				BD4566ED28923052009B4514 /* TranslateViewController.swift */,
				BD4566F128923DFA009B4514 /* Utils.swift */,
				BD7915102890DDA8000A12EE /* Main.storyboard */,
				BD4566EF28923AAD009B4514 /* WebViewController.swift */,
				BD7915132890DDAA000A12EE /* Assets.xcassets */,
				BD7915152890DDAA000A12EE /* LaunchScreen.storyboard */,
				BD7915182890DDAA000A12EE /* Info.plist */,
			);
			path = NetworkBasic;
			sourceTree = "<group>";
		};
		BD7E813C289384A700E86383 /* Resource */ = {
			isa = PBXGroup;
			children = (
				BD7E813D289384BE00E86383 /* LeferiBaseBold.otf */,
				BD7E813E289384BE00E86383 /* LeferiBaseRegular.otf */,
				BD7E813F289384BE00E86383 /* LeferiPointBlack.otf */,
				BD7E81442893888300E86383 /* Galmuri7.ttf */,
				BD7E81452893888400E86383 /* Galmuri9.ttf */,
				BD7E81432893888300E86383 /* Galmuri11.ttf */,
			);
			path = Resource;
			sourceTree = "<group>";
		};
		BD85738428975817007F294F /* Constant */ = {
			isa = PBXGroup;
			children = (
				BD85738528975827007F294F /* Constant.swift */,
				BD85738728975FA3007F294F /* UserDefaultsHelper.swift */,
			);
			path = Constant;
			sourceTree = "<group>";
		};
		BDB0926028920CA200B0A4E1 /* Protocol */ = {
			isa = PBXGroup;
			children = (
				BDB0926228920CCB00B0A4E1 /* ViewPresentable.swift */,
				BD857382289752C0007F294F /* ReusableViewProtocol.swift */,
			);
			path = Protocol;
			sourceTree = "<group>";
		};
		BDB0926128920CAF00B0A4E1 /* SearchScene */ = {
			isa = PBXGroup;
			children = (
				BD79151E2890E249000A12EE /* SearchViewController.swift */,
				BD7915202890E4EB000A12EE /* ListTableViewCell.swift */,
				BD7915212890E4EB000A12EE /* ListTableViewCell.xib */,
			);
			path = SearchScene;
			sourceTree = "<group>";
		};
/* End PBXGroup section */

/* Begin PBXNativeTarget section */
		BD7915062890DDA8000A12EE /* NetworkBasic */ = {
			isa = PBXNativeTarget;
			buildConfigurationList = BD79151B2890DDAA000A12EE /* Build configuration list for PBXNativeTarget "NetworkBasic" */;
			buildPhases = (
				BD7915032890DDA8000A12EE /* Sources */,
				BD7915042890DDA8000A12EE /* Frameworks */,
				BD7915052890DDA8000A12EE /* Resources */,
			);
			buildRules = (
			);
			dependencies = (
			);
			name = NetworkBasic;
			packageProductDependencies = (
				BD85738A28977CF5007F294F /* Alamofire */,
				BD85738D28977D22007F294F /* SwiftyJSON */,
			);
			productName = NetworkBasic;
			productReference = BD7915072890DDA8000A12EE /* NetworkBasic.app */;
			productType = "com.apple.product-type.application";
		};
/* End PBXNativeTarget section */

/* Begin PBXProject section */
		BD7914FF2890DDA8000A12EE /* Project object */ = {
			isa = PBXProject;
			attributes = {
				BuildIndependentTargetsInParallel = 1;
				LastSwiftUpdateCheck = 1340;
				LastUpgradeCheck = 1340;
				TargetAttributes = {
					BD7915062890DDA8000A12EE = {
						CreatedOnToolsVersion = 13.4.1;
					};
				};
			};
			buildConfigurationList = BD7915022890DDA8000A12EE /* Build configuration list for PBXProject "NetworkBasic" */;
			compatibilityVersion = "Xcode 13.0";
			developmentRegion = en;
			hasScannedForEncodings = 0;
			knownRegions = (
				en,
				Base,
			);
			mainGroup = BD7914FE2890DDA8000A12EE;
			packageReferences = (
				BD85738928977CF5007F294F /* XCRemoteSwiftPackageReference "Alamofire" */,
				BD85738C28977D22007F294F /* XCRemoteSwiftPackageReference "SwiftyJSON" */,
			);
			productRefGroup = BD7915082890DDA8000A12EE /* Products */;
			projectDirPath = "";
			projectRoot = "";
			targets = (
				BD7915062890DDA8000A12EE /* NetworkBasic */,
			);
		};
/* End PBXProject section */

/* Begin PBXResourcesBuildPhase section */
		BD7915052890DDA8000A12EE /* Resources */ = {
			isa = PBXResourcesBuildPhase;
			buildActionMask = 2147483647;
			files = (
				BD7E81482893888400E86383 /* Galmuri9.ttf in Resources */,
				BD7E8142289384BE00E86383 /* LeferiPointBlack.otf in Resources */,
				BD7E8140289384BE00E86383 /* LeferiBaseBold.otf in Resources */,
				BD7915172890DDAA000A12EE /* LaunchScreen.storyboard in Resources */,
				BD7E81472893888400E86383 /* Galmuri7.ttf in Resources */,
				BD7915232890E4EB000A12EE /* ListTableViewCell.xib in Resources */,
				BD7E81462893888400E86383 /* Galmuri11.ttf in Resources */,
				BD7915142890DDAA000A12EE /* Assets.xcassets in Resources */,
				BD7E8141289384BE00E86383 /* LeferiBaseRegular.otf in Resources */,
				BD7915122890DDA8000A12EE /* Main.storyboard in Resources */,
			);
			runOnlyForDeploymentPostprocessing = 0;
		};
/* End PBXResourcesBuildPhase section */

/* Begin PBXSourcesBuildPhase section */
		BD7915032890DDA8000A12EE /* Sources */ = {
			isa = PBXSourcesBuildPhase;
			buildActionMask = 2147483647;
			files = (
				BD85738828975FA3007F294F /* UserDefaultsHelper.swift in Sources */,
				BDB0926328920CCB00B0A4E1 /* ViewPresentable.swift in Sources */,
				BD4566F028923AAD009B4514 /* WebViewController.swift in Sources */,
				BD79150F2890DDA8000A12EE /* ViewController.swift in Sources */,
				BD79150B2890DDA8000A12EE /* AppDelegate.swift in Sources */,
				BD4566EC2892239F009B4514 /* LottoViewController.swift in Sources */,
				BD857383289752C0007F294F /* ReusableViewProtocol.swift in Sources */,
				BD7E813B28935E1600E86383 /* LocationViewController.swift in Sources */,
				BD4566F228923DFA009B4514 /* Utils.swift in Sources */,
				BD79151F2890E249000A12EE /* SearchViewController.swift in Sources */,
				BD85738628975827007F294F /* Constant.swift in Sources */,
				BD4566EE28923052009B4514 /* TranslateViewController.swift in Sources */,
				BD79150D2890DDA8000A12EE /* SceneDelegate.swift in Sources */,
				BD7915222890E4EB000A12EE /* ListTableViewCell.swift in Sources */,
			);
			runOnlyForDeploymentPostprocessing = 0;
		};
/* End PBXSourcesBuildPhase section */

/* Begin PBXVariantGroup section */
		BD7915102890DDA8000A12EE /* Main.storyboard */ = {
			isa = PBXVariantGroup;
			children = (
				BD7915112890DDA8000A12EE /* Base */,
			);
			name = Main.storyboard;
			sourceTree = "<group>";
		};
		BD7915152890DDAA000A12EE /* LaunchScreen.storyboard */ = {
			isa = PBXVariantGroup;
			children = (
				BD7915162890DDAA000A12EE /* Base */,
			);
			name = LaunchScreen.storyboard;
			sourceTree = "<group>";
		};
/* End PBXVariantGroup section */

/* Begin XCBuildConfiguration section */
		BD7915192890DDAA000A12EE /* Debug */ = {
			isa = XCBuildConfiguration;
			buildSettings = {
				ALWAYS_SEARCH_USER_PATHS = NO;
				CLANG_ANALYZER_NONNULL = YES;
				CLANG_ANALYZER_NUMBER_OBJECT_CONVERSION = YES_AGGRESSIVE;
				CLANG_CXX_LANGUAGE_STANDARD = "gnu++17";
				CLANG_ENABLE_MODULES = YES;
				CLANG_ENABLE_OBJC_ARC = YES;
				CLANG_ENABLE_OBJC_WEAK = YES;
				CLANG_WARN_BLOCK_CAPTURE_AUTORELEASING = YES;
				CLANG_WARN_BOOL_CONVERSION = YES;
				CLANG_WARN_COMMA = YES;
				CLANG_WARN_CONSTANT_CONVERSION = YES;
				CLANG_WARN_DEPRECATED_OBJC_IMPLEMENTATIONS = YES;
				CLANG_WARN_DIRECT_OBJC_ISA_USAGE = YES_ERROR;
				CLANG_WARN_DOCUMENTATION_COMMENTS = YES;
				CLANG_WARN_EMPTY_BODY = YES;
				CLANG_WARN_ENUM_CONVERSION = YES;
				CLANG_WARN_INFINITE_RECURSION = YES;
				CLANG_WARN_INT_CONVERSION = YES;
				CLANG_WARN_NON_LITERAL_NULL_CONVERSION = YES;
				CLANG_WARN_OBJC_IMPLICIT_RETAIN_SELF = YES;
				CLANG_WARN_OBJC_LITERAL_CONVERSION = YES;
				CLANG_WARN_OBJC_ROOT_CLASS = YES_ERROR;
				CLANG_WARN_QUOTED_INCLUDE_IN_FRAMEWORK_HEADER = YES;
				CLANG_WARN_RANGE_LOOP_ANALYSIS = YES;
				CLANG_WARN_STRICT_PROTOTYPES = YES;
				CLANG_WARN_SUSPICIOUS_MOVE = YES;
				CLANG_WARN_UNGUARDED_AVAILABILITY = YES_AGGRESSIVE;
				CLANG_WARN_UNREACHABLE_CODE = YES;
				CLANG_WARN__DUPLICATE_METHOD_MATCH = YES;
				COPY_PHASE_STRIP = NO;
				DEBUG_INFORMATION_FORMAT = dwarf;
				ENABLE_STRICT_OBJC_MSGSEND = YES;
				ENABLE_TESTABILITY = YES;
				GCC_C_LANGUAGE_STANDARD = gnu11;
				GCC_DYNAMIC_NO_PIC = NO;
				GCC_NO_COMMON_BLOCKS = YES;
				GCC_OPTIMIZATION_LEVEL = 0;
				GCC_PREPROCESSOR_DEFINITIONS = (
					"DEBUG=1",
					"$(inherited)",
				);
				GCC_WARN_64_TO_32_BIT_CONVERSION = YES;
				GCC_WARN_ABOUT_RETURN_TYPE = YES_ERROR;
				GCC_WARN_UNDECLARED_SELECTOR = YES;
				GCC_WARN_UNINITIALIZED_AUTOS = YES_AGGRESSIVE;
				GCC_WARN_UNUSED_FUNCTION = YES;
				GCC_WARN_UNUSED_VARIABLE = YES;
				IPHONEOS_DEPLOYMENT_TARGET = 15.0;
				MTL_ENABLE_DEBUG_INFO = INCLUDE_SOURCE;
				MTL_FAST_MATH = YES;
				ONLY_ACTIVE_ARCH = YES;
				SDKROOT = iphoneos;
				SWIFT_ACTIVE_COMPILATION_CONDITIONS = DEBUG;
				SWIFT_OPTIMIZATION_LEVEL = "-Onone";
			};
			name = Debug;
		};
		BD79151A2890DDAA000A12EE /* Release */ = {
			isa = XCBuildConfiguration;
			buildSettings = {
				ALWAYS_SEARCH_USER_PATHS = NO;
				CLANG_ANALYZER_NONNULL = YES;
				CLANG_ANALYZER_NUMBER_OBJECT_CONVERSION = YES_AGGRESSIVE;
				CLANG_CXX_LANGUAGE_STANDARD = "gnu++17";
				CLANG_ENABLE_MODULES = YES;
				CLANG_ENABLE_OBJC_ARC = YES;
				CLANG_ENABLE_OBJC_WEAK = YES;
				CLANG_WARN_BLOCK_CAPTURE_AUTORELEASING = YES;
				CLANG_WARN_BOOL_CONVERSION = YES;
				CLANG_WARN_COMMA = YES;
				CLANG_WARN_CONSTANT_CONVERSION = YES;
				CLANG_WARN_DEPRECATED_OBJC_IMPLEMENTATIONS = YES;
				CLANG_WARN_DIRECT_OBJC_ISA_USAGE = YES_ERROR;
				CLANG_WARN_DOCUMENTATION_COMMENTS = YES;
				CLANG_WARN_EMPTY_BODY = YES;
				CLANG_WARN_ENUM_CONVERSION = YES;
				CLANG_WARN_INFINITE_RECURSION = YES;
				CLANG_WARN_INT_CONVERSION = YES;
				CLANG_WARN_NON_LITERAL_NULL_CONVERSION = YES;
				CLANG_WARN_OBJC_IMPLICIT_RETAIN_SELF = YES;
				CLANG_WARN_OBJC_LITERAL_CONVERSION = YES;
				CLANG_WARN_OBJC_ROOT_CLASS = YES_ERROR;
				CLANG_WARN_QUOTED_INCLUDE_IN_FRAMEWORK_HEADER = YES;
				CLANG_WARN_RANGE_LOOP_ANALYSIS = YES;
				CLANG_WARN_STRICT_PROTOTYPES = YES;
				CLANG_WARN_SUSPICIOUS_MOVE = YES;
				CLANG_WARN_UNGUARDED_AVAILABILITY = YES_AGGRESSIVE;
				CLANG_WARN_UNREACHABLE_CODE = YES;
				CLANG_WARN__DUPLICATE_METHOD_MATCH = YES;
				COPY_PHASE_STRIP = NO;
				DEBUG_INFORMATION_FORMAT = "dwarf-with-dsym";
				ENABLE_NS_ASSERTIONS = NO;
				ENABLE_STRICT_OBJC_MSGSEND = YES;
				GCC_C_LANGUAGE_STANDARD = gnu11;
				GCC_NO_COMMON_BLOCKS = YES;
				GCC_WARN_64_TO_32_BIT_CONVERSION = YES;
				GCC_WARN_ABOUT_RETURN_TYPE = YES_ERROR;
				GCC_WARN_UNDECLARED_SELECTOR = YES;
				GCC_WARN_UNINITIALIZED_AUTOS = YES_AGGRESSIVE;
				GCC_WARN_UNUSED_FUNCTION = YES;
				GCC_WARN_UNUSED_VARIABLE = YES;
				IPHONEOS_DEPLOYMENT_TARGET = 15.0;
				MTL_ENABLE_DEBUG_INFO = NO;
				MTL_FAST_MATH = YES;
				SDKROOT = iphoneos;
				SWIFT_COMPILATION_MODE = wholemodule;
				SWIFT_OPTIMIZATION_LEVEL = "-O";
				VALIDATE_PRODUCT = YES;
			};
			name = Release;
		};
		BD79151C2890DDAA000A12EE /* Debug */ = {
			isa = XCBuildConfiguration;
			buildSettings = {
				ASSETCATALOG_COMPILER_APPICON_NAME = AppIcon;
				ASSETCATALOG_COMPILER_GLOBAL_ACCENT_COLOR_NAME = AccentColor;
				CODE_SIGN_STYLE = Automatic;
				CURRENT_PROJECT_VERSION = 1;
				DEVELOPMENT_TEAM = W7P3R7ZL78;
				GENERATE_INFOPLIST_FILE = YES;
				INFOPLIST_FILE = NetworkBasic/Info.plist;
				INFOPLIST_KEY_UIApplicationSupportsIndirectInputEvents = YES;
				INFOPLIST_KEY_UILaunchStoryboardName = LaunchScreen;
				INFOPLIST_KEY_UIMainStoryboardFile = Main;
				INFOPLIST_KEY_UISupportedInterfaceOrientations_iPad = "UIInterfaceOrientationPortrait UIInterfaceOrientationPortraitUpsideDown UIInterfaceOrientationLandscapeLeft UIInterfaceOrientationLandscapeRight";
				INFOPLIST_KEY_UISupportedInterfaceOrientations_iPhone = "UIInterfaceOrientationPortrait UIInterfaceOrientationLandscapeLeft UIInterfaceOrientationLandscapeRight";
				LD_RUNPATH_SEARCH_PATHS = (
					"$(inherited)",
					"@executable_path/Frameworks",
				);
				MARKETING_VERSION = 1.0;
				PRODUCT_BUNDLE_IDENTIFIER = com.taekki.NetworkBasic;
				PRODUCT_NAME = "$(TARGET_NAME)";
				SWIFT_EMIT_LOC_STRINGS = YES;
				SWIFT_VERSION = 5.0;
				TARGETED_DEVICE_FAMILY = "1,2";
			};
			name = Debug;
		};
		BD79151D2890DDAA000A12EE /* Release */ = {
			isa = XCBuildConfiguration;
			buildSettings = {
				ASSETCATALOG_COMPILER_APPICON_NAME = AppIcon;
				ASSETCATALOG_COMPILER_GLOBAL_ACCENT_COLOR_NAME = AccentColor;
				CODE_SIGN_STYLE = Automatic;
				CURRENT_PROJECT_VERSION = 1;
				DEVELOPMENT_TEAM = W7P3R7ZL78;
				GENERATE_INFOPLIST_FILE = YES;
				INFOPLIST_FILE = NetworkBasic/Info.plist;
				INFOPLIST_KEY_UIApplicationSupportsIndirectInputEvents = YES;
				INFOPLIST_KEY_UILaunchStoryboardName = LaunchScreen;
				INFOPLIST_KEY_UIMainStoryboardFile = Main;
				INFOPLIST_KEY_UISupportedInterfaceOrientations_iPad = "UIInterfaceOrientationPortrait UIInterfaceOrientationPortraitUpsideDown UIInterfaceOrientationLandscapeLeft UIInterfaceOrientationLandscapeRight";
				INFOPLIST_KEY_UISupportedInterfaceOrientations_iPhone = "UIInterfaceOrientationPortrait UIInterfaceOrientationLandscapeLeft UIInterfaceOrientationLandscapeRight";
				LD_RUNPATH_SEARCH_PATHS = (
					"$(inherited)",
					"@executable_path/Frameworks",
				);
				MARKETING_VERSION = 1.0;
				PRODUCT_BUNDLE_IDENTIFIER = com.taekki.NetworkBasic;
				PRODUCT_NAME = "$(TARGET_NAME)";
				SWIFT_EMIT_LOC_STRINGS = YES;
				SWIFT_VERSION = 5.0;
				TARGETED_DEVICE_FAMILY = "1,2";
			};
			name = Release;
		};
/* End XCBuildConfiguration section */

/* Begin XCConfigurationList section */
		BD7915022890DDA8000A12EE /* Build configuration list for PBXProject "NetworkBasic" */ = {
			isa = XCConfigurationList;
			buildConfigurations = (
				BD7915192890DDAA000A12EE /* Debug */,
				BD79151A2890DDAA000A12EE /* Release */,
			);
			defaultConfigurationIsVisible = 0;
			defaultConfigurationName = Release;
		};
		BD79151B2890DDAA000A12EE /* Build configuration list for PBXNativeTarget "NetworkBasic" */ = {
			isa = XCConfigurationList;
			buildConfigurations = (
				BD79151C2890DDAA000A12EE /* Debug */,
				BD79151D2890DDAA000A12EE /* Release */,
			);
			defaultConfigurationIsVisible = 0;
			defaultConfigurationName = Release;
		};
/* End XCConfigurationList section */

/* Begin XCRemoteSwiftPackageReference section */
		BD85738928977CF5007F294F /* XCRemoteSwiftPackageReference "Alamofire" */ = {
			isa = XCRemoteSwiftPackageReference;
			repositoryURL = "https://github.com/Alamofire/Alamofire";
			requirement = {
				kind = upToNextMajorVersion;
				minimumVersion = 5.0.0;
			};
		};
		BD85738C28977D22007F294F /* XCRemoteSwiftPackageReference "SwiftyJSON" */ = {
			isa = XCRemoteSwiftPackageReference;
			repositoryURL = "https://github.com/SwiftyJSON/SwiftyJSON";
			requirement = {
				kind = upToNextMajorVersion;
				minimumVersion = 5.0.0;
			};
		};
/* End XCRemoteSwiftPackageReference section */

/* Begin XCSwiftPackageProductDependency section */
		BD85738A28977CF5007F294F /* Alamofire */ = {
			isa = XCSwiftPackageProductDependency;
			package = BD85738928977CF5007F294F /* XCRemoteSwiftPackageReference "Alamofire" */;
			productName = Alamofire;
		};
		BD85738D28977D22007F294F /* SwiftyJSON */ = {
			isa = XCSwiftPackageProductDependency;
			package = BD85738C28977D22007F294F /* XCRemoteSwiftPackageReference "SwiftyJSON" */;
			productName = SwiftyJSON;
		};
/* End XCSwiftPackageProductDependency section */
	};
	rootObject = BD7914FF2890DDA8000A12EE /* Project object */;
}
