// !$*UTF8*$!
{
	archiveVersion = 1;
	classes = {
	};
	objectVersion = 55;
	objects = {

/* Begin PBXBuildFile section */
		BD897D1428A09013003F7B47 /* AppDelegate.swift in Sources */ = {isa = PBXBuildFile; fileRef = BD897D1328A09013003F7B47 /* AppDelegate.swift */; };
		BD897D1628A09013003F7B47 /* SceneDelegate.swift in Sources */ = {isa = PBXBuildFile; fileRef = BD897D1528A09013003F7B47 /* SceneDelegate.swift */; };
		BD897D1828A09013003F7B47 /* ViewController.swift in Sources */ = {isa = PBXBuildFile; fileRef = BD897D1728A09013003F7B47 /* ViewController.swift */; };
		BD897D1B28A09013003F7B47 /* Main.storyboard in Resources */ = {isa = PBXBuildFile; fileRef = BD897D1928A09013003F7B47 /* Main.storyboard */; };
		BD897D1D28A09015003F7B47 /* Assets.xcassets in Resources */ = {isa = PBXBuildFile; fileRef = BD897D1C28A09015003F7B47 /* Assets.xcassets */; };
		BD897D2028A09015003F7B47 /* LaunchScreen.storyboard in Resources */ = {isa = PBXBuildFile; fileRef = BD897D1E28A09015003F7B47 /* LaunchScreen.storyboard */; };
		BD897D2928A0902E003F7B47 /* Alamofire in Frameworks */ = {isa = PBXBuildFile; productRef = BD897D2828A0902E003F7B47 /* Alamofire */; };
		BD897D2C28A0903E003F7B47 /* SwiftyJSON in Frameworks */ = {isa = PBXBuildFile; productRef = BD897D2B28A0903E003F7B47 /* SwiftyJSON */; };
		BD897D2F28A0904A003F7B47 /* Kingfisher in Frameworks */ = {isa = PBXBuildFile; productRef = BD897D2E28A0904A003F7B47 /* Kingfisher */; };
		BD897D3128A09158003F7B47 /* APIKey.swift in Sources */ = {isa = PBXBuildFile; fileRef = BD897D3028A09158003F7B47 /* APIKey.swift */; };
		BD897D3428A0949A003F7B47 /* EndPoint.swift in Sources */ = {isa = PBXBuildFile; fileRef = BD897D3328A0949A003F7B47 /* EndPoint.swift */; };
		BD897D3628A0954C003F7B47 /* URL+Extension.swift in Sources */ = {isa = PBXBuildFile; fileRef = BD897D3528A0954C003F7B47 /* URL+Extension.swift */; };
		BD897D3828A0A7C2003F7B47 /* KakaoAPIManager.swift in Sources */ = {isa = PBXBuildFile; fileRef = BD897D3728A0A7C2003F7B47 /* KakaoAPIManager.swift */; };
		BD897D3A28A0ACD0003F7B47 /* ClosureViewController.swift in Sources */ = {isa = PBXBuildFile; fileRef = BD897D3928A0ACD0003F7B47 /* ClosureViewController.swift */; };
		BD897D4928A1E0AE003F7B47 /* SeSACButton.swift in Sources */ = {isa = PBXBuildFile; fileRef = BD897D4828A1E0AE003F7B47 /* SeSACButton.swift */; };
		BD897D4B28A1E64F003F7B47 /* CardView.swift in Sources */ = {isa = PBXBuildFile; fileRef = BD897D4A28A1E64F003F7B47 /* CardView.swift */; };
		BD897D4D28A1E665003F7B47 /* CardView.xib in Resources */ = {isa = PBXBuildFile; fileRef = BD897D4C28A1E665003F7B47 /* CardView.xib */; };
/* End PBXBuildFile section */

/* Begin PBXFileReference section */
		BD897D1028A09013003F7B47 /* SeSACWeek6.app */ = {isa = PBXFileReference; explicitFileType = wrapper.application; includeInIndex = 0; path = SeSACWeek6.app; sourceTree = BUILT_PRODUCTS_DIR; };
		BD897D1328A09013003F7B47 /* AppDelegate.swift */ = {isa = PBXFileReference; lastKnownFileType = sourcecode.swift; path = AppDelegate.swift; sourceTree = "<group>"; };
		BD897D1528A09013003F7B47 /* SceneDelegate.swift */ = {isa = PBXFileReference; lastKnownFileType = sourcecode.swift; path = SceneDelegate.swift; sourceTree = "<group>"; };
		BD897D1728A09013003F7B47 /* ViewController.swift */ = {isa = PBXFileReference; lastKnownFileType = sourcecode.swift; path = ViewController.swift; sourceTree = "<group>"; };
		BD897D1A28A09013003F7B47 /* Base */ = {isa = PBXFileReference; lastKnownFileType = file.storyboard; name = Base; path = Base.lproj/Main.storyboard; sourceTree = "<group>"; };
		BD897D1C28A09015003F7B47 /* Assets.xcassets */ = {isa = PBXFileReference; lastKnownFileType = folder.assetcatalog; path = Assets.xcassets; sourceTree = "<group>"; };
		BD897D1F28A09015003F7B47 /* Base */ = {isa = PBXFileReference; lastKnownFileType = file.storyboard; name = Base; path = Base.lproj/LaunchScreen.storyboard; sourceTree = "<group>"; };
		BD897D2128A09015003F7B47 /* Info.plist */ = {isa = PBXFileReference; lastKnownFileType = text.plist.xml; path = Info.plist; sourceTree = "<group>"; };
		BD897D3028A09158003F7B47 /* APIKey.swift */ = {isa = PBXFileReference; lastKnownFileType = sourcecode.swift; path = APIKey.swift; sourceTree = "<group>"; };
		BD897D3328A0949A003F7B47 /* EndPoint.swift */ = {isa = PBXFileReference; lastKnownFileType = sourcecode.swift; path = EndPoint.swift; sourceTree = "<group>"; };
		BD897D3528A0954C003F7B47 /* URL+Extension.swift */ = {isa = PBXFileReference; lastKnownFileType = sourcecode.swift; path = "URL+Extension.swift"; sourceTree = "<group>"; };
		BD897D3728A0A7C2003F7B47 /* KakaoAPIManager.swift */ = {isa = PBXFileReference; lastKnownFileType = sourcecode.swift; path = KakaoAPIManager.swift; sourceTree = "<group>"; };
		BD897D3928A0ACD0003F7B47 /* ClosureViewController.swift */ = {isa = PBXFileReference; lastKnownFileType = sourcecode.swift; path = ClosureViewController.swift; sourceTree = "<group>"; };
		BD897D4828A1E0AE003F7B47 /* SeSACButton.swift */ = {isa = PBXFileReference; lastKnownFileType = sourcecode.swift; path = SeSACButton.swift; sourceTree = "<group>"; };
		BD897D4A28A1E64F003F7B47 /* CardView.swift */ = {isa = PBXFileReference; lastKnownFileType = sourcecode.swift; path = CardView.swift; sourceTree = "<group>"; };
		BD897D4C28A1E665003F7B47 /* CardView.xib */ = {isa = PBXFileReference; lastKnownFileType = file.xib; path = CardView.xib; sourceTree = "<group>"; };
/* End PBXFileReference section */

/* Begin PBXFrameworksBuildPhase section */
		BD897D0D28A09013003F7B47 /* Frameworks */ = {
			isa = PBXFrameworksBuildPhase;
			buildActionMask = 2147483647;
			files = (
				BD897D2F28A0904A003F7B47 /* Kingfisher in Frameworks */,
				BD897D2C28A0903E003F7B47 /* SwiftyJSON in Frameworks */,
				BD897D2928A0902E003F7B47 /* Alamofire in Frameworks */,
			);
			runOnlyForDeploymentPostprocessing = 0;
		};
/* End PBXFrameworksBuildPhase section */

/* Begin PBXGroup section */
		BD897D0728A09013003F7B47 = {
			isa = PBXGroup;
			children = (
				BD897D1228A09013003F7B47 /* SeSACWeek6 */,
				BD897D1128A09013003F7B47 /* Products */,
			);
			sourceTree = "<group>";
		};
		BD897D1128A09013003F7B47 /* Products */ = {
			isa = PBXGroup;
			children = (
				BD897D1028A09013003F7B47 /* SeSACWeek6.app */,
			);
			name = Products;
			sourceTree = "<group>";
		};
		BD897D1228A09013003F7B47 /* SeSACWeek6 */ = {
			isa = PBXGroup;
			children = (
				BD897D4728A1E0A0003F7B47 /* View */,
				BD897D3228A0948C003F7B47 /* Network */,
				BD897D1328A09013003F7B47 /* AppDelegate.swift */,
				BD897D1528A09013003F7B47 /* SceneDelegate.swift */,
				BD897D1728A09013003F7B47 /* ViewController.swift */,
				BD897D3928A0ACD0003F7B47 /* ClosureViewController.swift */,
				BD897D1928A09013003F7B47 /* Main.storyboard */,
				BD897D1C28A09015003F7B47 /* Assets.xcassets */,
				BD897D1E28A09015003F7B47 /* LaunchScreen.storyboard */,
				BD897D2128A09015003F7B47 /* Info.plist */,
				BD897D3028A09158003F7B47 /* APIKey.swift */,
			);
			path = SeSACWeek6;
			sourceTree = "<group>";
		};
		BD897D3228A0948C003F7B47 /* Network */ = {
			isa = PBXGroup;
			children = (
				BD897D3328A0949A003F7B47 /* EndPoint.swift */,
				BD897D3528A0954C003F7B47 /* URL+Extension.swift */,
				BD897D3728A0A7C2003F7B47 /* KakaoAPIManager.swift */,
			);
			path = Network;
			sourceTree = "<group>";
		};
		BD897D4728A1E0A0003F7B47 /* View */ = {
			isa = PBXGroup;
			children = (
				BD897D4828A1E0AE003F7B47 /* SeSACButton.swift */,
				BD897D4A28A1E64F003F7B47 /* CardView.swift */,
				BD897D4C28A1E665003F7B47 /* CardView.xib */,
			);
			path = View;
			sourceTree = "<group>";
		};
/* End PBXGroup section */

/* Begin PBXNativeTarget section */
		BD897D0F28A09013003F7B47 /* SeSACWeek6 */ = {
			isa = PBXNativeTarget;
			buildConfigurationList = BD897D2428A09015003F7B47 /* Build configuration list for PBXNativeTarget "SeSACWeek6" */;
			buildPhases = (
				BD897D0C28A09013003F7B47 /* Sources */,
				BD897D0D28A09013003F7B47 /* Frameworks */,
				BD897D0E28A09013003F7B47 /* Resources */,
			);
			buildRules = (
			);
			dependencies = (
			);
			name = SeSACWeek6;
			packageProductDependencies = (
				BD897D2828A0902E003F7B47 /* Alamofire */,
				BD897D2B28A0903E003F7B47 /* SwiftyJSON */,
				BD897D2E28A0904A003F7B47 /* Kingfisher */,
			);
			productName = SeSACWeek6;
			productReference = BD897D1028A09013003F7B47 /* SeSACWeek6.app */;
			productType = "com.apple.product-type.application";
		};
/* End PBXNativeTarget section */

/* Begin PBXProject section */
		BD897D0828A09013003F7B47 /* Project object */ = {
			isa = PBXProject;
			attributes = {
				BuildIndependentTargetsInParallel = 1;
				LastSwiftUpdateCheck = 1340;
				LastUpgradeCheck = 1340;
				TargetAttributes = {
					BD897D0F28A09013003F7B47 = {
						CreatedOnToolsVersion = 13.4.1;
					};
				};
			};
			buildConfigurationList = BD897D0B28A09013003F7B47 /* Build configuration list for PBXProject "SeSACWeek6" */;
			compatibilityVersion = "Xcode 13.0";
			developmentRegion = en;
			hasScannedForEncodings = 0;
			knownRegions = (
				en,
				Base,
			);
			mainGroup = BD897D0728A09013003F7B47;
			packageReferences = (
				BD897D2728A0902E003F7B47 /* XCRemoteSwiftPackageReference "Alamofire" */,
				BD897D2A28A0903E003F7B47 /* XCRemoteSwiftPackageReference "SwiftyJSON" */,
				BD897D2D28A0904A003F7B47 /* XCRemoteSwiftPackageReference "Kingfisher" */,
			);
			productRefGroup = BD897D1128A09013003F7B47 /* Products */;
			projectDirPath = "";
			projectRoot = "";
			targets = (
				BD897D0F28A09013003F7B47 /* SeSACWeek6 */,
			);
		};
/* End PBXProject section */

/* Begin PBXResourcesBuildPhase section */
		BD897D0E28A09013003F7B47 /* Resources */ = {
			isa = PBXResourcesBuildPhase;
			buildActionMask = 2147483647;
			files = (
				BD897D2028A09015003F7B47 /* LaunchScreen.storyboard in Resources */,
				BD897D1D28A09015003F7B47 /* Assets.xcassets in Resources */,
				BD897D4D28A1E665003F7B47 /* CardView.xib in Resources */,
				BD897D1B28A09013003F7B47 /* Main.storyboard in Resources */,
			);
			runOnlyForDeploymentPostprocessing = 0;
		};
/* End PBXResourcesBuildPhase section */

/* Begin PBXSourcesBuildPhase section */
		BD897D0C28A09013003F7B47 /* Sources */ = {
			isa = PBXSourcesBuildPhase;
			buildActionMask = 2147483647;
			files = (
				BD897D1828A09013003F7B47 /* ViewController.swift in Sources */,
				BD897D1428A09013003F7B47 /* AppDelegate.swift in Sources */,
				BD897D3A28A0ACD0003F7B47 /* ClosureViewController.swift in Sources */,
				BD897D3428A0949A003F7B47 /* EndPoint.swift in Sources */,
				BD897D4B28A1E64F003F7B47 /* CardView.swift in Sources */,
				BD897D3128A09158003F7B47 /* APIKey.swift in Sources */,
				BD897D4928A1E0AE003F7B47 /* SeSACButton.swift in Sources */,
				BD897D3828A0A7C2003F7B47 /* KakaoAPIManager.swift in Sources */,
				BD897D1628A09013003F7B47 /* SceneDelegate.swift in Sources */,
				BD897D3628A0954C003F7B47 /* URL+Extension.swift in Sources */,
			);
			runOnlyForDeploymentPostprocessing = 0;
		};
/* End PBXSourcesBuildPhase section */

/* Begin PBXVariantGroup section */
		BD897D1928A09013003F7B47 /* Main.storyboard */ = {
			isa = PBXVariantGroup;
			children = (
				BD897D1A28A09013003F7B47 /* Base */,
			);
			name = Main.storyboard;
			sourceTree = "<group>";
		};
		BD897D1E28A09015003F7B47 /* LaunchScreen.storyboard */ = {
			isa = PBXVariantGroup;
			children = (
				BD897D1F28A09015003F7B47 /* Base */,
			);
			name = LaunchScreen.storyboard;
			sourceTree = "<group>";
		};
/* End PBXVariantGroup section */

/* Begin XCBuildConfiguration section */
		BD897D2228A09015003F7B47 /* Debug */ = {
			isa = XCBuildConfiguration;
			buildSettings = {
				ALWAYS_SEARCH_USER_PATHS = NO;
				CLANG_ANALYZER_NONNULL = YES;
				CLANG_ANALYZER_NUMBER_OBJECT_CONVERSION = YES_AGGRESSIVE;
				CLANG_CXX_LANGUAGE_STANDARD = "gnu++17";
				CLANG_ENABLE_MODULES = YES;
				CLANG_ENABLE_OBJC_ARC = YES;
				CLANG_ENABLE_OBJC_WEAK = YES;
				CLANG_WARN_BLOCK_CAPTURE_AUTORELEASING = YES;
				CLANG_WARN_BOOL_CONVERSION = YES;
				CLANG_WARN_COMMA = YES;
				CLANG_WARN_CONSTANT_CONVERSION = YES;
				CLANG_WARN_DEPRECATED_OBJC_IMPLEMENTATIONS = YES;
				CLANG_WARN_DIRECT_OBJC_ISA_USAGE = YES_ERROR;
				CLANG_WARN_DOCUMENTATION_COMMENTS = YES;
				CLANG_WARN_EMPTY_BODY = YES;
				CLANG_WARN_ENUM_CONVERSION = YES;
				CLANG_WARN_INFINITE_RECURSION = YES;
				CLANG_WARN_INT_CONVERSION = YES;
				CLANG_WARN_NON_LITERAL_NULL_CONVERSION = YES;
				CLANG_WARN_OBJC_IMPLICIT_RETAIN_SELF = YES;
				CLANG_WARN_OBJC_LITERAL_CONVERSION = YES;
				CLANG_WARN_OBJC_ROOT_CLASS = YES_ERROR;
				CLANG_WARN_QUOTED_INCLUDE_IN_FRAMEWORK_HEADER = YES;
				CLANG_WARN_RANGE_LOOP_ANALYSIS = YES;
				CLANG_WARN_STRICT_PROTOTYPES = YES;
				CLANG_WARN_SUSPICIOUS_MOVE = YES;
				CLANG_WARN_UNGUARDED_AVAILABILITY = YES_AGGRESSIVE;
				CLANG_WARN_UNREACHABLE_CODE = YES;
				CLANG_WARN__DUPLICATE_METHOD_MATCH = YES;
				COPY_PHASE_STRIP = NO;
				DEBUG_INFORMATION_FORMAT = dwarf;
				ENABLE_STRICT_OBJC_MSGSEND = YES;
				ENABLE_TESTABILITY = YES;
				GCC_C_LANGUAGE_STANDARD = gnu11;
				GCC_DYNAMIC_NO_PIC = NO;
				GCC_NO_COMMON_BLOCKS = YES;
				GCC_OPTIMIZATION_LEVEL = 0;
				GCC_PREPROCESSOR_DEFINITIONS = (
					"DEBUG=1",
					"$(inherited)",
				);
				GCC_WARN_64_TO_32_BIT_CONVERSION = YES;
				GCC_WARN_ABOUT_RETURN_TYPE = YES_ERROR;
				GCC_WARN_UNDECLARED_SELECTOR = YES;
				GCC_WARN_UNINITIALIZED_AUTOS = YES_AGGRESSIVE;
				GCC_WARN_UNUSED_FUNCTION = YES;
				GCC_WARN_UNUSED_VARIABLE = YES;
				IPHONEOS_DEPLOYMENT_TARGET = 15.5;
				MTL_ENABLE_DEBUG_INFO = INCLUDE_SOURCE;
				MTL_FAST_MATH = YES;
				ONLY_ACTIVE_ARCH = YES;
				SDKROOT = iphoneos;
				SWIFT_ACTIVE_COMPILATION_CONDITIONS = DEBUG;
				SWIFT_OPTIMIZATION_LEVEL = "-Onone";
			};
			name = Debug;
		};
		BD897D2328A09015003F7B47 /* Release */ = {
			isa = XCBuildConfiguration;
			buildSettings = {
				ALWAYS_SEARCH_USER_PATHS = NO;
				CLANG_ANALYZER_NONNULL = YES;
				CLANG_ANALYZER_NUMBER_OBJECT_CONVERSION = YES_AGGRESSIVE;
				CLANG_CXX_LANGUAGE_STANDARD = "gnu++17";
				CLANG_ENABLE_MODULES = YES;
				CLANG_ENABLE_OBJC_ARC = YES;
				CLANG_ENABLE_OBJC_WEAK = YES;
				CLANG_WARN_BLOCK_CAPTURE_AUTORELEASING = YES;
				CLANG_WARN_BOOL_CONVERSION = YES;
				CLANG_WARN_COMMA = YES;
				CLANG_WARN_CONSTANT_CONVERSION = YES;
				CLANG_WARN_DEPRECATED_OBJC_IMPLEMENTATIONS = YES;
				CLANG_WARN_DIRECT_OBJC_ISA_USAGE = YES_ERROR;
				CLANG_WARN_DOCUMENTATION_COMMENTS = YES;
				CLANG_WARN_EMPTY_BODY = YES;
				CLANG_WARN_ENUM_CONVERSION = YES;
				CLANG_WARN_INFINITE_RECURSION = YES;
				CLANG_WARN_INT_CONVERSION = YES;
				CLANG_WARN_NON_LITERAL_NULL_CONVERSION = YES;
				CLANG_WARN_OBJC_IMPLICIT_RETAIN_SELF = YES;
				CLANG_WARN_OBJC_LITERAL_CONVERSION = YES;
				CLANG_WARN_OBJC_ROOT_CLASS = YES_ERROR;
				CLANG_WARN_QUOTED_INCLUDE_IN_FRAMEWORK_HEADER = YES;
				CLANG_WARN_RANGE_LOOP_ANALYSIS = YES;
				CLANG_WARN_STRICT_PROTOTYPES = YES;
				CLANG_WARN_SUSPICIOUS_MOVE = YES;
				CLANG_WARN_UNGUARDED_AVAILABILITY = YES_AGGRESSIVE;
				CLANG_WARN_UNREACHABLE_CODE = YES;
				CLANG_WARN__DUPLICATE_METHOD_MATCH = YES;
				COPY_PHASE_STRIP = NO;
				DEBUG_INFORMATION_FORMAT = "dwarf-with-dsym";
				ENABLE_NS_ASSERTIONS = NO;
				ENABLE_STRICT_OBJC_MSGSEND = YES;
				GCC_C_LANGUAGE_STANDARD = gnu11;
				GCC_NO_COMMON_BLOCKS = YES;
				GCC_WARN_64_TO_32_BIT_CONVERSION = YES;
				GCC_WARN_ABOUT_RETURN_TYPE = YES_ERROR;
				GCC_WARN_UNDECLARED_SELECTOR = YES;
				GCC_WARN_UNINITIALIZED_AUTOS = YES_AGGRESSIVE;
				GCC_WARN_UNUSED_FUNCTION = YES;
				GCC_WARN_UNUSED_VARIABLE = YES;
				IPHONEOS_DEPLOYMENT_TARGET = 15.5;
				MTL_ENABLE_DEBUG_INFO = NO;
				MTL_FAST_MATH = YES;
				SDKROOT = iphoneos;
				SWIFT_COMPILATION_MODE = wholemodule;
				SWIFT_OPTIMIZATION_LEVEL = "-O";
				VALIDATE_PRODUCT = YES;
			};
			name = Release;
		};
		BD897D2528A09015003F7B47 /* Debug */ = {
			isa = XCBuildConfiguration;
			buildSettings = {
				ASSETCATALOG_COMPILER_APPICON_NAME = AppIcon;
				ASSETCATALOG_COMPILER_GLOBAL_ACCENT_COLOR_NAME = AccentColor;
				CODE_SIGN_STYLE = Automatic;
				CURRENT_PROJECT_VERSION = 1;
				DEVELOPMENT_TEAM = W7P3R7ZL78;
				GENERATE_INFOPLIST_FILE = YES;
				INFOPLIST_FILE = SeSACWeek6/Info.plist;
				INFOPLIST_KEY_UIApplicationSupportsIndirectInputEvents = YES;
				INFOPLIST_KEY_UILaunchStoryboardName = LaunchScreen;
				INFOPLIST_KEY_UIMainStoryboardFile = Main;
				INFOPLIST_KEY_UISupportedInterfaceOrientations_iPad = "UIInterfaceOrientationPortrait UIInterfaceOrientationPortraitUpsideDown UIInterfaceOrientationLandscapeLeft UIInterfaceOrientationLandscapeRight";
				INFOPLIST_KEY_UISupportedInterfaceOrientations_iPhone = "UIInterfaceOrientationPortrait UIInterfaceOrientationLandscapeLeft UIInterfaceOrientationLandscapeRight";
				IPHONEOS_DEPLOYMENT_TARGET = 15.0;
				LD_RUNPATH_SEARCH_PATHS = (
					"$(inherited)",
					"@executable_path/Frameworks",
				);
				MARKETING_VERSION = 1.0;
				PRODUCT_BUNDLE_IDENTIFIER = com.taekki.SeSACWeek6;
				PRODUCT_NAME = "$(TARGET_NAME)";
				SWIFT_EMIT_LOC_STRINGS = YES;
				SWIFT_VERSION = 5.0;
				TARGETED_DEVICE_FAMILY = 1;
			};
			name = Debug;
		};
		BD897D2628A09015003F7B47 /* Release */ = {
			isa = XCBuildConfiguration;
			buildSettings = {
				ASSETCATALOG_COMPILER_APPICON_NAME = AppIcon;
				ASSETCATALOG_COMPILER_GLOBAL_ACCENT_COLOR_NAME = AccentColor;
				CODE_SIGN_STYLE = Automatic;
				CURRENT_PROJECT_VERSION = 1;
				DEVELOPMENT_TEAM = W7P3R7ZL78;
				GENERATE_INFOPLIST_FILE = YES;
				INFOPLIST_FILE = SeSACWeek6/Info.plist;
				INFOPLIST_KEY_UIApplicationSupportsIndirectInputEvents = YES;
				INFOPLIST_KEY_UILaunchStoryboardName = LaunchScreen;
				INFOPLIST_KEY_UIMainStoryboardFile = Main;
				INFOPLIST_KEY_UISupportedInterfaceOrientations_iPad = "UIInterfaceOrientationPortrait UIInterfaceOrientationPortraitUpsideDown UIInterfaceOrientationLandscapeLeft UIInterfaceOrientationLandscapeRight";
				INFOPLIST_KEY_UISupportedInterfaceOrientations_iPhone = "UIInterfaceOrientationPortrait UIInterfaceOrientationLandscapeLeft UIInterfaceOrientationLandscapeRight";
				IPHONEOS_DEPLOYMENT_TARGET = 15.0;
				LD_RUNPATH_SEARCH_PATHS = (
					"$(inherited)",
					"@executable_path/Frameworks",
				);
				MARKETING_VERSION = 1.0;
				PRODUCT_BUNDLE_IDENTIFIER = com.taekki.SeSACWeek6;
				PRODUCT_NAME = "$(TARGET_NAME)";
				SWIFT_EMIT_LOC_STRINGS = YES;
				SWIFT_VERSION = 5.0;
				TARGETED_DEVICE_FAMILY = 1;
			};
			name = Release;
		};
/* End XCBuildConfiguration section */

/* Begin XCConfigurationList section */
		BD897D0B28A09013003F7B47 /* Build configuration list for PBXProject "SeSACWeek6" */ = {
			isa = XCConfigurationList;
			buildConfigurations = (
				BD897D2228A09015003F7B47 /* Debug */,
				BD897D2328A09015003F7B47 /* Release */,
			);
			defaultConfigurationIsVisible = 0;
			defaultConfigurationName = Release;
		};
		BD897D2428A09015003F7B47 /* Build configuration list for PBXNativeTarget "SeSACWeek6" */ = {
			isa = XCConfigurationList;
			buildConfigurations = (
				BD897D2528A09015003F7B47 /* Debug */,
				BD897D2628A09015003F7B47 /* Release */,
			);
			defaultConfigurationIsVisible = 0;
			defaultConfigurationName = Release;
		};
/* End XCConfigurationList section */

/* Begin XCRemoteSwiftPackageReference section */
		BD897D2728A0902E003F7B47 /* XCRemoteSwiftPackageReference "Alamofire" */ = {
			isa = XCRemoteSwiftPackageReference;
			repositoryURL = "https://github.com/Alamofire/Alamofire";
			requirement = {
				kind = upToNextMajorVersion;
				minimumVersion = 5.0.0;
			};
		};
		BD897D2A28A0903E003F7B47 /* XCRemoteSwiftPackageReference "SwiftyJSON" */ = {
			isa = XCRemoteSwiftPackageReference;
			repositoryURL = "https://github.com/SwiftyJSON/SwiftyJSON";
			requirement = {
				kind = upToNextMajorVersion;
				minimumVersion = 5.0.0;
			};
		};
		BD897D2D28A0904A003F7B47 /* XCRemoteSwiftPackageReference "Kingfisher" */ = {
			isa = XCRemoteSwiftPackageReference;
			repositoryURL = "https://github.com/onevcat/Kingfisher.git";
			requirement = {
				kind = upToNextMajorVersion;
				minimumVersion = 7.0.0;
			};
		};
/* End XCRemoteSwiftPackageReference section */

/* Begin XCSwiftPackageProductDependency section */
		BD897D2828A0902E003F7B47 /* Alamofire */ = {
			isa = XCSwiftPackageProductDependency;
			package = BD897D2728A0902E003F7B47 /* XCRemoteSwiftPackageReference "Alamofire" */;
			productName = Alamofire;
		};
		BD897D2B28A0903E003F7B47 /* SwiftyJSON */ = {
			isa = XCSwiftPackageProductDependency;
			package = BD897D2A28A0903E003F7B47 /* XCRemoteSwiftPackageReference "SwiftyJSON" */;
			productName = SwiftyJSON;
		};
		BD897D2E28A0904A003F7B47 /* Kingfisher */ = {
			isa = XCSwiftPackageProductDependency;
			package = BD897D2D28A0904A003F7B47 /* XCRemoteSwiftPackageReference "Kingfisher" */;
			productName = Kingfisher;
		};
/* End XCSwiftPackageProductDependency section */
	};
	rootObject = BD897D0828A09013003F7B47 /* Project object */;
}
