// !$*UTF8*$!
{
	archiveVersion = 1;
	classes = {
	};
	objectVersion = 55;
	objects = {

/* Begin PBXBuildFile section */
		BD48B6192887083D003A1122 /* Shopping.storyboard in Resources */ = {isa = PBXBuildFile; fileRef = BD48B6182887083D003A1122 /* Shopping.storyboard */; };
		BD48B61B28870873003A1122 /* ShoppingTableViewController.swift in Sources */ = {isa = PBXBuildFile; fileRef = BD48B61A28870873003A1122 /* ShoppingTableViewController.swift */; };
		BD48B61E28870947003A1122 /* InputTableViewCell.swift in Sources */ = {isa = PBXBuildFile; fileRef = BD48B61D28870947003A1122 /* InputTableViewCell.swift */; };
		BD48B62028870E6A003A1122 /* ShoppingTableViewCell.swift in Sources */ = {isa = PBXBuildFile; fileRef = BD48B61F28870E6A003A1122 /* ShoppingTableViewCell.swift */; };
		BD828D5928879DF800664C76 /* RecommendCollectionViewCell.swift in Sources */ = {isa = PBXBuildFile; fileRef = BD828D5828879DF800664C76 /* RecommendCollectionViewCell.swift */; };
		BD828D5C2887AE3500664C76 /* Kingfisher in Frameworks */ = {isa = PBXBuildFile; productRef = BD828D5B2887AE3500664C76 /* Kingfisher */; };
		BD828D5F2887AE6700664C76 /* Toast in Frameworks */ = {isa = PBXBuildFile; productRef = BD828D5E2887AE6700664C76 /* Toast */; };
		BDCA1DE828856E2500968372 /* AppDelegate.swift in Sources */ = {isa = PBXBuildFile; fileRef = BDCA1DE728856E2500968372 /* AppDelegate.swift */; };
		BDCA1DEA28856E2500968372 /* SceneDelegate.swift in Sources */ = {isa = PBXBuildFile; fileRef = BDCA1DE928856E2500968372 /* SceneDelegate.swift */; };
		BDCA1DEC28856E2500968372 /* ViewController.swift in Sources */ = {isa = PBXBuildFile; fileRef = BDCA1DEB28856E2500968372 /* ViewController.swift */; };
		BDCA1DEF28856E2500968372 /* Main.storyboard in Resources */ = {isa = PBXBuildFile; fileRef = BDCA1DED28856E2500968372 /* Main.storyboard */; };
		BDCA1DF128856E2700968372 /* Assets.xcassets in Resources */ = {isa = PBXBuildFile; fileRef = BDCA1DF028856E2700968372 /* Assets.xcassets */; };
		BDCA1DF428856E2700968372 /* LaunchScreen.storyboard in Resources */ = {isa = PBXBuildFile; fileRef = BDCA1DF228856E2700968372 /* LaunchScreen.storyboard */; };
		BDCA1DFF28856E9F00968372 /* Setting.storyboard in Resources */ = {isa = PBXBuildFile; fileRef = BDCA1DFE28856E9F00968372 /* Setting.storyboard */; };
		BDCA1E01288572CF00968372 /* SettingViewController.swift in Sources */ = {isa = PBXBuildFile; fileRef = BDCA1E00288572CF00968372 /* SettingViewController.swift */; };
		BDCA1E232886401800968372 /* Search.storyboard in Resources */ = {isa = PBXBuildFile; fileRef = BDCA1E222886401800968372 /* Search.storyboard */; };
		BDCA1E252886404700968372 /* Trend.storyboard in Resources */ = {isa = PBXBuildFile; fileRef = BDCA1E242886404700968372 /* Trend.storyboard */; };
		BDCA1E272886419400968372 /* Intro.storyboard in Resources */ = {isa = PBXBuildFile; fileRef = BDCA1E262886419400968372 /* Intro.storyboard */; };
		BDCA1E292886443300968372 /* TrendViewController.swift in Sources */ = {isa = PBXBuildFile; fileRef = BDCA1E282886443300968372 /* TrendViewController.swift */; };
		BDCA1E2B2886443F00968372 /* SearchViewController.swift in Sources */ = {isa = PBXBuildFile; fileRef = BDCA1E2A2886443F00968372 /* SearchViewController.swift */; };
		BDCA1E302886451600968372 /* UIViewController+Extension.swift in Sources */ = {isa = PBXBuildFile; fileRef = BDCA1E2F2886451600968372 /* UIViewController+Extension.swift */; };
		BDCA1E332886478A00968372 /* UITextField+Extension.swift in Sources */ = {isa = PBXBuildFile; fileRef = BDCA1E322886478A00968372 /* UITextField+Extension.swift */; };
		BDCA1E3528864BB000968372 /* BucketlistTableViewController.swift in Sources */ = {isa = PBXBuildFile; fileRef = BDCA1E3428864BB000968372 /* BucketlistTableViewController.swift */; };
		BDCA1E3728864D9D00968372 /* BucketlistTableViewCell.swift in Sources */ = {isa = PBXBuildFile; fileRef = BDCA1E3628864D9D00968372 /* BucketlistTableViewCell.swift */; };
		BDCD020228879AA9007A562C /* RecommendCollectionViewController.swift in Sources */ = {isa = PBXBuildFile; fileRef = BDCD020128879AA9007A562C /* RecommendCollectionViewController.swift */; };
/* End PBXBuildFile section */

/* Begin PBXFileReference section */
		BD1C39532888D654007609A7 /* Grammer.playground */ = {isa = PBXFileReference; lastKnownFileType = file.playground; path = Grammer.playground; sourceTree = "<group>"; xcLanguageSpecificationIdentifier = xcode.lang.swift; };
		BD48B6182887083D003A1122 /* Shopping.storyboard */ = {isa = PBXFileReference; lastKnownFileType = file.storyboard; path = Shopping.storyboard; sourceTree = "<group>"; };
		BD48B61A28870873003A1122 /* ShoppingTableViewController.swift */ = {isa = PBXFileReference; lastKnownFileType = sourcecode.swift; path = ShoppingTableViewController.swift; sourceTree = "<group>"; };
		BD48B61D28870947003A1122 /* InputTableViewCell.swift */ = {isa = PBXFileReference; lastKnownFileType = sourcecode.swift; path = InputTableViewCell.swift; sourceTree = "<group>"; };
		BD48B61F28870E6A003A1122 /* ShoppingTableViewCell.swift */ = {isa = PBXFileReference; lastKnownFileType = sourcecode.swift; path = ShoppingTableViewCell.swift; sourceTree = "<group>"; };
		BD828D5828879DF800664C76 /* RecommendCollectionViewCell.swift */ = {isa = PBXFileReference; lastKnownFileType = sourcecode.swift; path = RecommendCollectionViewCell.swift; sourceTree = "<group>"; };
		BDCA1DE428856E2500968372 /* SeSACWeek3.app */ = {isa = PBXFileReference; explicitFileType = wrapper.application; includeInIndex = 0; path = SeSACWeek3.app; sourceTree = BUILT_PRODUCTS_DIR; };
		BDCA1DE728856E2500968372 /* AppDelegate.swift */ = {isa = PBXFileReference; lastKnownFileType = sourcecode.swift; path = AppDelegate.swift; sourceTree = "<group>"; };
		BDCA1DE928856E2500968372 /* SceneDelegate.swift */ = {isa = PBXFileReference; lastKnownFileType = sourcecode.swift; path = SceneDelegate.swift; sourceTree = "<group>"; };
		BDCA1DEB28856E2500968372 /* ViewController.swift */ = {isa = PBXFileReference; lastKnownFileType = sourcecode.swift; path = ViewController.swift; sourceTree = "<group>"; };
		BDCA1DEE28856E2500968372 /* Base */ = {isa = PBXFileReference; lastKnownFileType = file.storyboard; name = Base; path = Base.lproj/Main.storyboard; sourceTree = "<group>"; };
		BDCA1DF028856E2700968372 /* Assets.xcassets */ = {isa = PBXFileReference; lastKnownFileType = folder.assetcatalog; path = Assets.xcassets; sourceTree = "<group>"; };
		BDCA1DF328856E2700968372 /* Base */ = {isa = PBXFileReference; lastKnownFileType = file.storyboard; name = Base; path = Base.lproj/LaunchScreen.storyboard; sourceTree = "<group>"; };
		BDCA1DF528856E2700968372 /* Info.plist */ = {isa = PBXFileReference; lastKnownFileType = text.plist.xml; path = Info.plist; sourceTree = "<group>"; };
		BDCA1DFE28856E9F00968372 /* Setting.storyboard */ = {isa = PBXFileReference; lastKnownFileType = file.storyboard; path = Setting.storyboard; sourceTree = "<group>"; };
		BDCA1E00288572CF00968372 /* SettingViewController.swift */ = {isa = PBXFileReference; lastKnownFileType = sourcecode.swift; path = SettingViewController.swift; sourceTree = "<group>"; };
		BDCA1E222886401800968372 /* Search.storyboard */ = {isa = PBXFileReference; lastKnownFileType = file.storyboard; path = Search.storyboard; sourceTree = "<group>"; };
		BDCA1E242886404700968372 /* Trend.storyboard */ = {isa = PBXFileReference; lastKnownFileType = file.storyboard; path = Trend.storyboard; sourceTree = "<group>"; };
		BDCA1E262886419400968372 /* Intro.storyboard */ = {isa = PBXFileReference; lastKnownFileType = file.storyboard; path = Intro.storyboard; sourceTree = "<group>"; };
		BDCA1E282886443300968372 /* TrendViewController.swift */ = {isa = PBXFileReference; lastKnownFileType = sourcecode.swift; path = TrendViewController.swift; sourceTree = "<group>"; };
		BDCA1E2A2886443F00968372 /* SearchViewController.swift */ = {isa = PBXFileReference; lastKnownFileType = sourcecode.swift; path = SearchViewController.swift; sourceTree = "<group>"; };
		BDCA1E2F2886451600968372 /* UIViewController+Extension.swift */ = {isa = PBXFileReference; lastKnownFileType = sourcecode.swift; path = "UIViewController+Extension.swift"; sourceTree = "<group>"; };
		BDCA1E322886478A00968372 /* UITextField+Extension.swift */ = {isa = PBXFileReference; lastKnownFileType = sourcecode.swift; path = "UITextField+Extension.swift"; sourceTree = "<group>"; };
		BDCA1E3428864BB000968372 /* BucketlistTableViewController.swift */ = {isa = PBXFileReference; lastKnownFileType = sourcecode.swift; path = BucketlistTableViewController.swift; sourceTree = "<group>"; };
		BDCA1E3628864D9D00968372 /* BucketlistTableViewCell.swift */ = {isa = PBXFileReference; lastKnownFileType = sourcecode.swift; path = BucketlistTableViewCell.swift; sourceTree = "<group>"; };
		BDCD020128879AA9007A562C /* RecommendCollectionViewController.swift */ = {isa = PBXFileReference; lastKnownFileType = sourcecode.swift; path = RecommendCollectionViewController.swift; sourceTree = "<group>"; };
/* End PBXFileReference section */

/* Begin PBXFrameworksBuildPhase section */
		BDCA1DE128856E2500968372 /* Frameworks */ = {
			isa = PBXFrameworksBuildPhase;
			buildActionMask = 2147483647;
			files = (
				BD828D5F2887AE6700664C76 /* Toast in Frameworks */,
				BD828D5C2887AE3500664C76 /* Kingfisher in Frameworks */,
			);
			runOnlyForDeploymentPostprocessing = 0;
		};
/* End PBXFrameworksBuildPhase section */

/* Begin PBXGroup section */
		BD1C39522888D63D007609A7 /* Playground */ = {
			isa = PBXGroup;
			children = (
				BD1C39532888D654007609A7 /* Grammer.playground */,
			);
			path = Playground;
			sourceTree = "<group>";
		};
		BD48B6172887082D003A1122 /* Shopping */ = {
			isa = PBXGroup;
			children = (
				BD48B61C2887093F003A1122 /* Cell */,
				BD48B6182887083D003A1122 /* Shopping.storyboard */,
				BD48B61A28870873003A1122 /* ShoppingTableViewController.swift */,
			);
			path = Shopping;
			sourceTree = "<group>";
		};
		BD48B61C2887093F003A1122 /* Cell */ = {
			isa = PBXGroup;
			children = (
				BD48B61D28870947003A1122 /* InputTableViewCell.swift */,
				BD48B61F28870E6A003A1122 /* ShoppingTableViewCell.swift */,
			);
			path = Cell;
			sourceTree = "<group>";
		};
		BDCA1DDB28856E2500968372 = {
			isa = PBXGroup;
			children = (
				BDCA1DE628856E2500968372 /* SeSACWeek3 */,
				BDCA1DE528856E2500968372 /* Products */,
			);
			sourceTree = "<group>";
		};
		BDCA1DE528856E2500968372 /* Products */ = {
			isa = PBXGroup;
			children = (
				BDCA1DE428856E2500968372 /* SeSACWeek3.app */,
			);
			name = Products;
			sourceTree = "<group>";
		};
		BDCA1DE628856E2500968372 /* SeSACWeek3 */ = {
			isa = PBXGroup;
			children = (
				BD1C39522888D63D007609A7 /* Playground */,
				BDCA1E312886477000968372 /* Extensions */,
				BDCA1E2E2886446000968372 /* Intro */,
				BDCA1E2D2886445700968372 /* Trend */,
				BDCA1E2C2886444E00968372 /* Search */,
				BDCA1DFB28856E7A00968372 /* Setting */,
				BD48B6172887082D003A1122 /* Shopping */,
				BDCA1DE728856E2500968372 /* AppDelegate.swift */,
				BDCA1DE928856E2500968372 /* SceneDelegate.swift */,
				BDCA1DEB28856E2500968372 /* ViewController.swift */,
				BDCA1DED28856E2500968372 /* Main.storyboard */,
				BDCA1DF028856E2700968372 /* Assets.xcassets */,
				BDCA1DF228856E2700968372 /* LaunchScreen.storyboard */,
				BDCA1DF528856E2700968372 /* Info.plist */,
			);
			path = SeSACWeek3;
			sourceTree = "<group>";
		};
		BDCA1DFB28856E7A00968372 /* Setting */ = {
			isa = PBXGroup;
			children = (
				BDCA1DFE28856E9F00968372 /* Setting.storyboard */,
				BDCA1E00288572CF00968372 /* SettingViewController.swift */,
			);
			path = Setting;
			sourceTree = "<group>";
		};
		BDCA1E2C2886444E00968372 /* Search */ = {
			isa = PBXGroup;
			children = (
				BDCA1E222886401800968372 /* Search.storyboard */,
				BDCA1E2A2886443F00968372 /* SearchViewController.swift */,
			);
			path = Search;
			sourceTree = "<group>";
		};
		BDCA1E2D2886445700968372 /* Trend */ = {
			isa = PBXGroup;
			children = (
				BDCA1E242886404700968372 /* Trend.storyboard */,
				BDCD020128879AA9007A562C /* RecommendCollectionViewController.swift */,
				BDCA1E282886443300968372 /* TrendViewController.swift */,
				BDCA1E3428864BB000968372 /* BucketlistTableViewController.swift */,
				BDCA1E3628864D9D00968372 /* BucketlistTableViewCell.swift */,
				BD828D5828879DF800664C76 /* RecommendCollectionViewCell.swift */,
			);
			path = Trend;
			sourceTree = "<group>";
		};
		BDCA1E2E2886446000968372 /* Intro */ = {
			isa = PBXGroup;
			children = (
				BDCA1E262886419400968372 /* Intro.storyboard */,
			);
			path = Intro;
			sourceTree = "<group>";
		};
		BDCA1E312886477000968372 /* Extensions */ = {
			isa = PBXGroup;
			children = (
				BDCA1E2F2886451600968372 /* UIViewController+Extension.swift */,
				BDCA1E322886478A00968372 /* UITextField+Extension.swift */,
			);
			path = Extensions;
			sourceTree = "<group>";
		};
/* End PBXGroup section */

/* Begin PBXNativeTarget section */
		BDCA1DE328856E2500968372 /* SeSACWeek3 */ = {
			isa = PBXNativeTarget;
			buildConfigurationList = BDCA1DF828856E2700968372 /* Build configuration list for PBXNativeTarget "SeSACWeek3" */;
			buildPhases = (
				BDCA1DE028856E2500968372 /* Sources */,
				BDCA1DE128856E2500968372 /* Frameworks */,
				BDCA1DE228856E2500968372 /* Resources */,
			);
			buildRules = (
			);
			dependencies = (
			);
			name = SeSACWeek3;
			packageProductDependencies = (
				BD828D5B2887AE3500664C76 /* Kingfisher */,
				BD828D5E2887AE6700664C76 /* Toast */,
			);
			productName = SeSACWeek3;
			productReference = BDCA1DE428856E2500968372 /* SeSACWeek3.app */;
			productType = "com.apple.product-type.application";
		};
/* End PBXNativeTarget section */

/* Begin PBXProject section */
		BDCA1DDC28856E2500968372 /* Project object */ = {
			isa = PBXProject;
			attributes = {
				BuildIndependentTargetsInParallel = 1;
				LastSwiftUpdateCheck = 1340;
				LastUpgradeCheck = 1340;
				TargetAttributes = {
					BDCA1DE328856E2500968372 = {
						CreatedOnToolsVersion = 13.4.1;
					};
				};
			};
			buildConfigurationList = BDCA1DDF28856E2500968372 /* Build configuration list for PBXProject "SeSACWeek3" */;
			compatibilityVersion = "Xcode 13.0";
			developmentRegion = en;
			hasScannedForEncodings = 0;
			knownRegions = (
				en,
				Base,
			);
			mainGroup = BDCA1DDB28856E2500968372;
			packageReferences = (
				BD828D5A2887AE3500664C76 /* XCRemoteSwiftPackageReference "Kingfisher" */,
				BD828D5D2887AE6700664C76 /* XCRemoteSwiftPackageReference "Toast-Swift" */,
			);
			productRefGroup = BDCA1DE528856E2500968372 /* Products */;
			projectDirPath = "";
			projectRoot = "";
			targets = (
				BDCA1DE328856E2500968372 /* SeSACWeek3 */,
			);
		};
/* End PBXProject section */

/* Begin PBXResourcesBuildPhase section */
		BDCA1DE228856E2500968372 /* Resources */ = {
			isa = PBXResourcesBuildPhase;
			buildActionMask = 2147483647;
			files = (
				BDCA1DF428856E2700968372 /* LaunchScreen.storyboard in Resources */,
				BDCA1DF128856E2700968372 /* Assets.xcassets in Resources */,
				BD48B6192887083D003A1122 /* Shopping.storyboard in Resources */,
				BDCA1DEF28856E2500968372 /* Main.storyboard in Resources */,
				BDCA1DFF28856E9F00968372 /* Setting.storyboard in Resources */,
				BDCA1E252886404700968372 /* Trend.storyboard in Resources */,
				BDCA1E272886419400968372 /* Intro.storyboard in Resources */,
				BDCA1E232886401800968372 /* Search.storyboard in Resources */,
			);
			runOnlyForDeploymentPostprocessing = 0;
		};
/* End PBXResourcesBuildPhase section */

/* Begin PBXSourcesBuildPhase section */
		BDCA1DE028856E2500968372 /* Sources */ = {
			isa = PBXSourcesBuildPhase;
			buildActionMask = 2147483647;
			files = (
				BDCA1E2B2886443F00968372 /* SearchViewController.swift in Sources */,
				BDCD020228879AA9007A562C /* RecommendCollectionViewController.swift in Sources */,
				BD48B62028870E6A003A1122 /* ShoppingTableViewCell.swift in Sources */,
				BD48B61B28870873003A1122 /* ShoppingTableViewController.swift in Sources */,
				BDCA1DEC28856E2500968372 /* ViewController.swift in Sources */,
				BDCA1DE828856E2500968372 /* AppDelegate.swift in Sources */,
				BDCA1E292886443300968372 /* TrendViewController.swift in Sources */,
				BDCA1E302886451600968372 /* UIViewController+Extension.swift in Sources */,
				BDCA1E3728864D9D00968372 /* BucketlistTableViewCell.swift in Sources */,
				BDCA1E332886478A00968372 /* UITextField+Extension.swift in Sources */,
				BDCA1DEA28856E2500968372 /* SceneDelegate.swift in Sources */,
				BD828D5928879DF800664C76 /* RecommendCollectionViewCell.swift in Sources */,
				BDCA1E3528864BB000968372 /* BucketlistTableViewController.swift in Sources */,
				BD48B61E28870947003A1122 /* InputTableViewCell.swift in Sources */,
				BDCA1E01288572CF00968372 /* SettingViewController.swift in Sources */,
			);
			runOnlyForDeploymentPostprocessing = 0;
		};
/* End PBXSourcesBuildPhase section */

/* Begin PBXVariantGroup section */
		BDCA1DED28856E2500968372 /* Main.storyboard */ = {
			isa = PBXVariantGroup;
			children = (
				BDCA1DEE28856E2500968372 /* Base */,
			);
			name = Main.storyboard;
			sourceTree = "<group>";
		};
		BDCA1DF228856E2700968372 /* LaunchScreen.storyboard */ = {
			isa = PBXVariantGroup;
			children = (
				BDCA1DF328856E2700968372 /* Base */,
			);
			name = LaunchScreen.storyboard;
			sourceTree = "<group>";
		};
/* End PBXVariantGroup section */

/* Begin XCBuildConfiguration section */
		BDCA1DF628856E2700968372 /* Debug */ = {
			isa = XCBuildConfiguration;
			buildSettings = {
				ALWAYS_SEARCH_USER_PATHS = NO;
				CLANG_ANALYZER_NONNULL = YES;
				CLANG_ANALYZER_NUMBER_OBJECT_CONVERSION = YES_AGGRESSIVE;
				CLANG_CXX_LANGUAGE_STANDARD = "gnu++17";
				CLANG_ENABLE_MODULES = YES;
				CLANG_ENABLE_OBJC_ARC = YES;
				CLANG_ENABLE_OBJC_WEAK = YES;
				CLANG_WARN_BLOCK_CAPTURE_AUTORELEASING = YES;
				CLANG_WARN_BOOL_CONVERSION = YES;
				CLANG_WARN_COMMA = YES;
				CLANG_WARN_CONSTANT_CONVERSION = YES;
				CLANG_WARN_DEPRECATED_OBJC_IMPLEMENTATIONS = YES;
				CLANG_WARN_DIRECT_OBJC_ISA_USAGE = YES_ERROR;
				CLANG_WARN_DOCUMENTATION_COMMENTS = YES;
				CLANG_WARN_EMPTY_BODY = YES;
				CLANG_WARN_ENUM_CONVERSION = YES;
				CLANG_WARN_INFINITE_RECURSION = YES;
				CLANG_WARN_INT_CONVERSION = YES;
				CLANG_WARN_NON_LITERAL_NULL_CONVERSION = YES;
				CLANG_WARN_OBJC_IMPLICIT_RETAIN_SELF = YES;
				CLANG_WARN_OBJC_LITERAL_CONVERSION = YES;
				CLANG_WARN_OBJC_ROOT_CLASS = YES_ERROR;
				CLANG_WARN_QUOTED_INCLUDE_IN_FRAMEWORK_HEADER = YES;
				CLANG_WARN_RANGE_LOOP_ANALYSIS = YES;
				CLANG_WARN_STRICT_PROTOTYPES = YES;
				CLANG_WARN_SUSPICIOUS_MOVE = YES;
				CLANG_WARN_UNGUARDED_AVAILABILITY = YES_AGGRESSIVE;
				CLANG_WARN_UNREACHABLE_CODE = YES;
				CLANG_WARN__DUPLICATE_METHOD_MATCH = YES;
				COPY_PHASE_STRIP = NO;
				DEBUG_INFORMATION_FORMAT = dwarf;
				ENABLE_STRICT_OBJC_MSGSEND = YES;
				ENABLE_TESTABILITY = YES;
				GCC_C_LANGUAGE_STANDARD = gnu11;
				GCC_DYNAMIC_NO_PIC = NO;
				GCC_NO_COMMON_BLOCKS = YES;
				GCC_OPTIMIZATION_LEVEL = 0;
				GCC_PREPROCESSOR_DEFINITIONS = (
					"DEBUG=1",
					"$(inherited)",
				);
				GCC_WARN_64_TO_32_BIT_CONVERSION = YES;
				GCC_WARN_ABOUT_RETURN_TYPE = YES_ERROR;
				GCC_WARN_UNDECLARED_SELECTOR = YES;
				GCC_WARN_UNINITIALIZED_AUTOS = YES_AGGRESSIVE;
				GCC_WARN_UNUSED_FUNCTION = YES;
				GCC_WARN_UNUSED_VARIABLE = YES;
				IPHONEOS_DEPLOYMENT_TARGET = 14.0;
				MTL_ENABLE_DEBUG_INFO = INCLUDE_SOURCE;
				MTL_FAST_MATH = YES;
				ONLY_ACTIVE_ARCH = YES;
				SDKROOT = iphoneos;
				SWIFT_ACTIVE_COMPILATION_CONDITIONS = DEBUG;
				SWIFT_OPTIMIZATION_LEVEL = "-Onone";
			};
			name = Debug;
		};
		BDCA1DF728856E2700968372 /* Release */ = {
			isa = XCBuildConfiguration;
			buildSettings = {
				ALWAYS_SEARCH_USER_PATHS = NO;
				CLANG_ANALYZER_NONNULL = YES;
				CLANG_ANALYZER_NUMBER_OBJECT_CONVERSION = YES_AGGRESSIVE;
				CLANG_CXX_LANGUAGE_STANDARD = "gnu++17";
				CLANG_ENABLE_MODULES = YES;
				CLANG_ENABLE_OBJC_ARC = YES;
				CLANG_ENABLE_OBJC_WEAK = YES;
				CLANG_WARN_BLOCK_CAPTURE_AUTORELEASING = YES;
				CLANG_WARN_BOOL_CONVERSION = YES;
				CLANG_WARN_COMMA = YES;
				CLANG_WARN_CONSTANT_CONVERSION = YES;
				CLANG_WARN_DEPRECATED_OBJC_IMPLEMENTATIONS = YES;
				CLANG_WARN_DIRECT_OBJC_ISA_USAGE = YES_ERROR;
				CLANG_WARN_DOCUMENTATION_COMMENTS = YES;
				CLANG_WARN_EMPTY_BODY = YES;
				CLANG_WARN_ENUM_CONVERSION = YES;
				CLANG_WARN_INFINITE_RECURSION = YES;
				CLANG_WARN_INT_CONVERSION = YES;
				CLANG_WARN_NON_LITERAL_NULL_CONVERSION = YES;
				CLANG_WARN_OBJC_IMPLICIT_RETAIN_SELF = YES;
				CLANG_WARN_OBJC_LITERAL_CONVERSION = YES;
				CLANG_WARN_OBJC_ROOT_CLASS = YES_ERROR;
				CLANG_WARN_QUOTED_INCLUDE_IN_FRAMEWORK_HEADER = YES;
				CLANG_WARN_RANGE_LOOP_ANALYSIS = YES;
				CLANG_WARN_STRICT_PROTOTYPES = YES;
				CLANG_WARN_SUSPICIOUS_MOVE = YES;
				CLANG_WARN_UNGUARDED_AVAILABILITY = YES_AGGRESSIVE;
				CLANG_WARN_UNREACHABLE_CODE = YES;
				CLANG_WARN__DUPLICATE_METHOD_MATCH = YES;
				COPY_PHASE_STRIP = NO;
				DEBUG_INFORMATION_FORMAT = "dwarf-with-dsym";
				ENABLE_NS_ASSERTIONS = NO;
				ENABLE_STRICT_OBJC_MSGSEND = YES;
				GCC_C_LANGUAGE_STANDARD = gnu11;
				GCC_NO_COMMON_BLOCKS = YES;
				GCC_WARN_64_TO_32_BIT_CONVERSION = YES;
				GCC_WARN_ABOUT_RETURN_TYPE = YES_ERROR;
				GCC_WARN_UNDECLARED_SELECTOR = YES;
				GCC_WARN_UNINITIALIZED_AUTOS = YES_AGGRESSIVE;
				GCC_WARN_UNUSED_FUNCTION = YES;
				GCC_WARN_UNUSED_VARIABLE = YES;
				IPHONEOS_DEPLOYMENT_TARGET = 14.0;
				MTL_ENABLE_DEBUG_INFO = NO;
				MTL_FAST_MATH = YES;
				SDKROOT = iphoneos;
				SWIFT_COMPILATION_MODE = wholemodule;
				SWIFT_OPTIMIZATION_LEVEL = "-O";
				VALIDATE_PRODUCT = YES;
			};
			name = Release;
		};
		BDCA1DF928856E2700968372 /* Debug */ = {
			isa = XCBuildConfiguration;
			buildSettings = {
				ASSETCATALOG_COMPILER_APPICON_NAME = AppIcon;
				ASSETCATALOG_COMPILER_GLOBAL_ACCENT_COLOR_NAME = AccentColor;
				CODE_SIGN_STYLE = Automatic;
				CURRENT_PROJECT_VERSION = 1;
				DEVELOPMENT_TEAM = W7P3R7ZL78;
				GENERATE_INFOPLIST_FILE = YES;
				INFOPLIST_FILE = SeSACWeek3/Info.plist;
				INFOPLIST_KEY_UIApplicationSupportsIndirectInputEvents = YES;
				INFOPLIST_KEY_UILaunchStoryboardName = LaunchScreen;
				INFOPLIST_KEY_UIMainStoryboardFile = Main;
				INFOPLIST_KEY_UISupportedInterfaceOrientations_iPad = "UIInterfaceOrientationPortrait UIInterfaceOrientationPortraitUpsideDown UIInterfaceOrientationLandscapeLeft UIInterfaceOrientationLandscapeRight";
				INFOPLIST_KEY_UISupportedInterfaceOrientations_iPhone = "UIInterfaceOrientationPortrait UIInterfaceOrientationLandscapeLeft UIInterfaceOrientationLandscapeRight";
				IPHONEOS_DEPLOYMENT_TARGET = 14.0;
				LD_RUNPATH_SEARCH_PATHS = (
					"$(inherited)",
					"@executable_path/Frameworks",
				);
				MARKETING_VERSION = 1.0;
				PRODUCT_BUNDLE_IDENTIFIER = com.taekki.SeSACWeek3;
				PRODUCT_NAME = "$(TARGET_NAME)";
				SWIFT_EMIT_LOC_STRINGS = YES;
				SWIFT_VERSION = 5.0;
				TARGETED_DEVICE_FAMILY = 1;
			};
			name = Debug;
		};
		BDCA1DFA28856E2700968372 /* Release */ = {
			isa = XCBuildConfiguration;
			buildSettings = {
				ASSETCATALOG_COMPILER_APPICON_NAME = AppIcon;
				ASSETCATALOG_COMPILER_GLOBAL_ACCENT_COLOR_NAME = AccentColor;
				CODE_SIGN_STYLE = Automatic;
				CURRENT_PROJECT_VERSION = 1;
				DEVELOPMENT_TEAM = W7P3R7ZL78;
				GENERATE_INFOPLIST_FILE = YES;
				INFOPLIST_FILE = SeSACWeek3/Info.plist;
				INFOPLIST_KEY_UIApplicationSupportsIndirectInputEvents = YES;
				INFOPLIST_KEY_UILaunchStoryboardName = LaunchScreen;
				INFOPLIST_KEY_UIMainStoryboardFile = Main;
				INFOPLIST_KEY_UISupportedInterfaceOrientations_iPad = "UIInterfaceOrientationPortrait UIInterfaceOrientationPortraitUpsideDown UIInterfaceOrientationLandscapeLeft UIInterfaceOrientationLandscapeRight";
				INFOPLIST_KEY_UISupportedInterfaceOrientations_iPhone = "UIInterfaceOrientationPortrait UIInterfaceOrientationLandscapeLeft UIInterfaceOrientationLandscapeRight";
				IPHONEOS_DEPLOYMENT_TARGET = 14.0;
				LD_RUNPATH_SEARCH_PATHS = (
					"$(inherited)",
					"@executable_path/Frameworks",
				);
				MARKETING_VERSION = 1.0;
				PRODUCT_BUNDLE_IDENTIFIER = com.taekki.SeSACWeek3;
				PRODUCT_NAME = "$(TARGET_NAME)";
				SWIFT_EMIT_LOC_STRINGS = YES;
				SWIFT_VERSION = 5.0;
				TARGETED_DEVICE_FAMILY = 1;
			};
			name = Release;
		};
/* End XCBuildConfiguration section */

/* Begin XCConfigurationList section */
		BDCA1DDF28856E2500968372 /* Build configuration list for PBXProject "SeSACWeek3" */ = {
			isa = XCConfigurationList;
			buildConfigurations = (
				BDCA1DF628856E2700968372 /* Debug */,
				BDCA1DF728856E2700968372 /* Release */,
			);
			defaultConfigurationIsVisible = 0;
			defaultConfigurationName = Release;
		};
		BDCA1DF828856E2700968372 /* Build configuration list for PBXNativeTarget "SeSACWeek3" */ = {
			isa = XCConfigurationList;
			buildConfigurations = (
				BDCA1DF928856E2700968372 /* Debug */,
				BDCA1DFA28856E2700968372 /* Release */,
			);
			defaultConfigurationIsVisible = 0;
			defaultConfigurationName = Release;
		};
/* End XCConfigurationList section */

/* Begin XCRemoteSwiftPackageReference section */
		BD828D5A2887AE3500664C76 /* XCRemoteSwiftPackageReference "Kingfisher" */ = {
			isa = XCRemoteSwiftPackageReference;
			repositoryURL = "https://github.com/onevcat/Kingfisher.git";
			requirement = {
				kind = upToNextMajorVersion;
				minimumVersion = 7.0.0;
			};
		};
		BD828D5D2887AE6700664C76 /* XCRemoteSwiftPackageReference "Toast-Swift" */ = {
			isa = XCRemoteSwiftPackageReference;
			repositoryURL = "https://github.com/scalessec/Toast-Swift.git";
			requirement = {
				kind = upToNextMajorVersion;
				minimumVersion = 5.0.0;
			};
		};
/* End XCRemoteSwiftPackageReference section */

/* Begin XCSwiftPackageProductDependency section */
		BD828D5B2887AE3500664C76 /* Kingfisher */ = {
			isa = XCSwiftPackageProductDependency;
			package = BD828D5A2887AE3500664C76 /* XCRemoteSwiftPackageReference "Kingfisher" */;
			productName = Kingfisher;
		};
		BD828D5E2887AE6700664C76 /* Toast */ = {
			isa = XCSwiftPackageProductDependency;
			package = BD828D5D2887AE6700664C76 /* XCRemoteSwiftPackageReference "Toast-Swift" */;
			productName = Toast;
		};
/* End XCSwiftPackageProductDependency section */
	};
	rootObject = BDCA1DDC28856E2500968372 /* Project object */;
}
