// !$*UTF8*$!
{
	archiveVersion = 1;
	classes = {
	};
	objectVersion = 56;
	objects = {

/* Begin PBXBuildFile section */
		BD924FE628F7945000BBFC4C /* Realm in Frameworks */ = {isa = PBXBuildFile; productRef = BD924FE528F7945000BBFC4C /* Realm */; };
		BD924FE828F7945000BBFC4C /* RealmSwift in Frameworks */ = {isa = PBXBuildFile; productRef = BD924FE728F7945000BBFC4C /* RealmSwift */; };
		BDA1ACF928ED16BD005D1ED3 /* AppDelegate.swift in Sources */ = {isa = PBXBuildFile; fileRef = BDA1ACF828ED16BD005D1ED3 /* AppDelegate.swift */; };
		BDA1ACFB28ED16BD005D1ED3 /* SceneDelegate.swift in Sources */ = {isa = PBXBuildFile; fileRef = BDA1ACFA28ED16BD005D1ED3 /* SceneDelegate.swift */; };
		BDA1ACFD28ED16BD005D1ED3 /* ViewController.swift in Sources */ = {isa = PBXBuildFile; fileRef = BDA1ACFC28ED16BD005D1ED3 /* ViewController.swift */; };
		BDA1AD0028ED16BD005D1ED3 /* Main.storyboard in Resources */ = {isa = PBXBuildFile; fileRef = BDA1ACFE28ED16BD005D1ED3 /* Main.storyboard */; };
		BDA1AD0228ED16C3005D1ED3 /* Assets.xcassets in Resources */ = {isa = PBXBuildFile; fileRef = BDA1AD0128ED16C3005D1ED3 /* Assets.xcassets */; };
		BDA1AD0528ED16C3005D1ED3 /* LaunchScreen.storyboard in Resources */ = {isa = PBXBuildFile; fileRef = BDA1AD0328ED16C3005D1ED3 /* LaunchScreen.storyboard */; };
		BDA1AD0D28ED1D5E005D1ED3 /* GoogleService-Info.plist in Resources */ = {isa = PBXBuildFile; fileRef = BDA1AD0C28ED1D5E005D1ED3 /* GoogleService-Info.plist */; };
		BDBA0FC828F4FF880075DADF /* FirebaseAnalyticsWithoutAdIdSupport in Frameworks */ = {isa = PBXBuildFile; productRef = BDBA0FC728F4FF880075DADF /* FirebaseAnalyticsWithoutAdIdSupport */; };
		BDBA0FCA28F4FF880075DADF /* FirebaseCrashlytics in Frameworks */ = {isa = PBXBuildFile; productRef = BDBA0FC928F4FF880075DADF /* FirebaseCrashlytics */; };
		BDBA0FCC28F4FF880075DADF /* FirebaseMessaging in Frameworks */ = {isa = PBXBuildFile; productRef = BDBA0FCB28F4FF880075DADF /* FirebaseMessaging */; };
/* End PBXBuildFile section */

/* Begin PBXFileReference section */
		BDA1ACF528ED16BD005D1ED3 /* FirebaseSample.app */ = {isa = PBXFileReference; explicitFileType = wrapper.application; includeInIndex = 0; path = FirebaseSample.app; sourceTree = BUILT_PRODUCTS_DIR; };
		BDA1ACF828ED16BD005D1ED3 /* AppDelegate.swift */ = {isa = PBXFileReference; lastKnownFileType = sourcecode.swift; path = AppDelegate.swift; sourceTree = "<group>"; };
		BDA1ACFA28ED16BD005D1ED3 /* SceneDelegate.swift */ = {isa = PBXFileReference; lastKnownFileType = sourcecode.swift; path = SceneDelegate.swift; sourceTree = "<group>"; };
		BDA1ACFC28ED16BD005D1ED3 /* ViewController.swift */ = {isa = PBXFileReference; lastKnownFileType = sourcecode.swift; path = ViewController.swift; sourceTree = "<group>"; };
		BDA1ACFF28ED16BD005D1ED3 /* Base */ = {isa = PBXFileReference; lastKnownFileType = file.storyboard; name = Base; path = Base.lproj/Main.storyboard; sourceTree = "<group>"; };
		BDA1AD0128ED16C3005D1ED3 /* Assets.xcassets */ = {isa = PBXFileReference; lastKnownFileType = folder.assetcatalog; path = Assets.xcassets; sourceTree = "<group>"; };
		BDA1AD0428ED16C3005D1ED3 /* Base */ = {isa = PBXFileReference; lastKnownFileType = file.storyboard; name = Base; path = Base.lproj/LaunchScreen.storyboard; sourceTree = "<group>"; };
		BDA1AD0628ED16C3005D1ED3 /* Info.plist */ = {isa = PBXFileReference; lastKnownFileType = text.plist.xml; path = Info.plist; sourceTree = "<group>"; };
		BDA1AD0C28ED1D5E005D1ED3 /* GoogleService-Info.plist */ = {isa = PBXFileReference; fileEncoding = 4; lastKnownFileType = text.plist.xml; path = "GoogleService-Info.plist"; sourceTree = "<group>"; };
		BDBA0FC528F4F20B0075DADF /* FirebaseSample.entitlements */ = {isa = PBXFileReference; lastKnownFileType = text.plist.entitlements; path = FirebaseSample.entitlements; sourceTree = "<group>"; };
/* End PBXFileReference section */

/* Begin PBXFrameworksBuildPhase section */
		BDA1ACF228ED16BD005D1ED3 /* Frameworks */ = {
			isa = PBXFrameworksBuildPhase;
			buildActionMask = 2147483647;
			files = (
				BDBA0FCC28F4FF880075DADF /* FirebaseMessaging in Frameworks */,
				BDBA0FC828F4FF880075DADF /* FirebaseAnalyticsWithoutAdIdSupport in Frameworks */,
				BD924FE628F7945000BBFC4C /* Realm in Frameworks */,
				BD924FE828F7945000BBFC4C /* RealmSwift in Frameworks */,
				BDBA0FCA28F4FF880075DADF /* FirebaseCrashlytics in Frameworks */,
			);
			runOnlyForDeploymentPostprocessing = 0;
		};
/* End PBXFrameworksBuildPhase section */

/* Begin PBXGroup section */
		BDA1ACEC28ED16BD005D1ED3 = {
			isa = PBXGroup;
			children = (
				BDA1ACF728ED16BD005D1ED3 /* FirebaseSample */,
				BDA1ACF628ED16BD005D1ED3 /* Products */,
			);
			sourceTree = "<group>";
		};
		BDA1ACF628ED16BD005D1ED3 /* Products */ = {
			isa = PBXGroup;
			children = (
				BDA1ACF528ED16BD005D1ED3 /* FirebaseSample.app */,
			);
			name = Products;
			sourceTree = "<group>";
		};
		BDA1ACF728ED16BD005D1ED3 /* FirebaseSample */ = {
			isa = PBXGroup;
			children = (
				BDBA0FC528F4F20B0075DADF /* FirebaseSample.entitlements */,
				BDA1AD0C28ED1D5E005D1ED3 /* GoogleService-Info.plist */,
				BDA1ACF828ED16BD005D1ED3 /* AppDelegate.swift */,
				BDA1ACFA28ED16BD005D1ED3 /* SceneDelegate.swift */,
				BDA1ACFC28ED16BD005D1ED3 /* ViewController.swift */,
				BDA1ACFE28ED16BD005D1ED3 /* Main.storyboard */,
				BDA1AD0128ED16C3005D1ED3 /* Assets.xcassets */,
				BDA1AD0328ED16C3005D1ED3 /* LaunchScreen.storyboard */,
				BDA1AD0628ED16C3005D1ED3 /* Info.plist */,
			);
			path = FirebaseSample;
			sourceTree = "<group>";
		};
/* End PBXGroup section */

/* Begin PBXNativeTarget section */
		BDA1ACF428ED16BD005D1ED3 /* FirebaseSample */ = {
			isa = PBXNativeTarget;
			buildConfigurationList = BDA1AD0928ED16C3005D1ED3 /* Build configuration list for PBXNativeTarget "FirebaseSample" */;
			buildPhases = (
				BDA1ACF128ED16BD005D1ED3 /* Sources */,
				BDA1ACF228ED16BD005D1ED3 /* Frameworks */,
				BDA1ACF328ED16BD005D1ED3 /* Resources */,
				BDA1AD1628ED2E6B005D1ED3 /* ShellScript */,
			);
			buildRules = (
			);
			dependencies = (
			);
			name = FirebaseSample;
			packageProductDependencies = (
				BDBA0FC728F4FF880075DADF /* FirebaseAnalyticsWithoutAdIdSupport */,
				BDBA0FC928F4FF880075DADF /* FirebaseCrashlytics */,
				BDBA0FCB28F4FF880075DADF /* FirebaseMessaging */,
				BD924FE528F7945000BBFC4C /* Realm */,
				BD924FE728F7945000BBFC4C /* RealmSwift */,
			);
			productName = FirebaseSample;
			productReference = BDA1ACF528ED16BD005D1ED3 /* FirebaseSample.app */;
			productType = "com.apple.product-type.application";
		};
/* End PBXNativeTarget section */

/* Begin PBXProject section */
		BDA1ACED28ED16BD005D1ED3 /* Project object */ = {
			isa = PBXProject;
			attributes = {
				BuildIndependentTargetsInParallel = 1;
				LastSwiftUpdateCheck = 1400;
				LastUpgradeCheck = 1400;
				TargetAttributes = {
					BDA1ACF428ED16BD005D1ED3 = {
						CreatedOnToolsVersion = 14.0;
					};
				};
			};
			buildConfigurationList = BDA1ACF028ED16BD005D1ED3 /* Build configuration list for PBXProject "FirebaseSample" */;
			compatibilityVersion = "Xcode 14.0";
			developmentRegion = en;
			hasScannedForEncodings = 0;
			knownRegions = (
				en,
				Base,
			);
			mainGroup = BDA1ACEC28ED16BD005D1ED3;
			packageReferences = (
				BDBA0FC628F4FF880075DADF /* XCRemoteSwiftPackageReference "firebase-ios-sdk" */,
				BD924FE428F7945000BBFC4C /* XCRemoteSwiftPackageReference "realm-swift" */,
			);
			productRefGroup = BDA1ACF628ED16BD005D1ED3 /* Products */;
			projectDirPath = "";
			projectRoot = "";
			targets = (
				BDA1ACF428ED16BD005D1ED3 /* FirebaseSample */,
			);
		};
/* End PBXProject section */

/* Begin PBXResourcesBuildPhase section */
		BDA1ACF328ED16BD005D1ED3 /* Resources */ = {
			isa = PBXResourcesBuildPhase;
			buildActionMask = 2147483647;
			files = (
				BDA1AD0528ED16C3005D1ED3 /* LaunchScreen.storyboard in Resources */,
				BDA1AD0D28ED1D5E005D1ED3 /* GoogleService-Info.plist in Resources */,
				BDA1AD0228ED16C3005D1ED3 /* Assets.xcassets in Resources */,
				BDA1AD0028ED16BD005D1ED3 /* Main.storyboard in Resources */,
			);
			runOnlyForDeploymentPostprocessing = 0;
		};
/* End PBXResourcesBuildPhase section */

/* Begin PBXShellScriptBuildPhase section */
		BDA1AD1628ED2E6B005D1ED3 /* ShellScript */ = {
			isa = PBXShellScriptBuildPhase;
			buildActionMask = 2147483647;
			files = (
			);
			inputFileListPaths = (
			);
			inputPaths = (
				"${DWARF_DSYM_FOLDER_PATH}/${DWARF_DSYM_FILE_NAME}/Contents/Resources/DWARF/${TARGET_NAME}",
				"$(SRCROOT)/$(BUILT_PRODUCTS_DIR)/$(INFOPLIST_PATH)",
			);
			outputFileListPaths = (
			);
			outputPaths = (
			);
			runOnlyForDeploymentPostprocessing = 0;
			shellPath = /bin/sh;
			shellScript = "# Type a script or drag a script file from your workspace to insert its path.\n\"${BUILD_DIR%/Build/*}/SourcePackages/checkouts/firebase-ios-sdk/Crashlytics/run\"\n";
		};
/* End PBXShellScriptBuildPhase section */

/* Begin PBXSourcesBuildPhase section */
		BDA1ACF128ED16BD005D1ED3 /* Sources */ = {
			isa = PBXSourcesBuildPhase;
			buildActionMask = 2147483647;
			files = (
				BDA1ACFD28ED16BD005D1ED3 /* ViewController.swift in Sources */,
				BDA1ACF928ED16BD005D1ED3 /* AppDelegate.swift in Sources */,
				BDA1ACFB28ED16BD005D1ED3 /* SceneDelegate.swift in Sources */,
			);
			runOnlyForDeploymentPostprocessing = 0;
		};
/* End PBXSourcesBuildPhase section */

/* Begin PBXVariantGroup section */
		BDA1ACFE28ED16BD005D1ED3 /* Main.storyboard */ = {
			isa = PBXVariantGroup;
			children = (
				BDA1ACFF28ED16BD005D1ED3 /* Base */,
			);
			name = Main.storyboard;
			sourceTree = "<group>";
		};
		BDA1AD0328ED16C3005D1ED3 /* LaunchScreen.storyboard */ = {
			isa = PBXVariantGroup;
			children = (
				BDA1AD0428ED16C3005D1ED3 /* Base */,
			);
			name = LaunchScreen.storyboard;
			sourceTree = "<group>";
		};
/* End PBXVariantGroup section */

/* Begin XCBuildConfiguration section */
		BDA1AD0728ED16C3005D1ED3 /* Debug */ = {
			isa = XCBuildConfiguration;
			buildSettings = {
				ALWAYS_SEARCH_USER_PATHS = NO;
				CLANG_ANALYZER_NONNULL = YES;
				CLANG_ANALYZER_NUMBER_OBJECT_CONVERSION = YES_AGGRESSIVE;
				CLANG_CXX_LANGUAGE_STANDARD = "gnu++20";
				CLANG_ENABLE_MODULES = YES;
				CLANG_ENABLE_OBJC_ARC = YES;
				CLANG_ENABLE_OBJC_WEAK = YES;
				CLANG_WARN_BLOCK_CAPTURE_AUTORELEASING = YES;
				CLANG_WARN_BOOL_CONVERSION = YES;
				CLANG_WARN_COMMA = YES;
				CLANG_WARN_CONSTANT_CONVERSION = YES;
				CLANG_WARN_DEPRECATED_OBJC_IMPLEMENTATIONS = YES;
				CLANG_WARN_DIRECT_OBJC_ISA_USAGE = YES_ERROR;
				CLANG_WARN_DOCUMENTATION_COMMENTS = YES;
				CLANG_WARN_EMPTY_BODY = YES;
				CLANG_WARN_ENUM_CONVERSION = YES;
				CLANG_WARN_INFINITE_RECURSION = YES;
				CLANG_WARN_INT_CONVERSION = YES;
				CLANG_WARN_NON_LITERAL_NULL_CONVERSION = YES;
				CLANG_WARN_OBJC_IMPLICIT_RETAIN_SELF = YES;
				CLANG_WARN_OBJC_LITERAL_CONVERSION = YES;
				CLANG_WARN_OBJC_ROOT_CLASS = YES_ERROR;
				CLANG_WARN_QUOTED_INCLUDE_IN_FRAMEWORK_HEADER = YES;
				CLANG_WARN_RANGE_LOOP_ANALYSIS = YES;
				CLANG_WARN_STRICT_PROTOTYPES = YES;
				CLANG_WARN_SUSPICIOUS_MOVE = YES;
				CLANG_WARN_UNGUARDED_AVAILABILITY = YES_AGGRESSIVE;
				CLANG_WARN_UNREACHABLE_CODE = YES;
				CLANG_WARN__DUPLICATE_METHOD_MATCH = YES;
				COPY_PHASE_STRIP = NO;
				DEBUG_INFORMATION_FORMAT = dwarf;
				ENABLE_STRICT_OBJC_MSGSEND = YES;
				ENABLE_TESTABILITY = YES;
				GCC_C_LANGUAGE_STANDARD = gnu11;
				GCC_DYNAMIC_NO_PIC = NO;
				GCC_NO_COMMON_BLOCKS = YES;
				GCC_OPTIMIZATION_LEVEL = 0;
				GCC_PREPROCESSOR_DEFINITIONS = (
					"DEBUG=1",
					"$(inherited)",
				);
				GCC_WARN_64_TO_32_BIT_CONVERSION = YES;
				GCC_WARN_ABOUT_RETURN_TYPE = YES_ERROR;
				GCC_WARN_UNDECLARED_SELECTOR = YES;
				GCC_WARN_UNINITIALIZED_AUTOS = YES_AGGRESSIVE;
				GCC_WARN_UNUSED_FUNCTION = YES;
				GCC_WARN_UNUSED_VARIABLE = YES;
				IPHONEOS_DEPLOYMENT_TARGET = 16.0;
				MTL_ENABLE_DEBUG_INFO = INCLUDE_SOURCE;
				MTL_FAST_MATH = YES;
				ONLY_ACTIVE_ARCH = YES;
				SDKROOT = iphoneos;
				SWIFT_ACTIVE_COMPILATION_CONDITIONS = DEBUG;
				SWIFT_OPTIMIZATION_LEVEL = "-Onone";
			};
			name = Debug;
		};
		BDA1AD0828ED16C3005D1ED3 /* Release */ = {
			isa = XCBuildConfiguration;
			buildSettings = {
				ALWAYS_SEARCH_USER_PATHS = NO;
				CLANG_ANALYZER_NONNULL = YES;
				CLANG_ANALYZER_NUMBER_OBJECT_CONVERSION = YES_AGGRESSIVE;
				CLANG_CXX_LANGUAGE_STANDARD = "gnu++20";
				CLANG_ENABLE_MODULES = YES;
				CLANG_ENABLE_OBJC_ARC = YES;
				CLANG_ENABLE_OBJC_WEAK = YES;
				CLANG_WARN_BLOCK_CAPTURE_AUTORELEASING = YES;
				CLANG_WARN_BOOL_CONVERSION = YES;
				CLANG_WARN_COMMA = YES;
				CLANG_WARN_CONSTANT_CONVERSION = YES;
				CLANG_WARN_DEPRECATED_OBJC_IMPLEMENTATIONS = YES;
				CLANG_WARN_DIRECT_OBJC_ISA_USAGE = YES_ERROR;
				CLANG_WARN_DOCUMENTATION_COMMENTS = YES;
				CLANG_WARN_EMPTY_BODY = YES;
				CLANG_WARN_ENUM_CONVERSION = YES;
				CLANG_WARN_INFINITE_RECURSION = YES;
				CLANG_WARN_INT_CONVERSION = YES;
				CLANG_WARN_NON_LITERAL_NULL_CONVERSION = YES;
				CLANG_WARN_OBJC_IMPLICIT_RETAIN_SELF = YES;
				CLANG_WARN_OBJC_LITERAL_CONVERSION = YES;
				CLANG_WARN_OBJC_ROOT_CLASS = YES_ERROR;
				CLANG_WARN_QUOTED_INCLUDE_IN_FRAMEWORK_HEADER = YES;
				CLANG_WARN_RANGE_LOOP_ANALYSIS = YES;
				CLANG_WARN_STRICT_PROTOTYPES = YES;
				CLANG_WARN_SUSPICIOUS_MOVE = YES;
				CLANG_WARN_UNGUARDED_AVAILABILITY = YES_AGGRESSIVE;
				CLANG_WARN_UNREACHABLE_CODE = YES;
				CLANG_WARN__DUPLICATE_METHOD_MATCH = YES;
				COPY_PHASE_STRIP = NO;
				DEBUG_INFORMATION_FORMAT = "dwarf-with-dsym";
				ENABLE_NS_ASSERTIONS = NO;
				ENABLE_STRICT_OBJC_MSGSEND = YES;
				GCC_C_LANGUAGE_STANDARD = gnu11;
				GCC_NO_COMMON_BLOCKS = YES;
				GCC_WARN_64_TO_32_BIT_CONVERSION = YES;
				GCC_WARN_ABOUT_RETURN_TYPE = YES_ERROR;
				GCC_WARN_UNDECLARED_SELECTOR = YES;
				GCC_WARN_UNINITIALIZED_AUTOS = YES_AGGRESSIVE;
				GCC_WARN_UNUSED_FUNCTION = YES;
				GCC_WARN_UNUSED_VARIABLE = YES;
				IPHONEOS_DEPLOYMENT_TARGET = 16.0;
				MTL_ENABLE_DEBUG_INFO = NO;
				MTL_FAST_MATH = YES;
				SDKROOT = iphoneos;
				SWIFT_COMPILATION_MODE = wholemodule;
				SWIFT_OPTIMIZATION_LEVEL = "-O";
				VALIDATE_PRODUCT = YES;
			};
			name = Release;
		};
		BDA1AD0A28ED16C3005D1ED3 /* Debug */ = {
			isa = XCBuildConfiguration;
			buildSettings = {
				ASSETCATALOG_COMPILER_APPICON_NAME = AppIcon;
				ASSETCATALOG_COMPILER_GLOBAL_ACCENT_COLOR_NAME = AccentColor;
				CODE_SIGN_ENTITLEMENTS = FirebaseSample/FirebaseSample.entitlements;
				CODE_SIGN_STYLE = Automatic;
				CURRENT_PROJECT_VERSION = 1;
				DEBUG_INFORMATION_FORMAT = "dwarf-with-dsym";
				DEVELOPMENT_TEAM = W7P3R7ZL78;
				GENERATE_INFOPLIST_FILE = YES;
				INFOPLIST_FILE = FirebaseSample/Info.plist;
				INFOPLIST_KEY_UIApplicationSupportsIndirectInputEvents = YES;
				INFOPLIST_KEY_UILaunchStoryboardName = LaunchScreen;
				INFOPLIST_KEY_UIMainStoryboardFile = Main;
				INFOPLIST_KEY_UISupportedInterfaceOrientations_iPad = "UIInterfaceOrientationPortrait UIInterfaceOrientationPortraitUpsideDown UIInterfaceOrientationLandscapeLeft UIInterfaceOrientationLandscapeRight";
				INFOPLIST_KEY_UISupportedInterfaceOrientations_iPhone = "UIInterfaceOrientationPortrait UIInterfaceOrientationLandscapeLeft UIInterfaceOrientationLandscapeRight";
				LD_RUNPATH_SEARCH_PATHS = (
					"$(inherited)",
					"@executable_path/Frameworks",
				);
				MARKETING_VERSION = 1.0;
				PRODUCT_BUNDLE_IDENTIFIER = com.taekki.FirebaseSample;
				PRODUCT_NAME = "$(TARGET_NAME)";
				SWIFT_EMIT_LOC_STRINGS = YES;
				SWIFT_VERSION = 5.0;
				TARGETED_DEVICE_FAMILY = "1,2";
			};
			name = Debug;
		};
		BDA1AD0B28ED16C3005D1ED3 /* Release */ = {
			isa = XCBuildConfiguration;
			buildSettings = {
				ASSETCATALOG_COMPILER_APPICON_NAME = AppIcon;
				ASSETCATALOG_COMPILER_GLOBAL_ACCENT_COLOR_NAME = AccentColor;
				CODE_SIGN_ENTITLEMENTS = FirebaseSample/FirebaseSample.entitlements;
				CODE_SIGN_STYLE = Automatic;
				CURRENT_PROJECT_VERSION = 1;
				DEVELOPMENT_TEAM = W7P3R7ZL78;
				GENERATE_INFOPLIST_FILE = YES;
				INFOPLIST_FILE = FirebaseSample/Info.plist;
				INFOPLIST_KEY_UIApplicationSupportsIndirectInputEvents = YES;
				INFOPLIST_KEY_UILaunchStoryboardName = LaunchScreen;
				INFOPLIST_KEY_UIMainStoryboardFile = Main;
				INFOPLIST_KEY_UISupportedInterfaceOrientations_iPad = "UIInterfaceOrientationPortrait UIInterfaceOrientationPortraitUpsideDown UIInterfaceOrientationLandscapeLeft UIInterfaceOrientationLandscapeRight";
				INFOPLIST_KEY_UISupportedInterfaceOrientations_iPhone = "UIInterfaceOrientationPortrait UIInterfaceOrientationLandscapeLeft UIInterfaceOrientationLandscapeRight";
				LD_RUNPATH_SEARCH_PATHS = (
					"$(inherited)",
					"@executable_path/Frameworks",
				);
				MARKETING_VERSION = 1.0;
				PRODUCT_BUNDLE_IDENTIFIER = com.taekki.FirebaseSample;
				PRODUCT_NAME = "$(TARGET_NAME)";
				SWIFT_EMIT_LOC_STRINGS = YES;
				SWIFT_VERSION = 5.0;
				TARGETED_DEVICE_FAMILY = "1,2";
			};
			name = Release;
		};
/* End XCBuildConfiguration section */

/* Begin XCConfigurationList section */
		BDA1ACF028ED16BD005D1ED3 /* Build configuration list for PBXProject "FirebaseSample" */ = {
			isa = XCConfigurationList;
			buildConfigurations = (
				BDA1AD0728ED16C3005D1ED3 /* Debug */,
				BDA1AD0828ED16C3005D1ED3 /* Release */,
			);
			defaultConfigurationIsVisible = 0;
			defaultConfigurationName = Release;
		};
		BDA1AD0928ED16C3005D1ED3 /* Build configuration list for PBXNativeTarget "FirebaseSample" */ = {
			isa = XCConfigurationList;
			buildConfigurations = (
				BDA1AD0A28ED16C3005D1ED3 /* Debug */,
				BDA1AD0B28ED16C3005D1ED3 /* Release */,
			);
			defaultConfigurationIsVisible = 0;
			defaultConfigurationName = Release;
		};
/* End XCConfigurationList section */

/* Begin XCRemoteSwiftPackageReference section */
		BD924FE428F7945000BBFC4C /* XCRemoteSwiftPackageReference "realm-swift" */ = {
			isa = XCRemoteSwiftPackageReference;
			repositoryURL = "https://github.com/realm/realm-swift.git";
			requirement = {
				kind = upToNextMajorVersion;
				minimumVersion = 10.31.0;
			};
		};
		BDBA0FC628F4FF880075DADF /* XCRemoteSwiftPackageReference "firebase-ios-sdk" */ = {
			isa = XCRemoteSwiftPackageReference;
			repositoryURL = "https://github.com/firebase/firebase-ios-sdk.git";
			requirement = {
				kind = upToNextMajorVersion;
				minimumVersion = 9.0.0;
			};
		};
/* End XCRemoteSwiftPackageReference section */

/* Begin XCSwiftPackageProductDependency section */
		BD924FE528F7945000BBFC4C /* Realm */ = {
			isa = XCSwiftPackageProductDependency;
			package = BD924FE428F7945000BBFC4C /* XCRemoteSwiftPackageReference "realm-swift" */;
			productName = Realm;
		};
		BD924FE728F7945000BBFC4C /* RealmSwift */ = {
			isa = XCSwiftPackageProductDependency;
			package = BD924FE428F7945000BBFC4C /* XCRemoteSwiftPackageReference "realm-swift" */;
			productName = RealmSwift;
		};
		BDBA0FC728F4FF880075DADF /* FirebaseAnalyticsWithoutAdIdSupport */ = {
			isa = XCSwiftPackageProductDependency;
			package = BDBA0FC628F4FF880075DADF /* XCRemoteSwiftPackageReference "firebase-ios-sdk" */;
			productName = FirebaseAnalyticsWithoutAdIdSupport;
		};
		BDBA0FC928F4FF880075DADF /* FirebaseCrashlytics */ = {
			isa = XCSwiftPackageProductDependency;
			package = BDBA0FC628F4FF880075DADF /* XCRemoteSwiftPackageReference "firebase-ios-sdk" */;
			productName = FirebaseCrashlytics;
		};
		BDBA0FCB28F4FF880075DADF /* FirebaseMessaging */ = {
			isa = XCSwiftPackageProductDependency;
			package = BDBA0FC628F4FF880075DADF /* XCRemoteSwiftPackageReference "firebase-ios-sdk" */;
			productName = FirebaseMessaging;
		};
/* End XCSwiftPackageProductDependency section */
	};
	rootObject = BDA1ACED28ED16BD005D1ED3 /* Project object */;
}
