// !$*UTF8*$!
{
	archiveVersion = 1;
	classes = {
	};
	objectVersion = 56;
	objects = {

/* Begin PBXBuildFile section */
		BD89B8D929120AF0007C804F /* AppDelegate.swift in Sources */ = {isa = PBXBuildFile; fileRef = BD89B8D829120AF0007C804F /* AppDelegate.swift */; };
		BD89B8DB29120AF0007C804F /* SceneDelegate.swift in Sources */ = {isa = PBXBuildFile; fileRef = BD89B8DA29120AF0007C804F /* SceneDelegate.swift */; };
		BD89B8E029120AF0007C804F /* Main.storyboard in Resources */ = {isa = PBXBuildFile; fileRef = BD89B8DE29120AF0007C804F /* Main.storyboard */; };
		BD89B8E229120AF1007C804F /* Assets.xcassets in Resources */ = {isa = PBXBuildFile; fileRef = BD89B8E129120AF1007C804F /* Assets.xcassets */; };
		BD89B8E529120AF1007C804F /* LaunchScreen.storyboard in Resources */ = {isa = PBXBuildFile; fileRef = BD89B8E329120AF1007C804F /* LaunchScreen.storyboard */; };
		BD89B8EE29120B0A007C804F /* Alamofire in Frameworks */ = {isa = PBXBuildFile; productRef = BD89B8ED29120B0A007C804F /* Alamofire */; };
		BD89B8F029120EF7007C804F /* APIService.swift in Sources */ = {isa = PBXBuildFile; fileRef = BD89B8EF29120EF7007C804F /* APIService.swift */; };
		BD89B8F329121C4A007C804F /* Endpoint.swift in Sources */ = {isa = PBXBuildFile; fileRef = BD89B8F229121C4A007C804F /* Endpoint.swift */; };
		BD89B8F8291258C3007C804F /* LoginViewController.swift in Sources */ = {isa = PBXBuildFile; fileRef = BD89B8F7291258C3007C804F /* LoginViewController.swift */; };
		BD89B8FA291258CD007C804F /* SignUpViewController.swift in Sources */ = {isa = PBXBuildFile; fileRef = BD89B8F9291258CD007C804F /* SignUpViewController.swift */; };
		BD89B8FC291258D7007C804F /* ProfileViewController.swift in Sources */ = {isa = PBXBuildFile; fileRef = BD89B8FB291258D7007C804F /* ProfileViewController.swift */; };
		BD89B8FF291258E2007C804F /* BaseViewController.swift in Sources */ = {isa = PBXBuildFile; fileRef = BD89B8FE291258E2007C804F /* BaseViewController.swift */; };
		BD89B90529125A4A007C804F /* SnapKit in Frameworks */ = {isa = PBXBuildFile; productRef = BD89B90429125A4A007C804F /* SnapKit */; };
		BD89B90829125A54007C804F /* Then in Frameworks */ = {isa = PBXBuildFile; productRef = BD89B90729125A54007C804F /* Then */; };
		BD89B90B29125A63007C804F /* RxCocoa in Frameworks */ = {isa = PBXBuildFile; productRef = BD89B90A29125A63007C804F /* RxCocoa */; };
		BD89B90D29125A63007C804F /* RxRelay in Frameworks */ = {isa = PBXBuildFile; productRef = BD89B90C29125A63007C804F /* RxRelay */; };
		BD89B90F29125A63007C804F /* RxSwift in Frameworks */ = {isa = PBXBuildFile; productRef = BD89B90E29125A63007C804F /* RxSwift */; };
		BD89B91129125E3C007C804F /* ViewModelType.swift in Sources */ = {isa = PBXBuildFile; fileRef = BD89B91029125E3C007C804F /* ViewModelType.swift */; };
		BD89B91329125E5C007C804F /* LoginViewModel.swift in Sources */ = {isa = PBXBuildFile; fileRef = BD89B91229125E5C007C804F /* LoginViewModel.swift */; };
		BD89B91529125EB7007C804F /* Bindable.swift in Sources */ = {isa = PBXBuildFile; fileRef = BD89B91429125EB7007C804F /* Bindable.swift */; };
		BDDC20112913520000825AA6 /* Network.swift in Sources */ = {isa = PBXBuildFile; fileRef = BDDC20102913520000825AA6 /* Network.swift */; };
		BDDC20132913533E00825AA6 /* ProfileViewModel.swift in Sources */ = {isa = PBXBuildFile; fileRef = BDDC20122913533D00825AA6 /* ProfileViewModel.swift */; };
		BDDC2017291362F100825AA6 /* SubscriptExample.swift in Sources */ = {isa = PBXBuildFile; fileRef = BDDC2016291362F100825AA6 /* SubscriptExample.swift */; };
		BDDC201B2913F25D00825AA6 /* HTTPMethod.swift in Sources */ = {isa = PBXBuildFile; fileRef = BDDC201A2913F25D00825AA6 /* HTTPMethod.swift */; };
		BDDC201D2913F47200825AA6 /* URLSessionManager.swift in Sources */ = {isa = PBXBuildFile; fileRef = BDDC201C2913F47200825AA6 /* URLSessionManager.swift */; };
		BDDC201F2913F4D000825AA6 /* DataEncoder.swift in Sources */ = {isa = PBXBuildFile; fileRef = BDDC201E2913F4D000825AA6 /* DataEncoder.swift */; };
		BDDC20212913F4F100825AA6 /* DataDecoder.swift in Sources */ = {isa = PBXBuildFile; fileRef = BDDC20202913F4F100825AA6 /* DataDecoder.swift */; };
		BDDC20232913F5E900825AA6 /* URLRequestBuilder.swift in Sources */ = {isa = PBXBuildFile; fileRef = BDDC20222913F5E900825AA6 /* URLRequestBuilder.swift */; };
		BDDC20252914000700825AA6 /* BaseSessionManager.swift in Sources */ = {isa = PBXBuildFile; fileRef = BDDC20242914000700825AA6 /* BaseSessionManager.swift */; };
		BDDC20272914028800825AA6 /* NetworkError.swift in Sources */ = {isa = PBXBuildFile; fileRef = BDDC20262914028800825AA6 /* NetworkError.swift */; };
/* End PBXBuildFile section */

/* Begin PBXFileReference section */
		BD89B8D529120AF0007C804F /* SeSACWeek18.app */ = {isa = PBXFileReference; explicitFileType = wrapper.application; includeInIndex = 0; path = SeSACWeek18.app; sourceTree = BUILT_PRODUCTS_DIR; };
		BD89B8D829120AF0007C804F /* AppDelegate.swift */ = {isa = PBXFileReference; lastKnownFileType = sourcecode.swift; path = AppDelegate.swift; sourceTree = "<group>"; };
		BD89B8DA29120AF0007C804F /* SceneDelegate.swift */ = {isa = PBXFileReference; lastKnownFileType = sourcecode.swift; path = SceneDelegate.swift; sourceTree = "<group>"; };
		BD89B8DF29120AF0007C804F /* Base */ = {isa = PBXFileReference; lastKnownFileType = file.storyboard; name = Base; path = Base.lproj/Main.storyboard; sourceTree = "<group>"; };
		BD89B8E129120AF1007C804F /* Assets.xcassets */ = {isa = PBXFileReference; lastKnownFileType = folder.assetcatalog; path = Assets.xcassets; sourceTree = "<group>"; };
		BD89B8E429120AF1007C804F /* Base */ = {isa = PBXFileReference; lastKnownFileType = file.storyboard; name = Base; path = Base.lproj/LaunchScreen.storyboard; sourceTree = "<group>"; };
		BD89B8E629120AF1007C804F /* Info.plist */ = {isa = PBXFileReference; lastKnownFileType = text.plist.xml; path = Info.plist; sourceTree = "<group>"; };
		BD89B8EF29120EF7007C804F /* APIService.swift */ = {isa = PBXFileReference; lastKnownFileType = sourcecode.swift; path = APIService.swift; sourceTree = "<group>"; };
		BD89B8F229121C4A007C804F /* Endpoint.swift */ = {isa = PBXFileReference; lastKnownFileType = sourcecode.swift; path = Endpoint.swift; sourceTree = "<group>"; };
		BD89B8F7291258C3007C804F /* LoginViewController.swift */ = {isa = PBXFileReference; lastKnownFileType = sourcecode.swift; path = LoginViewController.swift; sourceTree = "<group>"; };
		BD89B8F9291258CD007C804F /* SignUpViewController.swift */ = {isa = PBXFileReference; lastKnownFileType = sourcecode.swift; path = SignUpViewController.swift; sourceTree = "<group>"; };
		BD89B8FB291258D7007C804F /* ProfileViewController.swift */ = {isa = PBXFileReference; lastKnownFileType = sourcecode.swift; path = ProfileViewController.swift; sourceTree = "<group>"; };
		BD89B8FE291258E2007C804F /* BaseViewController.swift */ = {isa = PBXFileReference; lastKnownFileType = sourcecode.swift; path = BaseViewController.swift; sourceTree = "<group>"; };
		BD89B91029125E3C007C804F /* ViewModelType.swift */ = {isa = PBXFileReference; lastKnownFileType = sourcecode.swift; path = ViewModelType.swift; sourceTree = "<group>"; };
		BD89B91229125E5C007C804F /* LoginViewModel.swift */ = {isa = PBXFileReference; lastKnownFileType = sourcecode.swift; path = LoginViewModel.swift; sourceTree = "<group>"; };
		BD89B91429125EB7007C804F /* Bindable.swift */ = {isa = PBXFileReference; lastKnownFileType = sourcecode.swift; path = Bindable.swift; sourceTree = "<group>"; };
		BDDC20102913520000825AA6 /* Network.swift */ = {isa = PBXFileReference; lastKnownFileType = sourcecode.swift; path = Network.swift; sourceTree = "<group>"; };
		BDDC20122913533D00825AA6 /* ProfileViewModel.swift */ = {isa = PBXFileReference; lastKnownFileType = sourcecode.swift; path = ProfileViewModel.swift; sourceTree = "<group>"; };
		BDDC2016291362F100825AA6 /* SubscriptExample.swift */ = {isa = PBXFileReference; lastKnownFileType = sourcecode.swift; path = SubscriptExample.swift; sourceTree = "<group>"; };
		BDDC201A2913F25D00825AA6 /* HTTPMethod.swift */ = {isa = PBXFileReference; lastKnownFileType = sourcecode.swift; path = HTTPMethod.swift; sourceTree = "<group>"; };
		BDDC201C2913F47200825AA6 /* URLSessionManager.swift */ = {isa = PBXFileReference; lastKnownFileType = sourcecode.swift; path = URLSessionManager.swift; sourceTree = "<group>"; };
		BDDC201E2913F4D000825AA6 /* DataEncoder.swift */ = {isa = PBXFileReference; lastKnownFileType = sourcecode.swift; path = DataEncoder.swift; sourceTree = "<group>"; };
		BDDC20202913F4F100825AA6 /* DataDecoder.swift */ = {isa = PBXFileReference; lastKnownFileType = sourcecode.swift; path = DataDecoder.swift; sourceTree = "<group>"; };
		BDDC20222913F5E900825AA6 /* URLRequestBuilder.swift */ = {isa = PBXFileReference; lastKnownFileType = sourcecode.swift; path = URLRequestBuilder.swift; sourceTree = "<group>"; };
		BDDC20242914000700825AA6 /* BaseSessionManager.swift */ = {isa = PBXFileReference; lastKnownFileType = sourcecode.swift; path = BaseSessionManager.swift; sourceTree = "<group>"; };
		BDDC20262914028800825AA6 /* NetworkError.swift */ = {isa = PBXFileReference; lastKnownFileType = sourcecode.swift; path = NetworkError.swift; sourceTree = "<group>"; };
/* End PBXFileReference section */

/* Begin PBXFrameworksBuildPhase section */
		BD89B8D229120AF0007C804F /* Frameworks */ = {
			isa = PBXFrameworksBuildPhase;
			buildActionMask = 2147483647;
			files = (
				BD89B90F29125A63007C804F /* RxSwift in Frameworks */,
				BD89B90D29125A63007C804F /* RxRelay in Frameworks */,
				BD89B8EE29120B0A007C804F /* Alamofire in Frameworks */,
				BD89B90829125A54007C804F /* Then in Frameworks */,
				BD89B90B29125A63007C804F /* RxCocoa in Frameworks */,
				BD89B90529125A4A007C804F /* SnapKit in Frameworks */,
			);
			runOnlyForDeploymentPostprocessing = 0;
		};
/* End PBXFrameworksBuildPhase section */

/* Begin PBXGroup section */
		BD89B8CC29120AF0007C804F = {
			isa = PBXGroup;
			children = (
				BD89B8D729120AF0007C804F /* SeSACWeek18 */,
				BD89B8D629120AF0007C804F /* Products */,
			);
			sourceTree = "<group>";
		};
		BD89B8D629120AF0007C804F /* Products */ = {
			isa = PBXGroup;
			children = (
				BD89B8D529120AF0007C804F /* SeSACWeek18.app */,
			);
			name = Products;
			sourceTree = "<group>";
		};
		BD89B8D729120AF0007C804F /* SeSACWeek18 */ = {
			isa = PBXGroup;
			children = (
				BD89B8E629120AF1007C804F /* Info.plist */,
				BDDC2016291362F100825AA6 /* SubscriptExample.swift */,
				BD89B901291258F2007C804F /* App */,
				BD89B8FD291258DB007C804F /* Core */,
				BD89B8F129121C3E007C804F /* Network */,
				BD89B900291258E8007C804F /* Resources */,
				BD89B90229125903007C804F /* Scenes */,
				BDDC20182913F24700825AA6 /* URLSessionNetwork */,
			);
			path = SeSACWeek18;
			sourceTree = "<group>";
		};
		BD89B8F129121C3E007C804F /* Network */ = {
			isa = PBXGroup;
			children = (
				BD89B8EF29120EF7007C804F /* APIService.swift */,
				BD89B8F229121C4A007C804F /* Endpoint.swift */,
				BDDC20102913520000825AA6 /* Network.swift */,
			);
			path = Network;
			sourceTree = "<group>";
		};
		BD89B8F4291258A5007C804F /* Login */ = {
			isa = PBXGroup;
			children = (
				BD89B8F7291258C3007C804F /* LoginViewController.swift */,
				BD89B91229125E5C007C804F /* LoginViewModel.swift */,
			);
			path = Login;
			sourceTree = "<group>";
		};
		BD89B8F5291258AC007C804F /* SignUp */ = {
			isa = PBXGroup;
			children = (
				BD89B8F9291258CD007C804F /* SignUpViewController.swift */,
			);
			path = SignUp;
			sourceTree = "<group>";
		};
		BD89B8F6291258B6007C804F /* Profile */ = {
			isa = PBXGroup;
			children = (
				BD89B8FB291258D7007C804F /* ProfileViewController.swift */,
				BDDC20122913533D00825AA6 /* ProfileViewModel.swift */,
			);
			path = Profile;
			sourceTree = "<group>";
		};
		BD89B8FD291258DB007C804F /* Core */ = {
			isa = PBXGroup;
			children = (
				BD89B8FE291258E2007C804F /* BaseViewController.swift */,
				BD89B91029125E3C007C804F /* ViewModelType.swift */,
				BD89B91429125EB7007C804F /* Bindable.swift */,
			);
			path = Core;
			sourceTree = "<group>";
		};
		BD89B900291258E8007C804F /* Resources */ = {
			isa = PBXGroup;
			children = (
				BD89B8E129120AF1007C804F /* Assets.xcassets */,
				BD89B8E329120AF1007C804F /* LaunchScreen.storyboard */,
				BD89B8DE29120AF0007C804F /* Main.storyboard */,
			);
			path = Resources;
			sourceTree = "<group>";
		};
		BD89B901291258F2007C804F /* App */ = {
			isa = PBXGroup;
			children = (
				BD89B8D829120AF0007C804F /* AppDelegate.swift */,
				BD89B8DA29120AF0007C804F /* SceneDelegate.swift */,
			);
			path = App;
			sourceTree = "<group>";
		};
		BD89B90229125903007C804F /* Scenes */ = {
			isa = PBXGroup;
			children = (
				BD89B8F4291258A5007C804F /* Login */,
				BD89B8F6291258B6007C804F /* Profile */,
				BD89B8F5291258AC007C804F /* SignUp */,
			);
			path = Scenes;
			sourceTree = "<group>";
		};
		BDDC20182913F24700825AA6 /* URLSessionNetwork */ = {
			isa = PBXGroup;
			children = (
				BDDC20192913F25300825AA6 /* Foundation */,
			);
			path = URLSessionNetwork;
			sourceTree = "<group>";
		};
		BDDC20192913F25300825AA6 /* Foundation */ = {
			isa = PBXGroup;
			children = (
				BDDC20202913F4F100825AA6 /* DataDecoder.swift */,
				BDDC201E2913F4D000825AA6 /* DataEncoder.swift */,
				BDDC201A2913F25D00825AA6 /* HTTPMethod.swift */,
				BDDC20222913F5E900825AA6 /* URLRequestBuilder.swift */,
				BDDC201C2913F47200825AA6 /* URLSessionManager.swift */,
				BDDC20242914000700825AA6 /* BaseSessionManager.swift */,
				BDDC20262914028800825AA6 /* NetworkError.swift */,
			);
			path = Foundation;
			sourceTree = "<group>";
		};
/* End PBXGroup section */

/* Begin PBXNativeTarget section */
		BD89B8D429120AF0007C804F /* SeSACWeek18 */ = {
			isa = PBXNativeTarget;
			buildConfigurationList = BD89B8E929120AF1007C804F /* Build configuration list for PBXNativeTarget "SeSACWeek18" */;
			buildPhases = (
				BD89B8D129120AF0007C804F /* Sources */,
				BD89B8D229120AF0007C804F /* Frameworks */,
				BD89B8D329120AF0007C804F /* Resources */,
			);
			buildRules = (
			);
			dependencies = (
			);
			name = SeSACWeek18;
			packageProductDependencies = (
				BD89B8ED29120B0A007C804F /* Alamofire */,
				BD89B90429125A4A007C804F /* SnapKit */,
				BD89B90729125A54007C804F /* Then */,
				BD89B90A29125A63007C804F /* RxCocoa */,
				BD89B90C29125A63007C804F /* RxRelay */,
				BD89B90E29125A63007C804F /* RxSwift */,
			);
			productName = SeSACWeek18;
			productReference = BD89B8D529120AF0007C804F /* SeSACWeek18.app */;
			productType = "com.apple.product-type.application";
		};
/* End PBXNativeTarget section */

/* Begin PBXProject section */
		BD89B8CD29120AF0007C804F /* Project object */ = {
			isa = PBXProject;
			attributes = {
				BuildIndependentTargetsInParallel = 1;
				LastSwiftUpdateCheck = 1400;
				LastUpgradeCheck = 1400;
				TargetAttributes = {
					BD89B8D429120AF0007C804F = {
						CreatedOnToolsVersion = 14.0.1;
					};
				};
			};
			buildConfigurationList = BD89B8D029120AF0007C804F /* Build configuration list for PBXProject "SeSACWeek18" */;
			compatibilityVersion = "Xcode 14.0";
			developmentRegion = en;
			hasScannedForEncodings = 0;
			knownRegions = (
				en,
				Base,
			);
			mainGroup = BD89B8CC29120AF0007C804F;
			packageReferences = (
				BD89B8EC29120B0A007C804F /* XCRemoteSwiftPackageReference "Alamofire" */,
				BD89B90329125A4A007C804F /* XCRemoteSwiftPackageReference "SnapKit" */,
				BD89B90629125A54007C804F /* XCRemoteSwiftPackageReference "Then" */,
				BD89B90929125A63007C804F /* XCRemoteSwiftPackageReference "RxSwift" */,
			);
			productRefGroup = BD89B8D629120AF0007C804F /* Products */;
			projectDirPath = "";
			projectRoot = "";
			targets = (
				BD89B8D429120AF0007C804F /* SeSACWeek18 */,
			);
		};
/* End PBXProject section */

/* Begin PBXResourcesBuildPhase section */
		BD89B8D329120AF0007C804F /* Resources */ = {
			isa = PBXResourcesBuildPhase;
			buildActionMask = 2147483647;
			files = (
				BD89B8E529120AF1007C804F /* LaunchScreen.storyboard in Resources */,
				BD89B8E229120AF1007C804F /* Assets.xcassets in Resources */,
				BD89B8E029120AF0007C804F /* Main.storyboard in Resources */,
			);
			runOnlyForDeploymentPostprocessing = 0;
		};
/* End PBXResourcesBuildPhase section */

/* Begin PBXSourcesBuildPhase section */
		BD89B8D129120AF0007C804F /* Sources */ = {
			isa = PBXSourcesBuildPhase;
			buildActionMask = 2147483647;
			files = (
				BD89B8F8291258C3007C804F /* LoginViewController.swift in Sources */,
				BD89B8FA291258CD007C804F /* SignUpViewController.swift in Sources */,
				BDDC20112913520000825AA6 /* Network.swift in Sources */,
				BD89B8D929120AF0007C804F /* AppDelegate.swift in Sources */,
				BDDC201D2913F47200825AA6 /* URLSessionManager.swift in Sources */,
				BD89B8F029120EF7007C804F /* APIService.swift in Sources */,
				BD89B91529125EB7007C804F /* Bindable.swift in Sources */,
				BD89B8FF291258E2007C804F /* BaseViewController.swift in Sources */,
				BD89B8DB29120AF0007C804F /* SceneDelegate.swift in Sources */,
				BDDC20232913F5E900825AA6 /* URLRequestBuilder.swift in Sources */,
				BDDC201B2913F25D00825AA6 /* HTTPMethod.swift in Sources */,
				BDDC2017291362F100825AA6 /* SubscriptExample.swift in Sources */,
				BD89B8FC291258D7007C804F /* ProfileViewController.swift in Sources */,
				BDDC20252914000700825AA6 /* BaseSessionManager.swift in Sources */,
				BDDC20212913F4F100825AA6 /* DataDecoder.swift in Sources */,
				BDDC20272914028800825AA6 /* NetworkError.swift in Sources */,
				BD89B8F329121C4A007C804F /* Endpoint.swift in Sources */,
				BDDC20132913533E00825AA6 /* ProfileViewModel.swift in Sources */,
				BDDC201F2913F4D000825AA6 /* DataEncoder.swift in Sources */,
				BD89B91329125E5C007C804F /* LoginViewModel.swift in Sources */,
				BD89B91129125E3C007C804F /* ViewModelType.swift in Sources */,
			);
			runOnlyForDeploymentPostprocessing = 0;
		};
/* End PBXSourcesBuildPhase section */

/* Begin PBXVariantGroup section */
		BD89B8DE29120AF0007C804F /* Main.storyboard */ = {
			isa = PBXVariantGroup;
			children = (
				BD89B8DF29120AF0007C804F /* Base */,
			);
			name = Main.storyboard;
			sourceTree = "<group>";
		};
		BD89B8E329120AF1007C804F /* LaunchScreen.storyboard */ = {
			isa = PBXVariantGroup;
			children = (
				BD89B8E429120AF1007C804F /* Base */,
			);
			name = LaunchScreen.storyboard;
			sourceTree = "<group>";
		};
/* End PBXVariantGroup section */

/* Begin XCBuildConfiguration section */
		BD89B8E729120AF1007C804F /* Debug */ = {
			isa = XCBuildConfiguration;
			buildSettings = {
				ALWAYS_SEARCH_USER_PATHS = NO;
				CLANG_ANALYZER_NONNULL = YES;
				CLANG_ANALYZER_NUMBER_OBJECT_CONVERSION = YES_AGGRESSIVE;
				CLANG_CXX_LANGUAGE_STANDARD = "gnu++20";
				CLANG_ENABLE_MODULES = YES;
				CLANG_ENABLE_OBJC_ARC = YES;
				CLANG_ENABLE_OBJC_WEAK = YES;
				CLANG_WARN_BLOCK_CAPTURE_AUTORELEASING = YES;
				CLANG_WARN_BOOL_CONVERSION = YES;
				CLANG_WARN_COMMA = YES;
				CLANG_WARN_CONSTANT_CONVERSION = YES;
				CLANG_WARN_DEPRECATED_OBJC_IMPLEMENTATIONS = YES;
				CLANG_WARN_DIRECT_OBJC_ISA_USAGE = YES_ERROR;
				CLANG_WARN_DOCUMENTATION_COMMENTS = YES;
				CLANG_WARN_EMPTY_BODY = YES;
				CLANG_WARN_ENUM_CONVERSION = YES;
				CLANG_WARN_INFINITE_RECURSION = YES;
				CLANG_WARN_INT_CONVERSION = YES;
				CLANG_WARN_NON_LITERAL_NULL_CONVERSION = YES;
				CLANG_WARN_OBJC_IMPLICIT_RETAIN_SELF = YES;
				CLANG_WARN_OBJC_LITERAL_CONVERSION = YES;
				CLANG_WARN_OBJC_ROOT_CLASS = YES_ERROR;
				CLANG_WARN_QUOTED_INCLUDE_IN_FRAMEWORK_HEADER = YES;
				CLANG_WARN_RANGE_LOOP_ANALYSIS = YES;
				CLANG_WARN_STRICT_PROTOTYPES = YES;
				CLANG_WARN_SUSPICIOUS_MOVE = YES;
				CLANG_WARN_UNGUARDED_AVAILABILITY = YES_AGGRESSIVE;
				CLANG_WARN_UNREACHABLE_CODE = YES;
				CLANG_WARN__DUPLICATE_METHOD_MATCH = YES;
				COPY_PHASE_STRIP = NO;
				DEBUG_INFORMATION_FORMAT = dwarf;
				ENABLE_STRICT_OBJC_MSGSEND = YES;
				ENABLE_TESTABILITY = YES;
				GCC_C_LANGUAGE_STANDARD = gnu11;
				GCC_DYNAMIC_NO_PIC = NO;
				GCC_NO_COMMON_BLOCKS = YES;
				GCC_OPTIMIZATION_LEVEL = 0;
				GCC_PREPROCESSOR_DEFINITIONS = (
					"DEBUG=1",
					"$(inherited)",
				);
				GCC_WARN_64_TO_32_BIT_CONVERSION = YES;
				GCC_WARN_ABOUT_RETURN_TYPE = YES_ERROR;
				GCC_WARN_UNDECLARED_SELECTOR = YES;
				GCC_WARN_UNINITIALIZED_AUTOS = YES_AGGRESSIVE;
				GCC_WARN_UNUSED_FUNCTION = YES;
				GCC_WARN_UNUSED_VARIABLE = YES;
				IPHONEOS_DEPLOYMENT_TARGET = 16.0;
				MTL_ENABLE_DEBUG_INFO = INCLUDE_SOURCE;
				MTL_FAST_MATH = YES;
				ONLY_ACTIVE_ARCH = YES;
				SDKROOT = iphoneos;
				SWIFT_ACTIVE_COMPILATION_CONDITIONS = DEBUG;
				SWIFT_OPTIMIZATION_LEVEL = "-Onone";
			};
			name = Debug;
		};
		BD89B8E829120AF1007C804F /* Release */ = {
			isa = XCBuildConfiguration;
			buildSettings = {
				ALWAYS_SEARCH_USER_PATHS = NO;
				CLANG_ANALYZER_NONNULL = YES;
				CLANG_ANALYZER_NUMBER_OBJECT_CONVERSION = YES_AGGRESSIVE;
				CLANG_CXX_LANGUAGE_STANDARD = "gnu++20";
				CLANG_ENABLE_MODULES = YES;
				CLANG_ENABLE_OBJC_ARC = YES;
				CLANG_ENABLE_OBJC_WEAK = YES;
				CLANG_WARN_BLOCK_CAPTURE_AUTORELEASING = YES;
				CLANG_WARN_BOOL_CONVERSION = YES;
				CLANG_WARN_COMMA = YES;
				CLANG_WARN_CONSTANT_CONVERSION = YES;
				CLANG_WARN_DEPRECATED_OBJC_IMPLEMENTATIONS = YES;
				CLANG_WARN_DIRECT_OBJC_ISA_USAGE = YES_ERROR;
				CLANG_WARN_DOCUMENTATION_COMMENTS = YES;
				CLANG_WARN_EMPTY_BODY = YES;
				CLANG_WARN_ENUM_CONVERSION = YES;
				CLANG_WARN_INFINITE_RECURSION = YES;
				CLANG_WARN_INT_CONVERSION = YES;
				CLANG_WARN_NON_LITERAL_NULL_CONVERSION = YES;
				CLANG_WARN_OBJC_IMPLICIT_RETAIN_SELF = YES;
				CLANG_WARN_OBJC_LITERAL_CONVERSION = YES;
				CLANG_WARN_OBJC_ROOT_CLASS = YES_ERROR;
				CLANG_WARN_QUOTED_INCLUDE_IN_FRAMEWORK_HEADER = YES;
				CLANG_WARN_RANGE_LOOP_ANALYSIS = YES;
				CLANG_WARN_STRICT_PROTOTYPES = YES;
				CLANG_WARN_SUSPICIOUS_MOVE = YES;
				CLANG_WARN_UNGUARDED_AVAILABILITY = YES_AGGRESSIVE;
				CLANG_WARN_UNREACHABLE_CODE = YES;
				CLANG_WARN__DUPLICATE_METHOD_MATCH = YES;
				COPY_PHASE_STRIP = NO;
				DEBUG_INFORMATION_FORMAT = "dwarf-with-dsym";
				ENABLE_NS_ASSERTIONS = NO;
				ENABLE_STRICT_OBJC_MSGSEND = YES;
				GCC_C_LANGUAGE_STANDARD = gnu11;
				GCC_NO_COMMON_BLOCKS = YES;
				GCC_WARN_64_TO_32_BIT_CONVERSION = YES;
				GCC_WARN_ABOUT_RETURN_TYPE = YES_ERROR;
				GCC_WARN_UNDECLARED_SELECTOR = YES;
				GCC_WARN_UNINITIALIZED_AUTOS = YES_AGGRESSIVE;
				GCC_WARN_UNUSED_FUNCTION = YES;
				GCC_WARN_UNUSED_VARIABLE = YES;
				IPHONEOS_DEPLOYMENT_TARGET = 16.0;
				MTL_ENABLE_DEBUG_INFO = NO;
				MTL_FAST_MATH = YES;
				SDKROOT = iphoneos;
				SWIFT_COMPILATION_MODE = wholemodule;
				SWIFT_OPTIMIZATION_LEVEL = "-O";
				VALIDATE_PRODUCT = YES;
			};
			name = Release;
		};
		BD89B8EA29120AF1007C804F /* Debug */ = {
			isa = XCBuildConfiguration;
			buildSettings = {
				ASSETCATALOG_COMPILER_APPICON_NAME = AppIcon;
				ASSETCATALOG_COMPILER_GLOBAL_ACCENT_COLOR_NAME = AccentColor;
				CODE_SIGN_STYLE = Automatic;
				CURRENT_PROJECT_VERSION = 1;
				DEVELOPMENT_TEAM = W7P3R7ZL78;
				GENERATE_INFOPLIST_FILE = YES;
				INFOPLIST_FILE = SeSACWeek18/Info.plist;
				INFOPLIST_KEY_UIApplicationSupportsIndirectInputEvents = YES;
				INFOPLIST_KEY_UILaunchStoryboardName = LaunchScreen;
				INFOPLIST_KEY_UIMainStoryboardFile = Main;
				INFOPLIST_KEY_UISupportedInterfaceOrientations_iPad = "UIInterfaceOrientationPortrait UIInterfaceOrientationPortraitUpsideDown UIInterfaceOrientationLandscapeLeft UIInterfaceOrientationLandscapeRight";
				INFOPLIST_KEY_UISupportedInterfaceOrientations_iPhone = "UIInterfaceOrientationPortrait UIInterfaceOrientationLandscapeLeft UIInterfaceOrientationLandscapeRight";
				LD_RUNPATH_SEARCH_PATHS = (
					"$(inherited)",
					"@executable_path/Frameworks",
				);
				MARKETING_VERSION = 1.0;
				PRODUCT_BUNDLE_IDENTIFIER = com.taekki.SeSACWeek18;
				PRODUCT_NAME = "$(TARGET_NAME)";
				SWIFT_EMIT_LOC_STRINGS = YES;
				SWIFT_VERSION = 5.0;
				TARGETED_DEVICE_FAMILY = "1,2";
			};
			name = Debug;
		};
		BD89B8EB29120AF1007C804F /* Release */ = {
			isa = XCBuildConfiguration;
			buildSettings = {
				ASSETCATALOG_COMPILER_APPICON_NAME = AppIcon;
				ASSETCATALOG_COMPILER_GLOBAL_ACCENT_COLOR_NAME = AccentColor;
				CODE_SIGN_STYLE = Automatic;
				CURRENT_PROJECT_VERSION = 1;
				DEVELOPMENT_TEAM = W7P3R7ZL78;
				GENERATE_INFOPLIST_FILE = YES;
				INFOPLIST_FILE = SeSACWeek18/Info.plist;
				INFOPLIST_KEY_UIApplicationSupportsIndirectInputEvents = YES;
				INFOPLIST_KEY_UILaunchStoryboardName = LaunchScreen;
				INFOPLIST_KEY_UIMainStoryboardFile = Main;
				INFOPLIST_KEY_UISupportedInterfaceOrientations_iPad = "UIInterfaceOrientationPortrait UIInterfaceOrientationPortraitUpsideDown UIInterfaceOrientationLandscapeLeft UIInterfaceOrientationLandscapeRight";
				INFOPLIST_KEY_UISupportedInterfaceOrientations_iPhone = "UIInterfaceOrientationPortrait UIInterfaceOrientationLandscapeLeft UIInterfaceOrientationLandscapeRight";
				LD_RUNPATH_SEARCH_PATHS = (
					"$(inherited)",
					"@executable_path/Frameworks",
				);
				MARKETING_VERSION = 1.0;
				PRODUCT_BUNDLE_IDENTIFIER = com.taekki.SeSACWeek18;
				PRODUCT_NAME = "$(TARGET_NAME)";
				SWIFT_EMIT_LOC_STRINGS = YES;
				SWIFT_VERSION = 5.0;
				TARGETED_DEVICE_FAMILY = "1,2";
			};
			name = Release;
		};
/* End XCBuildConfiguration section */

/* Begin XCConfigurationList section */
		BD89B8D029120AF0007C804F /* Build configuration list for PBXProject "SeSACWeek18" */ = {
			isa = XCConfigurationList;
			buildConfigurations = (
				BD89B8E729120AF1007C804F /* Debug */,
				BD89B8E829120AF1007C804F /* Release */,
			);
			defaultConfigurationIsVisible = 0;
			defaultConfigurationName = Release;
		};
		BD89B8E929120AF1007C804F /* Build configuration list for PBXNativeTarget "SeSACWeek18" */ = {
			isa = XCConfigurationList;
			buildConfigurations = (
				BD89B8EA29120AF1007C804F /* Debug */,
				BD89B8EB29120AF1007C804F /* Release */,
			);
			defaultConfigurationIsVisible = 0;
			defaultConfigurationName = Release;
		};
/* End XCConfigurationList section */

/* Begin XCRemoteSwiftPackageReference section */
		BD89B8EC29120B0A007C804F /* XCRemoteSwiftPackageReference "Alamofire" */ = {
			isa = XCRemoteSwiftPackageReference;
			repositoryURL = "https://github.com/Alamofire/Alamofire";
			requirement = {
				kind = upToNextMajorVersion;
				minimumVersion = 5.0.0;
			};
		};
		BD89B90329125A4A007C804F /* XCRemoteSwiftPackageReference "SnapKit" */ = {
			isa = XCRemoteSwiftPackageReference;
			repositoryURL = "https://github.com/SnapKit/SnapKit.git";
			requirement = {
				kind = upToNextMajorVersion;
				minimumVersion = 5.0.0;
			};
		};
		BD89B90629125A54007C804F /* XCRemoteSwiftPackageReference "Then" */ = {
			isa = XCRemoteSwiftPackageReference;
			repositoryURL = "https://github.com/devxoul/Then.git";
			requirement = {
				kind = upToNextMajorVersion;
				minimumVersion = 3.0.0;
			};
		};
		BD89B90929125A63007C804F /* XCRemoteSwiftPackageReference "RxSwift" */ = {
			isa = XCRemoteSwiftPackageReference;
			repositoryURL = "https://github.com/ReactiveX/RxSwift.git";
			requirement = {
				kind = upToNextMajorVersion;
				minimumVersion = 6.0.0;
			};
		};
/* End XCRemoteSwiftPackageReference section */

/* Begin XCSwiftPackageProductDependency section */
		BD89B8ED29120B0A007C804F /* Alamofire */ = {
			isa = XCSwiftPackageProductDependency;
			package = BD89B8EC29120B0A007C804F /* XCRemoteSwiftPackageReference "Alamofire" */;
			productName = Alamofire;
		};
		BD89B90429125A4A007C804F /* SnapKit */ = {
			isa = XCSwiftPackageProductDependency;
			package = BD89B90329125A4A007C804F /* XCRemoteSwiftPackageReference "SnapKit" */;
			productName = SnapKit;
		};
		BD89B90729125A54007C804F /* Then */ = {
			isa = XCSwiftPackageProductDependency;
			package = BD89B90629125A54007C804F /* XCRemoteSwiftPackageReference "Then" */;
			productName = Then;
		};
		BD89B90A29125A63007C804F /* RxCocoa */ = {
			isa = XCSwiftPackageProductDependency;
			package = BD89B90929125A63007C804F /* XCRemoteSwiftPackageReference "RxSwift" */;
			productName = RxCocoa;
		};
		BD89B90C29125A63007C804F /* RxRelay */ = {
			isa = XCSwiftPackageProductDependency;
			package = BD89B90929125A63007C804F /* XCRemoteSwiftPackageReference "RxSwift" */;
			productName = RxRelay;
		};
		BD89B90E29125A63007C804F /* RxSwift */ = {
			isa = XCSwiftPackageProductDependency;
			package = BD89B90929125A63007C804F /* XCRemoteSwiftPackageReference "RxSwift" */;
			productName = RxSwift;
		};
/* End XCSwiftPackageProductDependency section */
	};
	rootObject = BD89B8CD29120AF0007C804F /* Project object */;
}
